{
  "version": 4,
  "terraform_version": "1.5.6",
  "serial": 122,
  "lineage": "3c070dc9-5002-e791-dfbc-52ee7f5571d7",
  "outputs": {},
  "resources": [
    {
      "mode": "managed",
      "type": "aws_api_gateway_authorizer",
      "name": "cog-authorizer",
      "provider": "provider[\"registry.terraform.io/hashicorp/aws\"]",
      "instances": [
        {
          "schema_version": 0,
          "attributes": {
            "arn": "arn:aws:apigateway:us-east-1::/restapis/uxy0my5t5z/authorizers/576d90",
            "authorizer_credentials": "",
            "authorizer_result_ttl_in_seconds": 300,
            "authorizer_uri": "",
            "id": "576d90",
            "identity_source": "method.request.header.X-Authorization",
            "identity_validation_expression": "",
            "name": "TF_HELLOWORLD_COGNITO_AUTHORIZER",
            "provider_arns": [
              "arn:aws:cognito-idp:us-east-1:000000000000:userpool/us-east-1_a9ec9274ec774839a8e4bffb3668baac"
            ],
            "rest_api_id": "uxy0my5t5z",
            "type": "COGNITO_USER_POOLS"
          },
          "sensitive_attributes": [],
          "private": "bnVsbA==",
          "dependencies": [
            "aws_api_gateway_rest_api.helloworld",
            "aws_cognito_user_pool.wallet-user-pool",
            "module.lambda-function-auth-create.aws_cloudwatch_log_group.lambda",
            "module.lambda-function-auth-create.aws_iam_policy.additional_inline",
            "module.lambda-function-auth-create.aws_iam_policy.additional_json",
            "module.lambda-function-auth-create.aws_iam_policy.additional_jsons",
            "module.lambda-function-auth-create.aws_iam_policy.async",
            "module.lambda-function-auth-create.aws_iam_policy.dead_letter",
            "module.lambda-function-auth-create.aws_iam_policy.logs",
            "module.lambda-function-auth-create.aws_iam_policy.tracing",
            "module.lambda-function-auth-create.aws_iam_policy.vpc",
            "module.lambda-function-auth-create.aws_iam_role.lambda",
            "module.lambda-function-auth-create.aws_iam_role_policy_attachment.additional_inline",
            "module.lambda-function-auth-create.aws_iam_role_policy_attachment.additional_json",
            "module.lambda-function-auth-create.aws_iam_role_policy_attachment.additional_jsons",
            "module.lambda-function-auth-create.aws_iam_role_policy_attachment.additional_many",
            "module.lambda-function-auth-create.aws_iam_role_policy_attachment.additional_one",
            "module.lambda-function-auth-create.aws_iam_role_policy_attachment.async",
            "module.lambda-function-auth-create.aws_iam_role_policy_attachment.dead_letter",
            "module.lambda-function-auth-create.aws_iam_role_policy_attachment.logs",
            "module.lambda-function-auth-create.aws_iam_role_policy_attachment.tracing",
            "module.lambda-function-auth-create.aws_iam_role_policy_attachment.vpc",
            "module.lambda-function-auth-create.aws_lambda_function.this",
            "module.lambda-function-auth-create.aws_s3_object.lambda_package",
            "module.lambda-function-auth-create.data.aws_arn.log_group_arn",
            "module.lambda-function-auth-create.data.aws_cloudwatch_log_group.lambda",
            "module.lambda-function-auth-create.data.aws_iam_policy.tracing",
            "module.lambda-function-auth-create.data.aws_iam_policy.vpc",
            "module.lambda-function-auth-create.data.aws_iam_policy_document.additional_inline",
            "module.lambda-function-auth-create.data.aws_iam_policy_document.assume_role",
            "module.lambda-function-auth-create.data.aws_iam_policy_document.async",
            "module.lambda-function-auth-create.data.aws_iam_policy_document.dead_letter",
            "module.lambda-function-auth-create.data.aws_iam_policy_document.logs",
            "module.lambda-function-auth-create.data.aws_partition.current",
            "module.lambda-function-auth-create.data.external.archive_prepare",
            "module.lambda-function-auth-create.local_file.archive_plan",
            "module.lambda-function-auth-create.null_resource.archive",
            "module.lambda-function-auth-define.aws_cloudwatch_log_group.lambda",
            "module.lambda-function-auth-define.aws_iam_policy.additional_inline",
            "module.lambda-function-auth-define.aws_iam_policy.additional_json",
            "module.lambda-function-auth-define.aws_iam_policy.additional_jsons",
            "module.lambda-function-auth-define.aws_iam_policy.async",
            "module.lambda-function-auth-define.aws_iam_policy.dead_letter",
            "module.lambda-function-auth-define.aws_iam_policy.logs",
            "module.lambda-function-auth-define.aws_iam_policy.tracing",
            "module.lambda-function-auth-define.aws_iam_policy.vpc",
            "module.lambda-function-auth-define.aws_iam_role.lambda",
            "module.lambda-function-auth-define.aws_iam_role_policy_attachment.additional_inline",
            "module.lambda-function-auth-define.aws_iam_role_policy_attachment.additional_json",
            "module.lambda-function-auth-define.aws_iam_role_policy_attachment.additional_jsons",
            "module.lambda-function-auth-define.aws_iam_role_policy_attachment.additional_many",
            "module.lambda-function-auth-define.aws_iam_role_policy_attachment.additional_one",
            "module.lambda-function-auth-define.aws_iam_role_policy_attachment.async",
            "module.lambda-function-auth-define.aws_iam_role_policy_attachment.dead_letter",
            "module.lambda-function-auth-define.aws_iam_role_policy_attachment.logs",
            "module.lambda-function-auth-define.aws_iam_role_policy_attachment.tracing",
            "module.lambda-function-auth-define.aws_iam_role_policy_attachment.vpc",
            "module.lambda-function-auth-define.aws_lambda_function.this",
            "module.lambda-function-auth-define.aws_s3_object.lambda_package",
            "module.lambda-function-auth-define.data.aws_arn.log_group_arn",
            "module.lambda-function-auth-define.data.aws_cloudwatch_log_group.lambda",
            "module.lambda-function-auth-define.data.aws_iam_policy.tracing",
            "module.lambda-function-auth-define.data.aws_iam_policy.vpc",
            "module.lambda-function-auth-define.data.aws_iam_policy_document.additional_inline",
            "module.lambda-function-auth-define.data.aws_iam_policy_document.assume_role",
            "module.lambda-function-auth-define.data.aws_iam_policy_document.async",
            "module.lambda-function-auth-define.data.aws_iam_policy_document.dead_letter",
            "module.lambda-function-auth-define.data.aws_iam_policy_document.logs",
            "module.lambda-function-auth-define.data.aws_partition.current",
            "module.lambda-function-auth-define.data.external.archive_prepare",
            "module.lambda-function-auth-define.local_file.archive_plan",
            "module.lambda-function-auth-define.null_resource.archive",
            "module.lambda-function-auth-post.aws_cloudwatch_log_group.lambda",
            "module.lambda-function-auth-post.aws_iam_policy.additional_inline",
            "module.lambda-function-auth-post.aws_iam_policy.additional_json",
            "module.lambda-function-auth-post.aws_iam_policy.additional_jsons",
            "module.lambda-function-auth-post.aws_iam_policy.async",
            "module.lambda-function-auth-post.aws_iam_policy.dead_letter",
            "module.lambda-function-auth-post.aws_iam_policy.logs",
            "module.lambda-function-auth-post.aws_iam_policy.tracing",
            "module.lambda-function-auth-post.aws_iam_policy.vpc",
            "module.lambda-function-auth-post.aws_iam_role.lambda",
            "module.lambda-function-auth-post.aws_iam_role_policy_attachment.additional_inline",
            "module.lambda-function-auth-post.aws_iam_role_policy_attachment.additional_json",
            "module.lambda-function-auth-post.aws_iam_role_policy_attachment.additional_jsons",
            "module.lambda-function-auth-post.aws_iam_role_policy_attachment.additional_many",
            "module.lambda-function-auth-post.aws_iam_role_policy_attachment.additional_one",
            "module.lambda-function-auth-post.aws_iam_role_policy_attachment.async",
            "module.lambda-function-auth-post.aws_iam_role_policy_attachment.dead_letter",
            "module.lambda-function-auth-post.aws_iam_role_policy_attachment.logs",
            "module.lambda-function-auth-post.aws_iam_role_policy_attachment.tracing",
            "module.lambda-function-auth-post.aws_iam_role_policy_attachment.vpc",
            "module.lambda-function-auth-post.aws_lambda_function.this",
            "module.lambda-function-auth-post.aws_s3_object.lambda_package",
            "module.lambda-function-auth-post.data.aws_arn.log_group_arn",
            "module.lambda-function-auth-post.data.aws_cloudwatch_log_group.lambda",
            "module.lambda-function-auth-post.data.aws_iam_policy.tracing",
            "module.lambda-function-auth-post.data.aws_iam_policy.vpc",
            "module.lambda-function-auth-post.data.aws_iam_policy_document.additional_inline",
            "module.lambda-function-auth-post.data.aws_iam_policy_document.assume_role",
            "module.lambda-function-auth-post.data.aws_iam_policy_document.async",
            "module.lambda-function-auth-post.data.aws_iam_policy_document.dead_letter",
            "module.lambda-function-auth-post.data.aws_iam_policy_document.logs",
            "module.lambda-function-auth-post.data.aws_partition.current",
            "module.lambda-function-auth-post.data.external.archive_prepare",
            "module.lambda-function-auth-post.local_file.archive_plan",
            "module.lambda-function-auth-post.null_resource.archive",
            "module.lambda-function-auth-presignup.aws_cloudwatch_log_group.lambda",
            "module.lambda-function-auth-presignup.aws_iam_policy.additional_inline",
            "module.lambda-function-auth-presignup.aws_iam_policy.additional_json",
            "module.lambda-function-auth-presignup.aws_iam_policy.additional_jsons",
            "module.lambda-function-auth-presignup.aws_iam_policy.async",
            "module.lambda-function-auth-presignup.aws_iam_policy.dead_letter",
            "module.lambda-function-auth-presignup.aws_iam_policy.logs",
            "module.lambda-function-auth-presignup.aws_iam_policy.tracing",
            "module.lambda-function-auth-presignup.aws_iam_policy.vpc",
            "module.lambda-function-auth-presignup.aws_iam_role.lambda",
            "module.lambda-function-auth-presignup.aws_iam_role_policy_attachment.additional_inline",
            "module.lambda-function-auth-presignup.aws_iam_role_policy_attachment.additional_json",
            "module.lambda-function-auth-presignup.aws_iam_role_policy_attachment.additional_jsons",
            "module.lambda-function-auth-presignup.aws_iam_role_policy_attachment.additional_many",
            "module.lambda-function-auth-presignup.aws_iam_role_policy_attachment.additional_one",
            "module.lambda-function-auth-presignup.aws_iam_role_policy_attachment.async",
            "module.lambda-function-auth-presignup.aws_iam_role_policy_attachment.dead_letter",
            "module.lambda-function-auth-presignup.aws_iam_role_policy_attachment.logs",
            "module.lambda-function-auth-presignup.aws_iam_role_policy_attachment.tracing",
            "module.lambda-function-auth-presignup.aws_iam_role_policy_attachment.vpc",
            "module.lambda-function-auth-presignup.aws_lambda_function.this",
            "module.lambda-function-auth-presignup.aws_s3_object.lambda_package",
            "module.lambda-function-auth-presignup.data.aws_arn.log_group_arn",
            "module.lambda-function-auth-presignup.data.aws_cloudwatch_log_group.lambda",
            "module.lambda-function-auth-presignup.data.aws_iam_policy.tracing",
            "module.lambda-function-auth-presignup.data.aws_iam_policy.vpc",
            "module.lambda-function-auth-presignup.data.aws_iam_policy_document.additional_inline",
            "module.lambda-function-auth-presignup.data.aws_iam_policy_document.assume_role",
            "module.lambda-function-auth-presignup.data.aws_iam_policy_document.async",
            "module.lambda-function-auth-presignup.data.aws_iam_policy_document.dead_letter",
            "module.lambda-function-auth-presignup.data.aws_iam_policy_document.logs",
            "module.lambda-function-auth-presignup.data.aws_partition.current",
            "module.lambda-function-auth-presignup.data.external.archive_prepare",
            "module.lambda-function-auth-presignup.local_file.archive_plan",
            "module.lambda-function-auth-presignup.null_resource.archive",
            "module.lambda-function-auth-verify.aws_cloudwatch_log_group.lambda",
            "module.lambda-function-auth-verify.aws_iam_policy.additional_inline",
            "module.lambda-function-auth-verify.aws_iam_policy.additional_json",
            "module.lambda-function-auth-verify.aws_iam_policy.additional_jsons",
            "module.lambda-function-auth-verify.aws_iam_policy.async",
            "module.lambda-function-auth-verify.aws_iam_policy.dead_letter",
            "module.lambda-function-auth-verify.aws_iam_policy.logs",
            "module.lambda-function-auth-verify.aws_iam_policy.tracing",
            "module.lambda-function-auth-verify.aws_iam_policy.vpc",
            "module.lambda-function-auth-verify.aws_iam_role.lambda",
            "module.lambda-function-auth-verify.aws_iam_role_policy_attachment.additional_inline",
            "module.lambda-function-auth-verify.aws_iam_role_policy_attachment.additional_json",
            "module.lambda-function-auth-verify.aws_iam_role_policy_attachment.additional_jsons",
            "module.lambda-function-auth-verify.aws_iam_role_policy_attachment.additional_many",
            "module.lambda-function-auth-verify.aws_iam_role_policy_attachment.additional_one",
            "module.lambda-function-auth-verify.aws_iam_role_policy_attachment.async",
            "module.lambda-function-auth-verify.aws_iam_role_policy_attachment.dead_letter",
            "module.lambda-function-auth-verify.aws_iam_role_policy_attachment.logs",
            "module.lambda-function-auth-verify.aws_iam_role_policy_attachment.tracing",
            "module.lambda-function-auth-verify.aws_iam_role_policy_attachment.vpc",
            "module.lambda-function-auth-verify.aws_lambda_function.this",
            "module.lambda-function-auth-verify.aws_s3_object.lambda_package",
            "module.lambda-function-auth-verify.data.aws_arn.log_group_arn",
            "module.lambda-function-auth-verify.data.aws_cloudwatch_log_group.lambda",
            "module.lambda-function-auth-verify.data.aws_iam_policy.tracing",
            "module.lambda-function-auth-verify.data.aws_iam_policy.vpc",
            "module.lambda-function-auth-verify.data.aws_iam_policy_document.additional_inline",
            "module.lambda-function-auth-verify.data.aws_iam_policy_document.assume_role",
            "module.lambda-function-auth-verify.data.aws_iam_policy_document.async",
            "module.lambda-function-auth-verify.data.aws_iam_policy_document.dead_letter",
            "module.lambda-function-auth-verify.data.aws_iam_policy_document.logs",
            "module.lambda-function-auth-verify.data.aws_partition.current",
            "module.lambda-function-auth-verify.data.external.archive_prepare",
            "module.lambda-function-auth-verify.local_file.archive_plan",
            "module.lambda-function-auth-verify.null_resource.archive"
          ],
          "create_before_destroy": true
        }
      ]
    },
    {
      "mode": "managed",
      "type": "aws_api_gateway_deployment",
      "name": "helloworld-deployment",
      "provider": "provider[\"registry.terraform.io/hashicorp/aws\"]",
      "instances": [
        {
          "schema_version": 0,
          "attributes": {
            "created_date": "2024-02-03T23:29:52Z",
            "description": "",
            "execution_arn": "arn:aws:execute-api:us-east-1:000000000000:uxy0my5t5z/",
            "id": "nxbpvckrbq",
            "invoke_url": "https://uxy0my5t5z.execute-api.us-east-1.amazonaws.com/",
            "rest_api_id": "uxy0my5t5z",
            "stage_description": null,
            "stage_name": null,
            "triggers": {
              "redeployment": "8344dd357dc211bd6af57f14709d011fc52c6687"
            },
            "variables": null
          },
          "sensitive_attributes": [],
          "private": "bnVsbA==",
          "dependencies": [
            "aws_api_gateway_authorizer.cog-authorizer",
            "aws_api_gateway_integration.helloworld-id-get-integration",
            "aws_api_gateway_method.helloworld-id-get",
            "aws_api_gateway_resource.helloworld-id",
            "aws_api_gateway_rest_api.helloworld",
            "aws_cognito_user_pool.wallet-user-pool",
            "aws_lambda_permission.apigw-lambda-get",
            "module.lambda-function-auth-create.aws_cloudwatch_log_group.lambda",
            "module.lambda-function-auth-create.aws_iam_policy.additional_inline",
            "module.lambda-function-auth-create.aws_iam_policy.additional_json",
            "module.lambda-function-auth-create.aws_iam_policy.additional_jsons",
            "module.lambda-function-auth-create.aws_iam_policy.async",
            "module.lambda-function-auth-create.aws_iam_policy.dead_letter",
            "module.lambda-function-auth-create.aws_iam_policy.logs",
            "module.lambda-function-auth-create.aws_iam_policy.tracing",
            "module.lambda-function-auth-create.aws_iam_policy.vpc",
            "module.lambda-function-auth-create.aws_iam_role.lambda",
            "module.lambda-function-auth-create.aws_iam_role_policy_attachment.additional_inline",
            "module.lambda-function-auth-create.aws_iam_role_policy_attachment.additional_json",
            "module.lambda-function-auth-create.aws_iam_role_policy_attachment.additional_jsons",
            "module.lambda-function-auth-create.aws_iam_role_policy_attachment.additional_many",
            "module.lambda-function-auth-create.aws_iam_role_policy_attachment.additional_one",
            "module.lambda-function-auth-create.aws_iam_role_policy_attachment.async",
            "module.lambda-function-auth-create.aws_iam_role_policy_attachment.dead_letter",
            "module.lambda-function-auth-create.aws_iam_role_policy_attachment.logs",
            "module.lambda-function-auth-create.aws_iam_role_policy_attachment.tracing",
            "module.lambda-function-auth-create.aws_iam_role_policy_attachment.vpc",
            "module.lambda-function-auth-create.aws_lambda_function.this",
            "module.lambda-function-auth-create.aws_s3_object.lambda_package",
            "module.lambda-function-auth-create.data.aws_arn.log_group_arn",
            "module.lambda-function-auth-create.data.aws_cloudwatch_log_group.lambda",
            "module.lambda-function-auth-create.data.aws_iam_policy.tracing",
            "module.lambda-function-auth-create.data.aws_iam_policy.vpc",
            "module.lambda-function-auth-create.data.aws_iam_policy_document.additional_inline",
            "module.lambda-function-auth-create.data.aws_iam_policy_document.assume_role",
            "module.lambda-function-auth-create.data.aws_iam_policy_document.async",
            "module.lambda-function-auth-create.data.aws_iam_policy_document.dead_letter",
            "module.lambda-function-auth-create.data.aws_iam_policy_document.logs",
            "module.lambda-function-auth-create.data.aws_partition.current",
            "module.lambda-function-auth-create.data.external.archive_prepare",
            "module.lambda-function-auth-create.local_file.archive_plan",
            "module.lambda-function-auth-create.null_resource.archive",
            "module.lambda-function-auth-define.aws_cloudwatch_log_group.lambda",
            "module.lambda-function-auth-define.aws_iam_policy.additional_inline",
            "module.lambda-function-auth-define.aws_iam_policy.additional_json",
            "module.lambda-function-auth-define.aws_iam_policy.additional_jsons",
            "module.lambda-function-auth-define.aws_iam_policy.async",
            "module.lambda-function-auth-define.aws_iam_policy.dead_letter",
            "module.lambda-function-auth-define.aws_iam_policy.logs",
            "module.lambda-function-auth-define.aws_iam_policy.tracing",
            "module.lambda-function-auth-define.aws_iam_policy.vpc",
            "module.lambda-function-auth-define.aws_iam_role.lambda",
            "module.lambda-function-auth-define.aws_iam_role_policy_attachment.additional_inline",
            "module.lambda-function-auth-define.aws_iam_role_policy_attachment.additional_json",
            "module.lambda-function-auth-define.aws_iam_role_policy_attachment.additional_jsons",
            "module.lambda-function-auth-define.aws_iam_role_policy_attachment.additional_many",
            "module.lambda-function-auth-define.aws_iam_role_policy_attachment.additional_one",
            "module.lambda-function-auth-define.aws_iam_role_policy_attachment.async",
            "module.lambda-function-auth-define.aws_iam_role_policy_attachment.dead_letter",
            "module.lambda-function-auth-define.aws_iam_role_policy_attachment.logs",
            "module.lambda-function-auth-define.aws_iam_role_policy_attachment.tracing",
            "module.lambda-function-auth-define.aws_iam_role_policy_attachment.vpc",
            "module.lambda-function-auth-define.aws_lambda_function.this",
            "module.lambda-function-auth-define.aws_s3_object.lambda_package",
            "module.lambda-function-auth-define.data.aws_arn.log_group_arn",
            "module.lambda-function-auth-define.data.aws_cloudwatch_log_group.lambda",
            "module.lambda-function-auth-define.data.aws_iam_policy.tracing",
            "module.lambda-function-auth-define.data.aws_iam_policy.vpc",
            "module.lambda-function-auth-define.data.aws_iam_policy_document.additional_inline",
            "module.lambda-function-auth-define.data.aws_iam_policy_document.assume_role",
            "module.lambda-function-auth-define.data.aws_iam_policy_document.async",
            "module.lambda-function-auth-define.data.aws_iam_policy_document.dead_letter",
            "module.lambda-function-auth-define.data.aws_iam_policy_document.logs",
            "module.lambda-function-auth-define.data.aws_partition.current",
            "module.lambda-function-auth-define.data.external.archive_prepare",
            "module.lambda-function-auth-define.local_file.archive_plan",
            "module.lambda-function-auth-define.null_resource.archive",
            "module.lambda-function-auth-post.aws_cloudwatch_log_group.lambda",
            "module.lambda-function-auth-post.aws_iam_policy.additional_inline",
            "module.lambda-function-auth-post.aws_iam_policy.additional_json",
            "module.lambda-function-auth-post.aws_iam_policy.additional_jsons",
            "module.lambda-function-auth-post.aws_iam_policy.async",
            "module.lambda-function-auth-post.aws_iam_policy.dead_letter",
            "module.lambda-function-auth-post.aws_iam_policy.logs",
            "module.lambda-function-auth-post.aws_iam_policy.tracing",
            "module.lambda-function-auth-post.aws_iam_policy.vpc",
            "module.lambda-function-auth-post.aws_iam_role.lambda",
            "module.lambda-function-auth-post.aws_iam_role_policy_attachment.additional_inline",
            "module.lambda-function-auth-post.aws_iam_role_policy_attachment.additional_json",
            "module.lambda-function-auth-post.aws_iam_role_policy_attachment.additional_jsons",
            "module.lambda-function-auth-post.aws_iam_role_policy_attachment.additional_many",
            "module.lambda-function-auth-post.aws_iam_role_policy_attachment.additional_one",
            "module.lambda-function-auth-post.aws_iam_role_policy_attachment.async",
            "module.lambda-function-auth-post.aws_iam_role_policy_attachment.dead_letter",
            "module.lambda-function-auth-post.aws_iam_role_policy_attachment.logs",
            "module.lambda-function-auth-post.aws_iam_role_policy_attachment.tracing",
            "module.lambda-function-auth-post.aws_iam_role_policy_attachment.vpc",
            "module.lambda-function-auth-post.aws_lambda_function.this",
            "module.lambda-function-auth-post.aws_s3_object.lambda_package",
            "module.lambda-function-auth-post.data.aws_arn.log_group_arn",
            "module.lambda-function-auth-post.data.aws_cloudwatch_log_group.lambda",
            "module.lambda-function-auth-post.data.aws_iam_policy.tracing",
            "module.lambda-function-auth-post.data.aws_iam_policy.vpc",
            "module.lambda-function-auth-post.data.aws_iam_policy_document.additional_inline",
            "module.lambda-function-auth-post.data.aws_iam_policy_document.assume_role",
            "module.lambda-function-auth-post.data.aws_iam_policy_document.async",
            "module.lambda-function-auth-post.data.aws_iam_policy_document.dead_letter",
            "module.lambda-function-auth-post.data.aws_iam_policy_document.logs",
            "module.lambda-function-auth-post.data.aws_partition.current",
            "module.lambda-function-auth-post.data.external.archive_prepare",
            "module.lambda-function-auth-post.local_file.archive_plan",
            "module.lambda-function-auth-post.null_resource.archive",
            "module.lambda-function-auth-presignup.aws_cloudwatch_log_group.lambda",
            "module.lambda-function-auth-presignup.aws_iam_policy.additional_inline",
            "module.lambda-function-auth-presignup.aws_iam_policy.additional_json",
            "module.lambda-function-auth-presignup.aws_iam_policy.additional_jsons",
            "module.lambda-function-auth-presignup.aws_iam_policy.async",
            "module.lambda-function-auth-presignup.aws_iam_policy.dead_letter",
            "module.lambda-function-auth-presignup.aws_iam_policy.logs",
            "module.lambda-function-auth-presignup.aws_iam_policy.tracing",
            "module.lambda-function-auth-presignup.aws_iam_policy.vpc",
            "module.lambda-function-auth-presignup.aws_iam_role.lambda",
            "module.lambda-function-auth-presignup.aws_iam_role_policy_attachment.additional_inline",
            "module.lambda-function-auth-presignup.aws_iam_role_policy_attachment.additional_json",
            "module.lambda-function-auth-presignup.aws_iam_role_policy_attachment.additional_jsons",
            "module.lambda-function-auth-presignup.aws_iam_role_policy_attachment.additional_many",
            "module.lambda-function-auth-presignup.aws_iam_role_policy_attachment.additional_one",
            "module.lambda-function-auth-presignup.aws_iam_role_policy_attachment.async",
            "module.lambda-function-auth-presignup.aws_iam_role_policy_attachment.dead_letter",
            "module.lambda-function-auth-presignup.aws_iam_role_policy_attachment.logs",
            "module.lambda-function-auth-presignup.aws_iam_role_policy_attachment.tracing",
            "module.lambda-function-auth-presignup.aws_iam_role_policy_attachment.vpc",
            "module.lambda-function-auth-presignup.aws_lambda_function.this",
            "module.lambda-function-auth-presignup.aws_s3_object.lambda_package",
            "module.lambda-function-auth-presignup.data.aws_arn.log_group_arn",
            "module.lambda-function-auth-presignup.data.aws_cloudwatch_log_group.lambda",
            "module.lambda-function-auth-presignup.data.aws_iam_policy.tracing",
            "module.lambda-function-auth-presignup.data.aws_iam_policy.vpc",
            "module.lambda-function-auth-presignup.data.aws_iam_policy_document.additional_inline",
            "module.lambda-function-auth-presignup.data.aws_iam_policy_document.assume_role",
            "module.lambda-function-auth-presignup.data.aws_iam_policy_document.async",
            "module.lambda-function-auth-presignup.data.aws_iam_policy_document.dead_letter",
            "module.lambda-function-auth-presignup.data.aws_iam_policy_document.logs",
            "module.lambda-function-auth-presignup.data.aws_partition.current",
            "module.lambda-function-auth-presignup.data.external.archive_prepare",
            "module.lambda-function-auth-presignup.local_file.archive_plan",
            "module.lambda-function-auth-presignup.null_resource.archive",
            "module.lambda-function-auth-verify.aws_cloudwatch_log_group.lambda",
            "module.lambda-function-auth-verify.aws_iam_policy.additional_inline",
            "module.lambda-function-auth-verify.aws_iam_policy.additional_json",
            "module.lambda-function-auth-verify.aws_iam_policy.additional_jsons",
            "module.lambda-function-auth-verify.aws_iam_policy.async",
            "module.lambda-function-auth-verify.aws_iam_policy.dead_letter",
            "module.lambda-function-auth-verify.aws_iam_policy.logs",
            "module.lambda-function-auth-verify.aws_iam_policy.tracing",
            "module.lambda-function-auth-verify.aws_iam_policy.vpc",
            "module.lambda-function-auth-verify.aws_iam_role.lambda",
            "module.lambda-function-auth-verify.aws_iam_role_policy_attachment.additional_inline",
            "module.lambda-function-auth-verify.aws_iam_role_policy_attachment.additional_json",
            "module.lambda-function-auth-verify.aws_iam_role_policy_attachment.additional_jsons",
            "module.lambda-function-auth-verify.aws_iam_role_policy_attachment.additional_many",
            "module.lambda-function-auth-verify.aws_iam_role_policy_attachment.additional_one",
            "module.lambda-function-auth-verify.aws_iam_role_policy_attachment.async",
            "module.lambda-function-auth-verify.aws_iam_role_policy_attachment.dead_letter",
            "module.lambda-function-auth-verify.aws_iam_role_policy_attachment.logs",
            "module.lambda-function-auth-verify.aws_iam_role_policy_attachment.tracing",
            "module.lambda-function-auth-verify.aws_iam_role_policy_attachment.vpc",
            "module.lambda-function-auth-verify.aws_lambda_function.this",
            "module.lambda-function-auth-verify.aws_s3_object.lambda_package",
            "module.lambda-function-auth-verify.data.aws_arn.log_group_arn",
            "module.lambda-function-auth-verify.data.aws_cloudwatch_log_group.lambda",
            "module.lambda-function-auth-verify.data.aws_iam_policy.tracing",
            "module.lambda-function-auth-verify.data.aws_iam_policy.vpc",
            "module.lambda-function-auth-verify.data.aws_iam_policy_document.additional_inline",
            "module.lambda-function-auth-verify.data.aws_iam_policy_document.assume_role",
            "module.lambda-function-auth-verify.data.aws_iam_policy_document.async",
            "module.lambda-function-auth-verify.data.aws_iam_policy_document.dead_letter",
            "module.lambda-function-auth-verify.data.aws_iam_policy_document.logs",
            "module.lambda-function-auth-verify.data.aws_partition.current",
            "module.lambda-function-auth-verify.data.external.archive_prepare",
            "module.lambda-function-auth-verify.local_file.archive_plan",
            "module.lambda-function-auth-verify.null_resource.archive",
            "module.lambda-function-helloworld.aws_cloudwatch_log_group.lambda",
            "module.lambda-function-helloworld.aws_iam_policy.additional_inline",
            "module.lambda-function-helloworld.aws_iam_policy.additional_json",
            "module.lambda-function-helloworld.aws_iam_policy.additional_jsons",
            "module.lambda-function-helloworld.aws_iam_policy.async",
            "module.lambda-function-helloworld.aws_iam_policy.dead_letter",
            "module.lambda-function-helloworld.aws_iam_policy.logs",
            "module.lambda-function-helloworld.aws_iam_policy.tracing",
            "module.lambda-function-helloworld.aws_iam_policy.vpc",
            "module.lambda-function-helloworld.aws_iam_role.lambda",
            "module.lambda-function-helloworld.aws_iam_role_policy_attachment.additional_inline",
            "module.lambda-function-helloworld.aws_iam_role_policy_attachment.additional_json",
            "module.lambda-function-helloworld.aws_iam_role_policy_attachment.additional_jsons",
            "module.lambda-function-helloworld.aws_iam_role_policy_attachment.additional_many",
            "module.lambda-function-helloworld.aws_iam_role_policy_attachment.additional_one",
            "module.lambda-function-helloworld.aws_iam_role_policy_attachment.async",
            "module.lambda-function-helloworld.aws_iam_role_policy_attachment.dead_letter",
            "module.lambda-function-helloworld.aws_iam_role_policy_attachment.logs",
            "module.lambda-function-helloworld.aws_iam_role_policy_attachment.tracing",
            "module.lambda-function-helloworld.aws_iam_role_policy_attachment.vpc",
            "module.lambda-function-helloworld.aws_lambda_function.this",
            "module.lambda-function-helloworld.aws_s3_object.lambda_package",
            "module.lambda-function-helloworld.data.aws_arn.log_group_arn",
            "module.lambda-function-helloworld.data.aws_cloudwatch_log_group.lambda",
            "module.lambda-function-helloworld.data.aws_iam_policy.tracing",
            "module.lambda-function-helloworld.data.aws_iam_policy.vpc",
            "module.lambda-function-helloworld.data.aws_iam_policy_document.additional_inline",
            "module.lambda-function-helloworld.data.aws_iam_policy_document.assume_role",
            "module.lambda-function-helloworld.data.aws_iam_policy_document.async",
            "module.lambda-function-helloworld.data.aws_iam_policy_document.dead_letter",
            "module.lambda-function-helloworld.data.aws_iam_policy_document.logs",
            "module.lambda-function-helloworld.data.aws_partition.current",
            "module.lambda-function-helloworld.data.external.archive_prepare",
            "module.lambda-function-helloworld.local_file.archive_plan",
            "module.lambda-function-helloworld.null_resource.archive"
          ],
          "create_before_destroy": true
        }
      ]
    },
    {
      "mode": "managed",
      "type": "aws_api_gateway_integration",
      "name": "helloworld-id-get-integration",
      "provider": "provider[\"registry.terraform.io/hashicorp/aws\"]",
      "instances": [
        {
          "schema_version": 0,
          "attributes": {
            "cache_key_parameters": [],
            "cache_namespace": "o1i8ocx8vc",
            "connection_id": "",
            "connection_type": "INTERNET",
            "content_handling": "",
            "credentials": "",
            "http_method": "GET",
            "id": "agi-uxy0my5t5z-o1i8ocx8vc-GET",
            "integration_http_method": "POST",
            "passthrough_behavior": "WHEN_NO_MATCH",
            "request_parameters": {},
            "request_templates": {},
            "resource_id": "o1i8ocx8vc",
            "rest_api_id": "uxy0my5t5z",
            "timeout_milliseconds": 29000,
            "tls_config": [],
            "type": "AWS_PROXY",
            "uri": "arn:aws:apigateway:us-east-1:lambda:path/2015-03-31/functions/arn:aws:lambda:us-east-1:000000000000:function:lambda-function-helloworld-default/invocations"
          },
          "sensitive_attributes": [],
          "private": "bnVsbA==",
          "dependencies": [
            "aws_api_gateway_authorizer.cog-authorizer",
            "aws_api_gateway_method.helloworld-id-get",
            "aws_api_gateway_resource.helloworld-id",
            "aws_api_gateway_rest_api.helloworld",
            "aws_cognito_user_pool.wallet-user-pool",
            "module.lambda-function-auth-create.aws_cloudwatch_log_group.lambda",
            "module.lambda-function-auth-create.aws_iam_policy.additional_inline",
            "module.lambda-function-auth-create.aws_iam_policy.additional_json",
            "module.lambda-function-auth-create.aws_iam_policy.additional_jsons",
            "module.lambda-function-auth-create.aws_iam_policy.async",
            "module.lambda-function-auth-create.aws_iam_policy.dead_letter",
            "module.lambda-function-auth-create.aws_iam_policy.logs",
            "module.lambda-function-auth-create.aws_iam_policy.tracing",
            "module.lambda-function-auth-create.aws_iam_policy.vpc",
            "module.lambda-function-auth-create.aws_iam_role.lambda",
            "module.lambda-function-auth-create.aws_iam_role_policy_attachment.additional_inline",
            "module.lambda-function-auth-create.aws_iam_role_policy_attachment.additional_json",
            "module.lambda-function-auth-create.aws_iam_role_policy_attachment.additional_jsons",
            "module.lambda-function-auth-create.aws_iam_role_policy_attachment.additional_many",
            "module.lambda-function-auth-create.aws_iam_role_policy_attachment.additional_one",
            "module.lambda-function-auth-create.aws_iam_role_policy_attachment.async",
            "module.lambda-function-auth-create.aws_iam_role_policy_attachment.dead_letter",
            "module.lambda-function-auth-create.aws_iam_role_policy_attachment.logs",
            "module.lambda-function-auth-create.aws_iam_role_policy_attachment.tracing",
            "module.lambda-function-auth-create.aws_iam_role_policy_attachment.vpc",
            "module.lambda-function-auth-create.aws_lambda_function.this",
            "module.lambda-function-auth-create.aws_s3_object.lambda_package",
            "module.lambda-function-auth-create.data.aws_arn.log_group_arn",
            "module.lambda-function-auth-create.data.aws_cloudwatch_log_group.lambda",
            "module.lambda-function-auth-create.data.aws_iam_policy.tracing",
            "module.lambda-function-auth-create.data.aws_iam_policy.vpc",
            "module.lambda-function-auth-create.data.aws_iam_policy_document.additional_inline",
            "module.lambda-function-auth-create.data.aws_iam_policy_document.assume_role",
            "module.lambda-function-auth-create.data.aws_iam_policy_document.async",
            "module.lambda-function-auth-create.data.aws_iam_policy_document.dead_letter",
            "module.lambda-function-auth-create.data.aws_iam_policy_document.logs",
            "module.lambda-function-auth-create.data.aws_partition.current",
            "module.lambda-function-auth-create.data.external.archive_prepare",
            "module.lambda-function-auth-create.local_file.archive_plan",
            "module.lambda-function-auth-create.null_resource.archive",
            "module.lambda-function-auth-define.aws_cloudwatch_log_group.lambda",
            "module.lambda-function-auth-define.aws_iam_policy.additional_inline",
            "module.lambda-function-auth-define.aws_iam_policy.additional_json",
            "module.lambda-function-auth-define.aws_iam_policy.additional_jsons",
            "module.lambda-function-auth-define.aws_iam_policy.async",
            "module.lambda-function-auth-define.aws_iam_policy.dead_letter",
            "module.lambda-function-auth-define.aws_iam_policy.logs",
            "module.lambda-function-auth-define.aws_iam_policy.tracing",
            "module.lambda-function-auth-define.aws_iam_policy.vpc",
            "module.lambda-function-auth-define.aws_iam_role.lambda",
            "module.lambda-function-auth-define.aws_iam_role_policy_attachment.additional_inline",
            "module.lambda-function-auth-define.aws_iam_role_policy_attachment.additional_json",
            "module.lambda-function-auth-define.aws_iam_role_policy_attachment.additional_jsons",
            "module.lambda-function-auth-define.aws_iam_role_policy_attachment.additional_many",
            "module.lambda-function-auth-define.aws_iam_role_policy_attachment.additional_one",
            "module.lambda-function-auth-define.aws_iam_role_policy_attachment.async",
            "module.lambda-function-auth-define.aws_iam_role_policy_attachment.dead_letter",
            "module.lambda-function-auth-define.aws_iam_role_policy_attachment.logs",
            "module.lambda-function-auth-define.aws_iam_role_policy_attachment.tracing",
            "module.lambda-function-auth-define.aws_iam_role_policy_attachment.vpc",
            "module.lambda-function-auth-define.aws_lambda_function.this",
            "module.lambda-function-auth-define.aws_s3_object.lambda_package",
            "module.lambda-function-auth-define.data.aws_arn.log_group_arn",
            "module.lambda-function-auth-define.data.aws_cloudwatch_log_group.lambda",
            "module.lambda-function-auth-define.data.aws_iam_policy.tracing",
            "module.lambda-function-auth-define.data.aws_iam_policy.vpc",
            "module.lambda-function-auth-define.data.aws_iam_policy_document.additional_inline",
            "module.lambda-function-auth-define.data.aws_iam_policy_document.assume_role",
            "module.lambda-function-auth-define.data.aws_iam_policy_document.async",
            "module.lambda-function-auth-define.data.aws_iam_policy_document.dead_letter",
            "module.lambda-function-auth-define.data.aws_iam_policy_document.logs",
            "module.lambda-function-auth-define.data.aws_partition.current",
            "module.lambda-function-auth-define.data.external.archive_prepare",
            "module.lambda-function-auth-define.local_file.archive_plan",
            "module.lambda-function-auth-define.null_resource.archive",
            "module.lambda-function-auth-post.aws_cloudwatch_log_group.lambda",
            "module.lambda-function-auth-post.aws_iam_policy.additional_inline",
            "module.lambda-function-auth-post.aws_iam_policy.additional_json",
            "module.lambda-function-auth-post.aws_iam_policy.additional_jsons",
            "module.lambda-function-auth-post.aws_iam_policy.async",
            "module.lambda-function-auth-post.aws_iam_policy.dead_letter",
            "module.lambda-function-auth-post.aws_iam_policy.logs",
            "module.lambda-function-auth-post.aws_iam_policy.tracing",
            "module.lambda-function-auth-post.aws_iam_policy.vpc",
            "module.lambda-function-auth-post.aws_iam_role.lambda",
            "module.lambda-function-auth-post.aws_iam_role_policy_attachment.additional_inline",
            "module.lambda-function-auth-post.aws_iam_role_policy_attachment.additional_json",
            "module.lambda-function-auth-post.aws_iam_role_policy_attachment.additional_jsons",
            "module.lambda-function-auth-post.aws_iam_role_policy_attachment.additional_many",
            "module.lambda-function-auth-post.aws_iam_role_policy_attachment.additional_one",
            "module.lambda-function-auth-post.aws_iam_role_policy_attachment.async",
            "module.lambda-function-auth-post.aws_iam_role_policy_attachment.dead_letter",
            "module.lambda-function-auth-post.aws_iam_role_policy_attachment.logs",
            "module.lambda-function-auth-post.aws_iam_role_policy_attachment.tracing",
            "module.lambda-function-auth-post.aws_iam_role_policy_attachment.vpc",
            "module.lambda-function-auth-post.aws_lambda_function.this",
            "module.lambda-function-auth-post.aws_s3_object.lambda_package",
            "module.lambda-function-auth-post.data.aws_arn.log_group_arn",
            "module.lambda-function-auth-post.data.aws_cloudwatch_log_group.lambda",
            "module.lambda-function-auth-post.data.aws_iam_policy.tracing",
            "module.lambda-function-auth-post.data.aws_iam_policy.vpc",
            "module.lambda-function-auth-post.data.aws_iam_policy_document.additional_inline",
            "module.lambda-function-auth-post.data.aws_iam_policy_document.assume_role",
            "module.lambda-function-auth-post.data.aws_iam_policy_document.async",
            "module.lambda-function-auth-post.data.aws_iam_policy_document.dead_letter",
            "module.lambda-function-auth-post.data.aws_iam_policy_document.logs",
            "module.lambda-function-auth-post.data.aws_partition.current",
            "module.lambda-function-auth-post.data.external.archive_prepare",
            "module.lambda-function-auth-post.local_file.archive_plan",
            "module.lambda-function-auth-post.null_resource.archive",
            "module.lambda-function-auth-presignup.aws_cloudwatch_log_group.lambda",
            "module.lambda-function-auth-presignup.aws_iam_policy.additional_inline",
            "module.lambda-function-auth-presignup.aws_iam_policy.additional_json",
            "module.lambda-function-auth-presignup.aws_iam_policy.additional_jsons",
            "module.lambda-function-auth-presignup.aws_iam_policy.async",
            "module.lambda-function-auth-presignup.aws_iam_policy.dead_letter",
            "module.lambda-function-auth-presignup.aws_iam_policy.logs",
            "module.lambda-function-auth-presignup.aws_iam_policy.tracing",
            "module.lambda-function-auth-presignup.aws_iam_policy.vpc",
            "module.lambda-function-auth-presignup.aws_iam_role.lambda",
            "module.lambda-function-auth-presignup.aws_iam_role_policy_attachment.additional_inline",
            "module.lambda-function-auth-presignup.aws_iam_role_policy_attachment.additional_json",
            "module.lambda-function-auth-presignup.aws_iam_role_policy_attachment.additional_jsons",
            "module.lambda-function-auth-presignup.aws_iam_role_policy_attachment.additional_many",
            "module.lambda-function-auth-presignup.aws_iam_role_policy_attachment.additional_one",
            "module.lambda-function-auth-presignup.aws_iam_role_policy_attachment.async",
            "module.lambda-function-auth-presignup.aws_iam_role_policy_attachment.dead_letter",
            "module.lambda-function-auth-presignup.aws_iam_role_policy_attachment.logs",
            "module.lambda-function-auth-presignup.aws_iam_role_policy_attachment.tracing",
            "module.lambda-function-auth-presignup.aws_iam_role_policy_attachment.vpc",
            "module.lambda-function-auth-presignup.aws_lambda_function.this",
            "module.lambda-function-auth-presignup.aws_s3_object.lambda_package",
            "module.lambda-function-auth-presignup.data.aws_arn.log_group_arn",
            "module.lambda-function-auth-presignup.data.aws_cloudwatch_log_group.lambda",
            "module.lambda-function-auth-presignup.data.aws_iam_policy.tracing",
            "module.lambda-function-auth-presignup.data.aws_iam_policy.vpc",
            "module.lambda-function-auth-presignup.data.aws_iam_policy_document.additional_inline",
            "module.lambda-function-auth-presignup.data.aws_iam_policy_document.assume_role",
            "module.lambda-function-auth-presignup.data.aws_iam_policy_document.async",
            "module.lambda-function-auth-presignup.data.aws_iam_policy_document.dead_letter",
            "module.lambda-function-auth-presignup.data.aws_iam_policy_document.logs",
            "module.lambda-function-auth-presignup.data.aws_partition.current",
            "module.lambda-function-auth-presignup.data.external.archive_prepare",
            "module.lambda-function-auth-presignup.local_file.archive_plan",
            "module.lambda-function-auth-presignup.null_resource.archive",
            "module.lambda-function-auth-verify.aws_cloudwatch_log_group.lambda",
            "module.lambda-function-auth-verify.aws_iam_policy.additional_inline",
            "module.lambda-function-auth-verify.aws_iam_policy.additional_json",
            "module.lambda-function-auth-verify.aws_iam_policy.additional_jsons",
            "module.lambda-function-auth-verify.aws_iam_policy.async",
            "module.lambda-function-auth-verify.aws_iam_policy.dead_letter",
            "module.lambda-function-auth-verify.aws_iam_policy.logs",
            "module.lambda-function-auth-verify.aws_iam_policy.tracing",
            "module.lambda-function-auth-verify.aws_iam_policy.vpc",
            "module.lambda-function-auth-verify.aws_iam_role.lambda",
            "module.lambda-function-auth-verify.aws_iam_role_policy_attachment.additional_inline",
            "module.lambda-function-auth-verify.aws_iam_role_policy_attachment.additional_json",
            "module.lambda-function-auth-verify.aws_iam_role_policy_attachment.additional_jsons",
            "module.lambda-function-auth-verify.aws_iam_role_policy_attachment.additional_many",
            "module.lambda-function-auth-verify.aws_iam_role_policy_attachment.additional_one",
            "module.lambda-function-auth-verify.aws_iam_role_policy_attachment.async",
            "module.lambda-function-auth-verify.aws_iam_role_policy_attachment.dead_letter",
            "module.lambda-function-auth-verify.aws_iam_role_policy_attachment.logs",
            "module.lambda-function-auth-verify.aws_iam_role_policy_attachment.tracing",
            "module.lambda-function-auth-verify.aws_iam_role_policy_attachment.vpc",
            "module.lambda-function-auth-verify.aws_lambda_function.this",
            "module.lambda-function-auth-verify.aws_s3_object.lambda_package",
            "module.lambda-function-auth-verify.data.aws_arn.log_group_arn",
            "module.lambda-function-auth-verify.data.aws_cloudwatch_log_group.lambda",
            "module.lambda-function-auth-verify.data.aws_iam_policy.tracing",
            "module.lambda-function-auth-verify.data.aws_iam_policy.vpc",
            "module.lambda-function-auth-verify.data.aws_iam_policy_document.additional_inline",
            "module.lambda-function-auth-verify.data.aws_iam_policy_document.assume_role",
            "module.lambda-function-auth-verify.data.aws_iam_policy_document.async",
            "module.lambda-function-auth-verify.data.aws_iam_policy_document.dead_letter",
            "module.lambda-function-auth-verify.data.aws_iam_policy_document.logs",
            "module.lambda-function-auth-verify.data.aws_partition.current",
            "module.lambda-function-auth-verify.data.external.archive_prepare",
            "module.lambda-function-auth-verify.local_file.archive_plan",
            "module.lambda-function-auth-verify.null_resource.archive",
            "module.lambda-function-helloworld.aws_cloudwatch_log_group.lambda",
            "module.lambda-function-helloworld.aws_iam_policy.additional_inline",
            "module.lambda-function-helloworld.aws_iam_policy.additional_json",
            "module.lambda-function-helloworld.aws_iam_policy.additional_jsons",
            "module.lambda-function-helloworld.aws_iam_policy.async",
            "module.lambda-function-helloworld.aws_iam_policy.dead_letter",
            "module.lambda-function-helloworld.aws_iam_policy.logs",
            "module.lambda-function-helloworld.aws_iam_policy.tracing",
            "module.lambda-function-helloworld.aws_iam_policy.vpc",
            "module.lambda-function-helloworld.aws_iam_role.lambda",
            "module.lambda-function-helloworld.aws_iam_role_policy_attachment.additional_inline",
            "module.lambda-function-helloworld.aws_iam_role_policy_attachment.additional_json",
            "module.lambda-function-helloworld.aws_iam_role_policy_attachment.additional_jsons",
            "module.lambda-function-helloworld.aws_iam_role_policy_attachment.additional_many",
            "module.lambda-function-helloworld.aws_iam_role_policy_attachment.additional_one",
            "module.lambda-function-helloworld.aws_iam_role_policy_attachment.async",
            "module.lambda-function-helloworld.aws_iam_role_policy_attachment.dead_letter",
            "module.lambda-function-helloworld.aws_iam_role_policy_attachment.logs",
            "module.lambda-function-helloworld.aws_iam_role_policy_attachment.tracing",
            "module.lambda-function-helloworld.aws_iam_role_policy_attachment.vpc",
            "module.lambda-function-helloworld.aws_lambda_function.this",
            "module.lambda-function-helloworld.aws_s3_object.lambda_package",
            "module.lambda-function-helloworld.data.aws_arn.log_group_arn",
            "module.lambda-function-helloworld.data.aws_cloudwatch_log_group.lambda",
            "module.lambda-function-helloworld.data.aws_iam_policy.tracing",
            "module.lambda-function-helloworld.data.aws_iam_policy.vpc",
            "module.lambda-function-helloworld.data.aws_iam_policy_document.additional_inline",
            "module.lambda-function-helloworld.data.aws_iam_policy_document.assume_role",
            "module.lambda-function-helloworld.data.aws_iam_policy_document.async",
            "module.lambda-function-helloworld.data.aws_iam_policy_document.dead_letter",
            "module.lambda-function-helloworld.data.aws_iam_policy_document.logs",
            "module.lambda-function-helloworld.data.aws_partition.current",
            "module.lambda-function-helloworld.data.external.archive_prepare",
            "module.lambda-function-helloworld.local_file.archive_plan",
            "module.lambda-function-helloworld.null_resource.archive"
          ],
          "create_before_destroy": true
        }
      ]
    },
    {
      "mode": "managed",
      "type": "aws_api_gateway_method",
      "name": "helloworld-id-get",
      "provider": "provider[\"registry.terraform.io/hashicorp/aws\"]",
      "instances": [
        {
          "schema_version": 0,
          "attributes": {
            "api_key_required": false,
            "authorization": "COGNITO_USER_POOLS",
            "authorization_scopes": [],
            "authorizer_id": "576d90",
            "http_method": "GET",
            "id": "agm-uxy0my5t5z-o1i8ocx8vc-GET",
            "operation_name": "",
            "request_models": {},
            "request_parameters": {},
            "request_validator_id": "",
            "resource_id": "o1i8ocx8vc",
            "rest_api_id": "uxy0my5t5z"
          },
          "sensitive_attributes": [],
          "private": "bnVsbA==",
          "dependencies": [
            "aws_api_gateway_authorizer.cog-authorizer",
            "aws_api_gateway_resource.helloworld-id",
            "aws_api_gateway_rest_api.helloworld",
            "aws_cognito_user_pool.wallet-user-pool",
            "module.lambda-function-auth-create.aws_cloudwatch_log_group.lambda",
            "module.lambda-function-auth-create.aws_iam_policy.additional_inline",
            "module.lambda-function-auth-create.aws_iam_policy.additional_json",
            "module.lambda-function-auth-create.aws_iam_policy.additional_jsons",
            "module.lambda-function-auth-create.aws_iam_policy.async",
            "module.lambda-function-auth-create.aws_iam_policy.dead_letter",
            "module.lambda-function-auth-create.aws_iam_policy.logs",
            "module.lambda-function-auth-create.aws_iam_policy.tracing",
            "module.lambda-function-auth-create.aws_iam_policy.vpc",
            "module.lambda-function-auth-create.aws_iam_role.lambda",
            "module.lambda-function-auth-create.aws_iam_role_policy_attachment.additional_inline",
            "module.lambda-function-auth-create.aws_iam_role_policy_attachment.additional_json",
            "module.lambda-function-auth-create.aws_iam_role_policy_attachment.additional_jsons",
            "module.lambda-function-auth-create.aws_iam_role_policy_attachment.additional_many",
            "module.lambda-function-auth-create.aws_iam_role_policy_attachment.additional_one",
            "module.lambda-function-auth-create.aws_iam_role_policy_attachment.async",
            "module.lambda-function-auth-create.aws_iam_role_policy_attachment.dead_letter",
            "module.lambda-function-auth-create.aws_iam_role_policy_attachment.logs",
            "module.lambda-function-auth-create.aws_iam_role_policy_attachment.tracing",
            "module.lambda-function-auth-create.aws_iam_role_policy_attachment.vpc",
            "module.lambda-function-auth-create.aws_lambda_function.this",
            "module.lambda-function-auth-create.aws_s3_object.lambda_package",
            "module.lambda-function-auth-create.data.aws_arn.log_group_arn",
            "module.lambda-function-auth-create.data.aws_cloudwatch_log_group.lambda",
            "module.lambda-function-auth-create.data.aws_iam_policy.tracing",
            "module.lambda-function-auth-create.data.aws_iam_policy.vpc",
            "module.lambda-function-auth-create.data.aws_iam_policy_document.additional_inline",
            "module.lambda-function-auth-create.data.aws_iam_policy_document.assume_role",
            "module.lambda-function-auth-create.data.aws_iam_policy_document.async",
            "module.lambda-function-auth-create.data.aws_iam_policy_document.dead_letter",
            "module.lambda-function-auth-create.data.aws_iam_policy_document.logs",
            "module.lambda-function-auth-create.data.aws_partition.current",
            "module.lambda-function-auth-create.data.external.archive_prepare",
            "module.lambda-function-auth-create.local_file.archive_plan",
            "module.lambda-function-auth-create.null_resource.archive",
            "module.lambda-function-auth-define.aws_cloudwatch_log_group.lambda",
            "module.lambda-function-auth-define.aws_iam_policy.additional_inline",
            "module.lambda-function-auth-define.aws_iam_policy.additional_json",
            "module.lambda-function-auth-define.aws_iam_policy.additional_jsons",
            "module.lambda-function-auth-define.aws_iam_policy.async",
            "module.lambda-function-auth-define.aws_iam_policy.dead_letter",
            "module.lambda-function-auth-define.aws_iam_policy.logs",
            "module.lambda-function-auth-define.aws_iam_policy.tracing",
            "module.lambda-function-auth-define.aws_iam_policy.vpc",
            "module.lambda-function-auth-define.aws_iam_role.lambda",
            "module.lambda-function-auth-define.aws_iam_role_policy_attachment.additional_inline",
            "module.lambda-function-auth-define.aws_iam_role_policy_attachment.additional_json",
            "module.lambda-function-auth-define.aws_iam_role_policy_attachment.additional_jsons",
            "module.lambda-function-auth-define.aws_iam_role_policy_attachment.additional_many",
            "module.lambda-function-auth-define.aws_iam_role_policy_attachment.additional_one",
            "module.lambda-function-auth-define.aws_iam_role_policy_attachment.async",
            "module.lambda-function-auth-define.aws_iam_role_policy_attachment.dead_letter",
            "module.lambda-function-auth-define.aws_iam_role_policy_attachment.logs",
            "module.lambda-function-auth-define.aws_iam_role_policy_attachment.tracing",
            "module.lambda-function-auth-define.aws_iam_role_policy_attachment.vpc",
            "module.lambda-function-auth-define.aws_lambda_function.this",
            "module.lambda-function-auth-define.aws_s3_object.lambda_package",
            "module.lambda-function-auth-define.data.aws_arn.log_group_arn",
            "module.lambda-function-auth-define.data.aws_cloudwatch_log_group.lambda",
            "module.lambda-function-auth-define.data.aws_iam_policy.tracing",
            "module.lambda-function-auth-define.data.aws_iam_policy.vpc",
            "module.lambda-function-auth-define.data.aws_iam_policy_document.additional_inline",
            "module.lambda-function-auth-define.data.aws_iam_policy_document.assume_role",
            "module.lambda-function-auth-define.data.aws_iam_policy_document.async",
            "module.lambda-function-auth-define.data.aws_iam_policy_document.dead_letter",
            "module.lambda-function-auth-define.data.aws_iam_policy_document.logs",
            "module.lambda-function-auth-define.data.aws_partition.current",
            "module.lambda-function-auth-define.data.external.archive_prepare",
            "module.lambda-function-auth-define.local_file.archive_plan",
            "module.lambda-function-auth-define.null_resource.archive",
            "module.lambda-function-auth-post.aws_cloudwatch_log_group.lambda",
            "module.lambda-function-auth-post.aws_iam_policy.additional_inline",
            "module.lambda-function-auth-post.aws_iam_policy.additional_json",
            "module.lambda-function-auth-post.aws_iam_policy.additional_jsons",
            "module.lambda-function-auth-post.aws_iam_policy.async",
            "module.lambda-function-auth-post.aws_iam_policy.dead_letter",
            "module.lambda-function-auth-post.aws_iam_policy.logs",
            "module.lambda-function-auth-post.aws_iam_policy.tracing",
            "module.lambda-function-auth-post.aws_iam_policy.vpc",
            "module.lambda-function-auth-post.aws_iam_role.lambda",
            "module.lambda-function-auth-post.aws_iam_role_policy_attachment.additional_inline",
            "module.lambda-function-auth-post.aws_iam_role_policy_attachment.additional_json",
            "module.lambda-function-auth-post.aws_iam_role_policy_attachment.additional_jsons",
            "module.lambda-function-auth-post.aws_iam_role_policy_attachment.additional_many",
            "module.lambda-function-auth-post.aws_iam_role_policy_attachment.additional_one",
            "module.lambda-function-auth-post.aws_iam_role_policy_attachment.async",
            "module.lambda-function-auth-post.aws_iam_role_policy_attachment.dead_letter",
            "module.lambda-function-auth-post.aws_iam_role_policy_attachment.logs",
            "module.lambda-function-auth-post.aws_iam_role_policy_attachment.tracing",
            "module.lambda-function-auth-post.aws_iam_role_policy_attachment.vpc",
            "module.lambda-function-auth-post.aws_lambda_function.this",
            "module.lambda-function-auth-post.aws_s3_object.lambda_package",
            "module.lambda-function-auth-post.data.aws_arn.log_group_arn",
            "module.lambda-function-auth-post.data.aws_cloudwatch_log_group.lambda",
            "module.lambda-function-auth-post.data.aws_iam_policy.tracing",
            "module.lambda-function-auth-post.data.aws_iam_policy.vpc",
            "module.lambda-function-auth-post.data.aws_iam_policy_document.additional_inline",
            "module.lambda-function-auth-post.data.aws_iam_policy_document.assume_role",
            "module.lambda-function-auth-post.data.aws_iam_policy_document.async",
            "module.lambda-function-auth-post.data.aws_iam_policy_document.dead_letter",
            "module.lambda-function-auth-post.data.aws_iam_policy_document.logs",
            "module.lambda-function-auth-post.data.aws_partition.current",
            "module.lambda-function-auth-post.data.external.archive_prepare",
            "module.lambda-function-auth-post.local_file.archive_plan",
            "module.lambda-function-auth-post.null_resource.archive",
            "module.lambda-function-auth-presignup.aws_cloudwatch_log_group.lambda",
            "module.lambda-function-auth-presignup.aws_iam_policy.additional_inline",
            "module.lambda-function-auth-presignup.aws_iam_policy.additional_json",
            "module.lambda-function-auth-presignup.aws_iam_policy.additional_jsons",
            "module.lambda-function-auth-presignup.aws_iam_policy.async",
            "module.lambda-function-auth-presignup.aws_iam_policy.dead_letter",
            "module.lambda-function-auth-presignup.aws_iam_policy.logs",
            "module.lambda-function-auth-presignup.aws_iam_policy.tracing",
            "module.lambda-function-auth-presignup.aws_iam_policy.vpc",
            "module.lambda-function-auth-presignup.aws_iam_role.lambda",
            "module.lambda-function-auth-presignup.aws_iam_role_policy_attachment.additional_inline",
            "module.lambda-function-auth-presignup.aws_iam_role_policy_attachment.additional_json",
            "module.lambda-function-auth-presignup.aws_iam_role_policy_attachment.additional_jsons",
            "module.lambda-function-auth-presignup.aws_iam_role_policy_attachment.additional_many",
            "module.lambda-function-auth-presignup.aws_iam_role_policy_attachment.additional_one",
            "module.lambda-function-auth-presignup.aws_iam_role_policy_attachment.async",
            "module.lambda-function-auth-presignup.aws_iam_role_policy_attachment.dead_letter",
            "module.lambda-function-auth-presignup.aws_iam_role_policy_attachment.logs",
            "module.lambda-function-auth-presignup.aws_iam_role_policy_attachment.tracing",
            "module.lambda-function-auth-presignup.aws_iam_role_policy_attachment.vpc",
            "module.lambda-function-auth-presignup.aws_lambda_function.this",
            "module.lambda-function-auth-presignup.aws_s3_object.lambda_package",
            "module.lambda-function-auth-presignup.data.aws_arn.log_group_arn",
            "module.lambda-function-auth-presignup.data.aws_cloudwatch_log_group.lambda",
            "module.lambda-function-auth-presignup.data.aws_iam_policy.tracing",
            "module.lambda-function-auth-presignup.data.aws_iam_policy.vpc",
            "module.lambda-function-auth-presignup.data.aws_iam_policy_document.additional_inline",
            "module.lambda-function-auth-presignup.data.aws_iam_policy_document.assume_role",
            "module.lambda-function-auth-presignup.data.aws_iam_policy_document.async",
            "module.lambda-function-auth-presignup.data.aws_iam_policy_document.dead_letter",
            "module.lambda-function-auth-presignup.data.aws_iam_policy_document.logs",
            "module.lambda-function-auth-presignup.data.aws_partition.current",
            "module.lambda-function-auth-presignup.data.external.archive_prepare",
            "module.lambda-function-auth-presignup.local_file.archive_plan",
            "module.lambda-function-auth-presignup.null_resource.archive",
            "module.lambda-function-auth-verify.aws_cloudwatch_log_group.lambda",
            "module.lambda-function-auth-verify.aws_iam_policy.additional_inline",
            "module.lambda-function-auth-verify.aws_iam_policy.additional_json",
            "module.lambda-function-auth-verify.aws_iam_policy.additional_jsons",
            "module.lambda-function-auth-verify.aws_iam_policy.async",
            "module.lambda-function-auth-verify.aws_iam_policy.dead_letter",
            "module.lambda-function-auth-verify.aws_iam_policy.logs",
            "module.lambda-function-auth-verify.aws_iam_policy.tracing",
            "module.lambda-function-auth-verify.aws_iam_policy.vpc",
            "module.lambda-function-auth-verify.aws_iam_role.lambda",
            "module.lambda-function-auth-verify.aws_iam_role_policy_attachment.additional_inline",
            "module.lambda-function-auth-verify.aws_iam_role_policy_attachment.additional_json",
            "module.lambda-function-auth-verify.aws_iam_role_policy_attachment.additional_jsons",
            "module.lambda-function-auth-verify.aws_iam_role_policy_attachment.additional_many",
            "module.lambda-function-auth-verify.aws_iam_role_policy_attachment.additional_one",
            "module.lambda-function-auth-verify.aws_iam_role_policy_attachment.async",
            "module.lambda-function-auth-verify.aws_iam_role_policy_attachment.dead_letter",
            "module.lambda-function-auth-verify.aws_iam_role_policy_attachment.logs",
            "module.lambda-function-auth-verify.aws_iam_role_policy_attachment.tracing",
            "module.lambda-function-auth-verify.aws_iam_role_policy_attachment.vpc",
            "module.lambda-function-auth-verify.aws_lambda_function.this",
            "module.lambda-function-auth-verify.aws_s3_object.lambda_package",
            "module.lambda-function-auth-verify.data.aws_arn.log_group_arn",
            "module.lambda-function-auth-verify.data.aws_cloudwatch_log_group.lambda",
            "module.lambda-function-auth-verify.data.aws_iam_policy.tracing",
            "module.lambda-function-auth-verify.data.aws_iam_policy.vpc",
            "module.lambda-function-auth-verify.data.aws_iam_policy_document.additional_inline",
            "module.lambda-function-auth-verify.data.aws_iam_policy_document.assume_role",
            "module.lambda-function-auth-verify.data.aws_iam_policy_document.async",
            "module.lambda-function-auth-verify.data.aws_iam_policy_document.dead_letter",
            "module.lambda-function-auth-verify.data.aws_iam_policy_document.logs",
            "module.lambda-function-auth-verify.data.aws_partition.current",
            "module.lambda-function-auth-verify.data.external.archive_prepare",
            "module.lambda-function-auth-verify.local_file.archive_plan",
            "module.lambda-function-auth-verify.null_resource.archive"
          ],
          "create_before_destroy": true
        }
      ]
    },
    {
      "mode": "managed",
      "type": "aws_api_gateway_resource",
      "name": "helloworld-id",
      "provider": "provider[\"registry.terraform.io/hashicorp/aws\"]",
      "instances": [
        {
          "schema_version": 0,
          "attributes": {
            "id": "o1i8ocx8vc",
            "parent_id": "90iik7eq81",
            "path": "/{item_id}",
            "path_part": "{item_id}",
            "rest_api_id": "uxy0my5t5z"
          },
          "sensitive_attributes": [],
          "private": "bnVsbA==",
          "dependencies": [
            "aws_api_gateway_rest_api.helloworld"
          ],
          "create_before_destroy": true
        }
      ]
    },
    {
      "mode": "managed",
      "type": "aws_api_gateway_rest_api",
      "name": "helloworld",
      "provider": "provider[\"registry.terraform.io/hashicorp/aws\"]",
      "instances": [
        {
          "schema_version": 0,
          "attributes": {
            "api_key_source": "HEADER",
            "arn": "arn:aws:apigateway:us-east-1::/restapis/uxy0my5t5z",
            "binary_media_types": [],
            "body": null,
            "created_date": "2024-02-03T23:28:53Z",
            "description": "",
            "disable_execute_api_endpoint": false,
            "endpoint_configuration": [
              {
                "types": [
                  "EDGE"
                ],
                "vpc_endpoint_ids": []
              }
            ],
            "execution_arn": "arn:aws:execute-api:us-east-1:000000000000:uxy0my5t5z",
            "fail_on_warnings": null,
            "id": "uxy0my5t5z",
            "minimum_compression_size": "",
            "name": "helloworld-default",
            "parameters": null,
            "policy": "",
            "put_rest_api_mode": null,
            "root_resource_id": "90iik7eq81",
            "tags": {},
            "tags_all": {}
          },
          "sensitive_attributes": [],
          "private": "bnVsbA==",
          "create_before_destroy": true
        }
      ]
    },
    {
      "mode": "managed",
      "type": "aws_api_gateway_stage",
      "name": "helloworld-stage",
      "provider": "provider[\"registry.terraform.io/hashicorp/aws\"]",
      "instances": [
        {
          "schema_version": 0,
          "attributes": {
            "access_log_settings": [],
            "arn": "arn:aws:apigateway:us-east-1::/restapis/uxy0my5t5z/stages/prod",
            "cache_cluster_enabled": false,
            "cache_cluster_size": "",
            "canary_settings": [],
            "client_certificate_id": "",
            "deployment_id": "nxbpvckrbq",
            "description": "",
            "documentation_version": "",
            "execution_arn": "arn:aws:execute-api:us-east-1:000000000000:uxy0my5t5z/prod",
            "id": "ags-uxy0my5t5z-prod",
            "invoke_url": "https://uxy0my5t5z.execute-api.us-east-1.amazonaws.com/prod",
            "rest_api_id": "uxy0my5t5z",
            "stage_name": "prod",
            "tags": {},
            "tags_all": {},
            "variables": {},
            "web_acl_arn": "",
            "xray_tracing_enabled": false
          },
          "sensitive_attributes": [],
          "private": "bnVsbA==",
          "dependencies": [
            "aws_api_gateway_authorizer.cog-authorizer",
            "aws_api_gateway_deployment.helloworld-deployment",
            "aws_api_gateway_integration.helloworld-id-get-integration",
            "aws_api_gateway_method.helloworld-id-get",
            "aws_api_gateway_resource.helloworld-id",
            "aws_api_gateway_rest_api.helloworld",
            "aws_cognito_user_pool.wallet-user-pool",
            "aws_lambda_permission.apigw-lambda-get",
            "module.lambda-function-auth-create.aws_cloudwatch_log_group.lambda",
            "module.lambda-function-auth-create.aws_iam_policy.additional_inline",
            "module.lambda-function-auth-create.aws_iam_policy.additional_json",
            "module.lambda-function-auth-create.aws_iam_policy.additional_jsons",
            "module.lambda-function-auth-create.aws_iam_policy.async",
            "module.lambda-function-auth-create.aws_iam_policy.dead_letter",
            "module.lambda-function-auth-create.aws_iam_policy.logs",
            "module.lambda-function-auth-create.aws_iam_policy.tracing",
            "module.lambda-function-auth-create.aws_iam_policy.vpc",
            "module.lambda-function-auth-create.aws_iam_role.lambda",
            "module.lambda-function-auth-create.aws_iam_role_policy_attachment.additional_inline",
            "module.lambda-function-auth-create.aws_iam_role_policy_attachment.additional_json",
            "module.lambda-function-auth-create.aws_iam_role_policy_attachment.additional_jsons",
            "module.lambda-function-auth-create.aws_iam_role_policy_attachment.additional_many",
            "module.lambda-function-auth-create.aws_iam_role_policy_attachment.additional_one",
            "module.lambda-function-auth-create.aws_iam_role_policy_attachment.async",
            "module.lambda-function-auth-create.aws_iam_role_policy_attachment.dead_letter",
            "module.lambda-function-auth-create.aws_iam_role_policy_attachment.logs",
            "module.lambda-function-auth-create.aws_iam_role_policy_attachment.tracing",
            "module.lambda-function-auth-create.aws_iam_role_policy_attachment.vpc",
            "module.lambda-function-auth-create.aws_lambda_function.this",
            "module.lambda-function-auth-create.aws_s3_object.lambda_package",
            "module.lambda-function-auth-create.data.aws_arn.log_group_arn",
            "module.lambda-function-auth-create.data.aws_cloudwatch_log_group.lambda",
            "module.lambda-function-auth-create.data.aws_iam_policy.tracing",
            "module.lambda-function-auth-create.data.aws_iam_policy.vpc",
            "module.lambda-function-auth-create.data.aws_iam_policy_document.additional_inline",
            "module.lambda-function-auth-create.data.aws_iam_policy_document.assume_role",
            "module.lambda-function-auth-create.data.aws_iam_policy_document.async",
            "module.lambda-function-auth-create.data.aws_iam_policy_document.dead_letter",
            "module.lambda-function-auth-create.data.aws_iam_policy_document.logs",
            "module.lambda-function-auth-create.data.aws_partition.current",
            "module.lambda-function-auth-create.data.external.archive_prepare",
            "module.lambda-function-auth-create.local_file.archive_plan",
            "module.lambda-function-auth-create.null_resource.archive",
            "module.lambda-function-auth-define.aws_cloudwatch_log_group.lambda",
            "module.lambda-function-auth-define.aws_iam_policy.additional_inline",
            "module.lambda-function-auth-define.aws_iam_policy.additional_json",
            "module.lambda-function-auth-define.aws_iam_policy.additional_jsons",
            "module.lambda-function-auth-define.aws_iam_policy.async",
            "module.lambda-function-auth-define.aws_iam_policy.dead_letter",
            "module.lambda-function-auth-define.aws_iam_policy.logs",
            "module.lambda-function-auth-define.aws_iam_policy.tracing",
            "module.lambda-function-auth-define.aws_iam_policy.vpc",
            "module.lambda-function-auth-define.aws_iam_role.lambda",
            "module.lambda-function-auth-define.aws_iam_role_policy_attachment.additional_inline",
            "module.lambda-function-auth-define.aws_iam_role_policy_attachment.additional_json",
            "module.lambda-function-auth-define.aws_iam_role_policy_attachment.additional_jsons",
            "module.lambda-function-auth-define.aws_iam_role_policy_attachment.additional_many",
            "module.lambda-function-auth-define.aws_iam_role_policy_attachment.additional_one",
            "module.lambda-function-auth-define.aws_iam_role_policy_attachment.async",
            "module.lambda-function-auth-define.aws_iam_role_policy_attachment.dead_letter",
            "module.lambda-function-auth-define.aws_iam_role_policy_attachment.logs",
            "module.lambda-function-auth-define.aws_iam_role_policy_attachment.tracing",
            "module.lambda-function-auth-define.aws_iam_role_policy_attachment.vpc",
            "module.lambda-function-auth-define.aws_lambda_function.this",
            "module.lambda-function-auth-define.aws_s3_object.lambda_package",
            "module.lambda-function-auth-define.data.aws_arn.log_group_arn",
            "module.lambda-function-auth-define.data.aws_cloudwatch_log_group.lambda",
            "module.lambda-function-auth-define.data.aws_iam_policy.tracing",
            "module.lambda-function-auth-define.data.aws_iam_policy.vpc",
            "module.lambda-function-auth-define.data.aws_iam_policy_document.additional_inline",
            "module.lambda-function-auth-define.data.aws_iam_policy_document.assume_role",
            "module.lambda-function-auth-define.data.aws_iam_policy_document.async",
            "module.lambda-function-auth-define.data.aws_iam_policy_document.dead_letter",
            "module.lambda-function-auth-define.data.aws_iam_policy_document.logs",
            "module.lambda-function-auth-define.data.aws_partition.current",
            "module.lambda-function-auth-define.data.external.archive_prepare",
            "module.lambda-function-auth-define.local_file.archive_plan",
            "module.lambda-function-auth-define.null_resource.archive",
            "module.lambda-function-auth-post.aws_cloudwatch_log_group.lambda",
            "module.lambda-function-auth-post.aws_iam_policy.additional_inline",
            "module.lambda-function-auth-post.aws_iam_policy.additional_json",
            "module.lambda-function-auth-post.aws_iam_policy.additional_jsons",
            "module.lambda-function-auth-post.aws_iam_policy.async",
            "module.lambda-function-auth-post.aws_iam_policy.dead_letter",
            "module.lambda-function-auth-post.aws_iam_policy.logs",
            "module.lambda-function-auth-post.aws_iam_policy.tracing",
            "module.lambda-function-auth-post.aws_iam_policy.vpc",
            "module.lambda-function-auth-post.aws_iam_role.lambda",
            "module.lambda-function-auth-post.aws_iam_role_policy_attachment.additional_inline",
            "module.lambda-function-auth-post.aws_iam_role_policy_attachment.additional_json",
            "module.lambda-function-auth-post.aws_iam_role_policy_attachment.additional_jsons",
            "module.lambda-function-auth-post.aws_iam_role_policy_attachment.additional_many",
            "module.lambda-function-auth-post.aws_iam_role_policy_attachment.additional_one",
            "module.lambda-function-auth-post.aws_iam_role_policy_attachment.async",
            "module.lambda-function-auth-post.aws_iam_role_policy_attachment.dead_letter",
            "module.lambda-function-auth-post.aws_iam_role_policy_attachment.logs",
            "module.lambda-function-auth-post.aws_iam_role_policy_attachment.tracing",
            "module.lambda-function-auth-post.aws_iam_role_policy_attachment.vpc",
            "module.lambda-function-auth-post.aws_lambda_function.this",
            "module.lambda-function-auth-post.aws_s3_object.lambda_package",
            "module.lambda-function-auth-post.data.aws_arn.log_group_arn",
            "module.lambda-function-auth-post.data.aws_cloudwatch_log_group.lambda",
            "module.lambda-function-auth-post.data.aws_iam_policy.tracing",
            "module.lambda-function-auth-post.data.aws_iam_policy.vpc",
            "module.lambda-function-auth-post.data.aws_iam_policy_document.additional_inline",
            "module.lambda-function-auth-post.data.aws_iam_policy_document.assume_role",
            "module.lambda-function-auth-post.data.aws_iam_policy_document.async",
            "module.lambda-function-auth-post.data.aws_iam_policy_document.dead_letter",
            "module.lambda-function-auth-post.data.aws_iam_policy_document.logs",
            "module.lambda-function-auth-post.data.aws_partition.current",
            "module.lambda-function-auth-post.data.external.archive_prepare",
            "module.lambda-function-auth-post.local_file.archive_plan",
            "module.lambda-function-auth-post.null_resource.archive",
            "module.lambda-function-auth-presignup.aws_cloudwatch_log_group.lambda",
            "module.lambda-function-auth-presignup.aws_iam_policy.additional_inline",
            "module.lambda-function-auth-presignup.aws_iam_policy.additional_json",
            "module.lambda-function-auth-presignup.aws_iam_policy.additional_jsons",
            "module.lambda-function-auth-presignup.aws_iam_policy.async",
            "module.lambda-function-auth-presignup.aws_iam_policy.dead_letter",
            "module.lambda-function-auth-presignup.aws_iam_policy.logs",
            "module.lambda-function-auth-presignup.aws_iam_policy.tracing",
            "module.lambda-function-auth-presignup.aws_iam_policy.vpc",
            "module.lambda-function-auth-presignup.aws_iam_role.lambda",
            "module.lambda-function-auth-presignup.aws_iam_role_policy_attachment.additional_inline",
            "module.lambda-function-auth-presignup.aws_iam_role_policy_attachment.additional_json",
            "module.lambda-function-auth-presignup.aws_iam_role_policy_attachment.additional_jsons",
            "module.lambda-function-auth-presignup.aws_iam_role_policy_attachment.additional_many",
            "module.lambda-function-auth-presignup.aws_iam_role_policy_attachment.additional_one",
            "module.lambda-function-auth-presignup.aws_iam_role_policy_attachment.async",
            "module.lambda-function-auth-presignup.aws_iam_role_policy_attachment.dead_letter",
            "module.lambda-function-auth-presignup.aws_iam_role_policy_attachment.logs",
            "module.lambda-function-auth-presignup.aws_iam_role_policy_attachment.tracing",
            "module.lambda-function-auth-presignup.aws_iam_role_policy_attachment.vpc",
            "module.lambda-function-auth-presignup.aws_lambda_function.this",
            "module.lambda-function-auth-presignup.aws_s3_object.lambda_package",
            "module.lambda-function-auth-presignup.data.aws_arn.log_group_arn",
            "module.lambda-function-auth-presignup.data.aws_cloudwatch_log_group.lambda",
            "module.lambda-function-auth-presignup.data.aws_iam_policy.tracing",
            "module.lambda-function-auth-presignup.data.aws_iam_policy.vpc",
            "module.lambda-function-auth-presignup.data.aws_iam_policy_document.additional_inline",
            "module.lambda-function-auth-presignup.data.aws_iam_policy_document.assume_role",
            "module.lambda-function-auth-presignup.data.aws_iam_policy_document.async",
            "module.lambda-function-auth-presignup.data.aws_iam_policy_document.dead_letter",
            "module.lambda-function-auth-presignup.data.aws_iam_policy_document.logs",
            "module.lambda-function-auth-presignup.data.aws_partition.current",
            "module.lambda-function-auth-presignup.data.external.archive_prepare",
            "module.lambda-function-auth-presignup.local_file.archive_plan",
            "module.lambda-function-auth-presignup.null_resource.archive",
            "module.lambda-function-auth-verify.aws_cloudwatch_log_group.lambda",
            "module.lambda-function-auth-verify.aws_iam_policy.additional_inline",
            "module.lambda-function-auth-verify.aws_iam_policy.additional_json",
            "module.lambda-function-auth-verify.aws_iam_policy.additional_jsons",
            "module.lambda-function-auth-verify.aws_iam_policy.async",
            "module.lambda-function-auth-verify.aws_iam_policy.dead_letter",
            "module.lambda-function-auth-verify.aws_iam_policy.logs",
            "module.lambda-function-auth-verify.aws_iam_policy.tracing",
            "module.lambda-function-auth-verify.aws_iam_policy.vpc",
            "module.lambda-function-auth-verify.aws_iam_role.lambda",
            "module.lambda-function-auth-verify.aws_iam_role_policy_attachment.additional_inline",
            "module.lambda-function-auth-verify.aws_iam_role_policy_attachment.additional_json",
            "module.lambda-function-auth-verify.aws_iam_role_policy_attachment.additional_jsons",
            "module.lambda-function-auth-verify.aws_iam_role_policy_attachment.additional_many",
            "module.lambda-function-auth-verify.aws_iam_role_policy_attachment.additional_one",
            "module.lambda-function-auth-verify.aws_iam_role_policy_attachment.async",
            "module.lambda-function-auth-verify.aws_iam_role_policy_attachment.dead_letter",
            "module.lambda-function-auth-verify.aws_iam_role_policy_attachment.logs",
            "module.lambda-function-auth-verify.aws_iam_role_policy_attachment.tracing",
            "module.lambda-function-auth-verify.aws_iam_role_policy_attachment.vpc",
            "module.lambda-function-auth-verify.aws_lambda_function.this",
            "module.lambda-function-auth-verify.aws_s3_object.lambda_package",
            "module.lambda-function-auth-verify.data.aws_arn.log_group_arn",
            "module.lambda-function-auth-verify.data.aws_cloudwatch_log_group.lambda",
            "module.lambda-function-auth-verify.data.aws_iam_policy.tracing",
            "module.lambda-function-auth-verify.data.aws_iam_policy.vpc",
            "module.lambda-function-auth-verify.data.aws_iam_policy_document.additional_inline",
            "module.lambda-function-auth-verify.data.aws_iam_policy_document.assume_role",
            "module.lambda-function-auth-verify.data.aws_iam_policy_document.async",
            "module.lambda-function-auth-verify.data.aws_iam_policy_document.dead_letter",
            "module.lambda-function-auth-verify.data.aws_iam_policy_document.logs",
            "module.lambda-function-auth-verify.data.aws_partition.current",
            "module.lambda-function-auth-verify.data.external.archive_prepare",
            "module.lambda-function-auth-verify.local_file.archive_plan",
            "module.lambda-function-auth-verify.null_resource.archive",
            "module.lambda-function-helloworld.aws_cloudwatch_log_group.lambda",
            "module.lambda-function-helloworld.aws_iam_policy.additional_inline",
            "module.lambda-function-helloworld.aws_iam_policy.additional_json",
            "module.lambda-function-helloworld.aws_iam_policy.additional_jsons",
            "module.lambda-function-helloworld.aws_iam_policy.async",
            "module.lambda-function-helloworld.aws_iam_policy.dead_letter",
            "module.lambda-function-helloworld.aws_iam_policy.logs",
            "module.lambda-function-helloworld.aws_iam_policy.tracing",
            "module.lambda-function-helloworld.aws_iam_policy.vpc",
            "module.lambda-function-helloworld.aws_iam_role.lambda",
            "module.lambda-function-helloworld.aws_iam_role_policy_attachment.additional_inline",
            "module.lambda-function-helloworld.aws_iam_role_policy_attachment.additional_json",
            "module.lambda-function-helloworld.aws_iam_role_policy_attachment.additional_jsons",
            "module.lambda-function-helloworld.aws_iam_role_policy_attachment.additional_many",
            "module.lambda-function-helloworld.aws_iam_role_policy_attachment.additional_one",
            "module.lambda-function-helloworld.aws_iam_role_policy_attachment.async",
            "module.lambda-function-helloworld.aws_iam_role_policy_attachment.dead_letter",
            "module.lambda-function-helloworld.aws_iam_role_policy_attachment.logs",
            "module.lambda-function-helloworld.aws_iam_role_policy_attachment.tracing",
            "module.lambda-function-helloworld.aws_iam_role_policy_attachment.vpc",
            "module.lambda-function-helloworld.aws_lambda_function.this",
            "module.lambda-function-helloworld.aws_s3_object.lambda_package",
            "module.lambda-function-helloworld.data.aws_arn.log_group_arn",
            "module.lambda-function-helloworld.data.aws_cloudwatch_log_group.lambda",
            "module.lambda-function-helloworld.data.aws_iam_policy.tracing",
            "module.lambda-function-helloworld.data.aws_iam_policy.vpc",
            "module.lambda-function-helloworld.data.aws_iam_policy_document.additional_inline",
            "module.lambda-function-helloworld.data.aws_iam_policy_document.assume_role",
            "module.lambda-function-helloworld.data.aws_iam_policy_document.async",
            "module.lambda-function-helloworld.data.aws_iam_policy_document.dead_letter",
            "module.lambda-function-helloworld.data.aws_iam_policy_document.logs",
            "module.lambda-function-helloworld.data.aws_partition.current",
            "module.lambda-function-helloworld.data.external.archive_prepare",
            "module.lambda-function-helloworld.local_file.archive_plan",
            "module.lambda-function-helloworld.null_resource.archive"
          ]
        }
      ]
    },
    {
      "mode": "managed",
      "type": "aws_cognito_user_pool",
      "name": "wallet-user-pool",
      "provider": "provider[\"registry.terraform.io/hashicorp/aws\"]",
      "instances": [
        {
          "schema_version": 0,
          "attributes": {
            "account_recovery_setting": [],
            "admin_create_user_config": [
              {
                "allow_admin_create_user_only": false,
                "invite_message_template": []
              }
            ],
            "alias_attributes": null,
            "arn": "arn:aws:cognito-idp:us-east-1:000000000000:userpool/us-east-1_a9ec9274ec774839a8e4bffb3668baac",
            "auto_verified_attributes": [],
            "creation_date": "2024-02-03T23:29:51Z",
            "custom_domain": "",
            "deletion_protection": "INACTIVE",
            "device_configuration": [],
            "domain": "",
            "email_configuration": [
              {
                "configuration_set": "",
                "email_sending_account": "COGNITO_DEFAULT",
                "from_email_address": "",
                "reply_to_email_address": "",
                "source_arn": ""
              }
            ],
            "email_verification_message": "",
            "email_verification_subject": "",
            "endpoint": "cognito-idp.us-east-1.amazonaws.com/us-east-1_a9ec9274ec774839a8e4bffb3668baac",
            "estimated_number_of_users": 0,
            "id": "us-east-1_a9ec9274ec774839a8e4bffb3668baac",
            "lambda_config": [
              {
                "create_auth_challenge": "arn:aws:lambda:us-east-1:000000000000:function:lambda-function-auth-create-default",
                "custom_email_sender": [],
                "custom_message": "",
                "custom_sms_sender": [],
                "define_auth_challenge": "arn:aws:lambda:us-east-1:000000000000:function:lambda-function-auth-define-default",
                "kms_key_id": "",
                "post_authentication": "arn:aws:lambda:us-east-1:000000000000:function:lambda-function-auth-post-default",
                "post_confirmation": "",
                "pre_authentication": "",
                "pre_sign_up": "arn:aws:lambda:us-east-1:000000000000:function:lambda-function-auth-presignup-default",
                "pre_token_generation": "",
                "user_migration": "",
                "verify_auth_challenge_response": "arn:aws:lambda:us-east-1:000000000000:function:lambda-function-auth-verify-default"
              }
            ],
            "last_modified_date": "2024-02-03T23:29:51Z",
            "mfa_configuration": "OFF",
            "name": "Web3AuthWalletLogin",
            "password_policy": [
              {
                "minimum_length": 8,
                "require_lowercase": true,
                "require_numbers": true,
                "require_symbols": true,
                "require_uppercase": true,
                "temporary_password_validity_days": 7
              }
            ],
            "schema": [],
            "sms_authentication_message": "",
            "sms_configuration": [],
            "sms_verification_message": "",
            "software_token_mfa_configuration": [],
            "tags": {},
            "tags_all": {},
            "user_attribute_update_settings": [],
            "user_pool_add_ons": [],
            "username_attributes": [],
            "username_configuration": [],
            "verification_message_template": [
              {
                "default_email_option": "CONFIRM_WITH_CODE",
                "email_message": "",
                "email_message_by_link": "",
                "email_subject": "",
                "email_subject_by_link": "",
                "sms_message": ""
              }
            ]
          },
          "sensitive_attributes": [],
          "private": "bnVsbA==",
          "dependencies": [
            "module.lambda-function-auth-create.aws_cloudwatch_log_group.lambda",
            "module.lambda-function-auth-create.aws_iam_policy.additional_inline",
            "module.lambda-function-auth-create.aws_iam_policy.additional_json",
            "module.lambda-function-auth-create.aws_iam_policy.additional_jsons",
            "module.lambda-function-auth-create.aws_iam_policy.async",
            "module.lambda-function-auth-create.aws_iam_policy.dead_letter",
            "module.lambda-function-auth-create.aws_iam_policy.logs",
            "module.lambda-function-auth-create.aws_iam_policy.tracing",
            "module.lambda-function-auth-create.aws_iam_policy.vpc",
            "module.lambda-function-auth-create.aws_iam_role.lambda",
            "module.lambda-function-auth-create.aws_iam_role_policy_attachment.additional_inline",
            "module.lambda-function-auth-create.aws_iam_role_policy_attachment.additional_json",
            "module.lambda-function-auth-create.aws_iam_role_policy_attachment.additional_jsons",
            "module.lambda-function-auth-create.aws_iam_role_policy_attachment.additional_many",
            "module.lambda-function-auth-create.aws_iam_role_policy_attachment.additional_one",
            "module.lambda-function-auth-create.aws_iam_role_policy_attachment.async",
            "module.lambda-function-auth-create.aws_iam_role_policy_attachment.dead_letter",
            "module.lambda-function-auth-create.aws_iam_role_policy_attachment.logs",
            "module.lambda-function-auth-create.aws_iam_role_policy_attachment.tracing",
            "module.lambda-function-auth-create.aws_iam_role_policy_attachment.vpc",
            "module.lambda-function-auth-create.aws_lambda_function.this",
            "module.lambda-function-auth-create.aws_s3_object.lambda_package",
            "module.lambda-function-auth-create.data.aws_arn.log_group_arn",
            "module.lambda-function-auth-create.data.aws_cloudwatch_log_group.lambda",
            "module.lambda-function-auth-create.data.aws_iam_policy.tracing",
            "module.lambda-function-auth-create.data.aws_iam_policy.vpc",
            "module.lambda-function-auth-create.data.aws_iam_policy_document.additional_inline",
            "module.lambda-function-auth-create.data.aws_iam_policy_document.assume_role",
            "module.lambda-function-auth-create.data.aws_iam_policy_document.async",
            "module.lambda-function-auth-create.data.aws_iam_policy_document.dead_letter",
            "module.lambda-function-auth-create.data.aws_iam_policy_document.logs",
            "module.lambda-function-auth-create.data.aws_partition.current",
            "module.lambda-function-auth-create.data.external.archive_prepare",
            "module.lambda-function-auth-create.local_file.archive_plan",
            "module.lambda-function-auth-create.null_resource.archive",
            "module.lambda-function-auth-define.aws_cloudwatch_log_group.lambda",
            "module.lambda-function-auth-define.aws_iam_policy.additional_inline",
            "module.lambda-function-auth-define.aws_iam_policy.additional_json",
            "module.lambda-function-auth-define.aws_iam_policy.additional_jsons",
            "module.lambda-function-auth-define.aws_iam_policy.async",
            "module.lambda-function-auth-define.aws_iam_policy.dead_letter",
            "module.lambda-function-auth-define.aws_iam_policy.logs",
            "module.lambda-function-auth-define.aws_iam_policy.tracing",
            "module.lambda-function-auth-define.aws_iam_policy.vpc",
            "module.lambda-function-auth-define.aws_iam_role.lambda",
            "module.lambda-function-auth-define.aws_iam_role_policy_attachment.additional_inline",
            "module.lambda-function-auth-define.aws_iam_role_policy_attachment.additional_json",
            "module.lambda-function-auth-define.aws_iam_role_policy_attachment.additional_jsons",
            "module.lambda-function-auth-define.aws_iam_role_policy_attachment.additional_many",
            "module.lambda-function-auth-define.aws_iam_role_policy_attachment.additional_one",
            "module.lambda-function-auth-define.aws_iam_role_policy_attachment.async",
            "module.lambda-function-auth-define.aws_iam_role_policy_attachment.dead_letter",
            "module.lambda-function-auth-define.aws_iam_role_policy_attachment.logs",
            "module.lambda-function-auth-define.aws_iam_role_policy_attachment.tracing",
            "module.lambda-function-auth-define.aws_iam_role_policy_attachment.vpc",
            "module.lambda-function-auth-define.aws_lambda_function.this",
            "module.lambda-function-auth-define.aws_s3_object.lambda_package",
            "module.lambda-function-auth-define.data.aws_arn.log_group_arn",
            "module.lambda-function-auth-define.data.aws_cloudwatch_log_group.lambda",
            "module.lambda-function-auth-define.data.aws_iam_policy.tracing",
            "module.lambda-function-auth-define.data.aws_iam_policy.vpc",
            "module.lambda-function-auth-define.data.aws_iam_policy_document.additional_inline",
            "module.lambda-function-auth-define.data.aws_iam_policy_document.assume_role",
            "module.lambda-function-auth-define.data.aws_iam_policy_document.async",
            "module.lambda-function-auth-define.data.aws_iam_policy_document.dead_letter",
            "module.lambda-function-auth-define.data.aws_iam_policy_document.logs",
            "module.lambda-function-auth-define.data.aws_partition.current",
            "module.lambda-function-auth-define.data.external.archive_prepare",
            "module.lambda-function-auth-define.local_file.archive_plan",
            "module.lambda-function-auth-define.null_resource.archive",
            "module.lambda-function-auth-post.aws_cloudwatch_log_group.lambda",
            "module.lambda-function-auth-post.aws_iam_policy.additional_inline",
            "module.lambda-function-auth-post.aws_iam_policy.additional_json",
            "module.lambda-function-auth-post.aws_iam_policy.additional_jsons",
            "module.lambda-function-auth-post.aws_iam_policy.async",
            "module.lambda-function-auth-post.aws_iam_policy.dead_letter",
            "module.lambda-function-auth-post.aws_iam_policy.logs",
            "module.lambda-function-auth-post.aws_iam_policy.tracing",
            "module.lambda-function-auth-post.aws_iam_policy.vpc",
            "module.lambda-function-auth-post.aws_iam_role.lambda",
            "module.lambda-function-auth-post.aws_iam_role_policy_attachment.additional_inline",
            "module.lambda-function-auth-post.aws_iam_role_policy_attachment.additional_json",
            "module.lambda-function-auth-post.aws_iam_role_policy_attachment.additional_jsons",
            "module.lambda-function-auth-post.aws_iam_role_policy_attachment.additional_many",
            "module.lambda-function-auth-post.aws_iam_role_policy_attachment.additional_one",
            "module.lambda-function-auth-post.aws_iam_role_policy_attachment.async",
            "module.lambda-function-auth-post.aws_iam_role_policy_attachment.dead_letter",
            "module.lambda-function-auth-post.aws_iam_role_policy_attachment.logs",
            "module.lambda-function-auth-post.aws_iam_role_policy_attachment.tracing",
            "module.lambda-function-auth-post.aws_iam_role_policy_attachment.vpc",
            "module.lambda-function-auth-post.aws_lambda_function.this",
            "module.lambda-function-auth-post.aws_s3_object.lambda_package",
            "module.lambda-function-auth-post.data.aws_arn.log_group_arn",
            "module.lambda-function-auth-post.data.aws_cloudwatch_log_group.lambda",
            "module.lambda-function-auth-post.data.aws_iam_policy.tracing",
            "module.lambda-function-auth-post.data.aws_iam_policy.vpc",
            "module.lambda-function-auth-post.data.aws_iam_policy_document.additional_inline",
            "module.lambda-function-auth-post.data.aws_iam_policy_document.assume_role",
            "module.lambda-function-auth-post.data.aws_iam_policy_document.async",
            "module.lambda-function-auth-post.data.aws_iam_policy_document.dead_letter",
            "module.lambda-function-auth-post.data.aws_iam_policy_document.logs",
            "module.lambda-function-auth-post.data.aws_partition.current",
            "module.lambda-function-auth-post.data.external.archive_prepare",
            "module.lambda-function-auth-post.local_file.archive_plan",
            "module.lambda-function-auth-post.null_resource.archive",
            "module.lambda-function-auth-presignup.aws_cloudwatch_log_group.lambda",
            "module.lambda-function-auth-presignup.aws_iam_policy.additional_inline",
            "module.lambda-function-auth-presignup.aws_iam_policy.additional_json",
            "module.lambda-function-auth-presignup.aws_iam_policy.additional_jsons",
            "module.lambda-function-auth-presignup.aws_iam_policy.async",
            "module.lambda-function-auth-presignup.aws_iam_policy.dead_letter",
            "module.lambda-function-auth-presignup.aws_iam_policy.logs",
            "module.lambda-function-auth-presignup.aws_iam_policy.tracing",
            "module.lambda-function-auth-presignup.aws_iam_policy.vpc",
            "module.lambda-function-auth-presignup.aws_iam_role.lambda",
            "module.lambda-function-auth-presignup.aws_iam_role_policy_attachment.additional_inline",
            "module.lambda-function-auth-presignup.aws_iam_role_policy_attachment.additional_json",
            "module.lambda-function-auth-presignup.aws_iam_role_policy_attachment.additional_jsons",
            "module.lambda-function-auth-presignup.aws_iam_role_policy_attachment.additional_many",
            "module.lambda-function-auth-presignup.aws_iam_role_policy_attachment.additional_one",
            "module.lambda-function-auth-presignup.aws_iam_role_policy_attachment.async",
            "module.lambda-function-auth-presignup.aws_iam_role_policy_attachment.dead_letter",
            "module.lambda-function-auth-presignup.aws_iam_role_policy_attachment.logs",
            "module.lambda-function-auth-presignup.aws_iam_role_policy_attachment.tracing",
            "module.lambda-function-auth-presignup.aws_iam_role_policy_attachment.vpc",
            "module.lambda-function-auth-presignup.aws_lambda_function.this",
            "module.lambda-function-auth-presignup.aws_s3_object.lambda_package",
            "module.lambda-function-auth-presignup.data.aws_arn.log_group_arn",
            "module.lambda-function-auth-presignup.data.aws_cloudwatch_log_group.lambda",
            "module.lambda-function-auth-presignup.data.aws_iam_policy.tracing",
            "module.lambda-function-auth-presignup.data.aws_iam_policy.vpc",
            "module.lambda-function-auth-presignup.data.aws_iam_policy_document.additional_inline",
            "module.lambda-function-auth-presignup.data.aws_iam_policy_document.assume_role",
            "module.lambda-function-auth-presignup.data.aws_iam_policy_document.async",
            "module.lambda-function-auth-presignup.data.aws_iam_policy_document.dead_letter",
            "module.lambda-function-auth-presignup.data.aws_iam_policy_document.logs",
            "module.lambda-function-auth-presignup.data.aws_partition.current",
            "module.lambda-function-auth-presignup.data.external.archive_prepare",
            "module.lambda-function-auth-presignup.local_file.archive_plan",
            "module.lambda-function-auth-presignup.null_resource.archive",
            "module.lambda-function-auth-verify.aws_cloudwatch_log_group.lambda",
            "module.lambda-function-auth-verify.aws_iam_policy.additional_inline",
            "module.lambda-function-auth-verify.aws_iam_policy.additional_json",
            "module.lambda-function-auth-verify.aws_iam_policy.additional_jsons",
            "module.lambda-function-auth-verify.aws_iam_policy.async",
            "module.lambda-function-auth-verify.aws_iam_policy.dead_letter",
            "module.lambda-function-auth-verify.aws_iam_policy.logs",
            "module.lambda-function-auth-verify.aws_iam_policy.tracing",
            "module.lambda-function-auth-verify.aws_iam_policy.vpc",
            "module.lambda-function-auth-verify.aws_iam_role.lambda",
            "module.lambda-function-auth-verify.aws_iam_role_policy_attachment.additional_inline",
            "module.lambda-function-auth-verify.aws_iam_role_policy_attachment.additional_json",
            "module.lambda-function-auth-verify.aws_iam_role_policy_attachment.additional_jsons",
            "module.lambda-function-auth-verify.aws_iam_role_policy_attachment.additional_many",
            "module.lambda-function-auth-verify.aws_iam_role_policy_attachment.additional_one",
            "module.lambda-function-auth-verify.aws_iam_role_policy_attachment.async",
            "module.lambda-function-auth-verify.aws_iam_role_policy_attachment.dead_letter",
            "module.lambda-function-auth-verify.aws_iam_role_policy_attachment.logs",
            "module.lambda-function-auth-verify.aws_iam_role_policy_attachment.tracing",
            "module.lambda-function-auth-verify.aws_iam_role_policy_attachment.vpc",
            "module.lambda-function-auth-verify.aws_lambda_function.this",
            "module.lambda-function-auth-verify.aws_s3_object.lambda_package",
            "module.lambda-function-auth-verify.data.aws_arn.log_group_arn",
            "module.lambda-function-auth-verify.data.aws_cloudwatch_log_group.lambda",
            "module.lambda-function-auth-verify.data.aws_iam_policy.tracing",
            "module.lambda-function-auth-verify.data.aws_iam_policy.vpc",
            "module.lambda-function-auth-verify.data.aws_iam_policy_document.additional_inline",
            "module.lambda-function-auth-verify.data.aws_iam_policy_document.assume_role",
            "module.lambda-function-auth-verify.data.aws_iam_policy_document.async",
            "module.lambda-function-auth-verify.data.aws_iam_policy_document.dead_letter",
            "module.lambda-function-auth-verify.data.aws_iam_policy_document.logs",
            "module.lambda-function-auth-verify.data.aws_partition.current",
            "module.lambda-function-auth-verify.data.external.archive_prepare",
            "module.lambda-function-auth-verify.local_file.archive_plan",
            "module.lambda-function-auth-verify.null_resource.archive"
          ],
          "create_before_destroy": true
        }
      ]
    },
    {
      "mode": "managed",
      "type": "aws_cognito_user_pool_client",
      "name": "wallet-user-pool-client",
      "provider": "provider[\"registry.terraform.io/hashicorp/aws\"]",
      "instances": [
        {
          "schema_version": 0,
          "attributes": {
            "access_token_validity": 24,
            "allowed_oauth_flows": [],
            "allowed_oauth_flows_user_pool_client": false,
            "allowed_oauth_scopes": [],
            "analytics_configuration": [],
            "auth_session_validity": 3,
            "callback_urls": [
              "https://example.com"
            ],
            "client_secret": "",
            "default_redirect_uri": "",
            "enable_propagate_additional_user_context_data": false,
            "enable_token_revocation": true,
            "explicit_auth_flows": [
              "ALLOW_CUSTOM_AUTH",
              "ALLOW_USER_SRP_AUTH"
            ],
            "generate_secret": null,
            "id": "n64t84c8d1l09k5dlbyk7v1nir",
            "id_token_validity": 24,
            "logout_urls": [],
            "name": "WebAuthWalletLogin",
            "prevent_user_existence_errors": "",
            "read_attributes": [],
            "refresh_token_validity": 1,
            "supported_identity_providers": [],
            "token_validity_units": [
              {
                "access_token": "hours",
                "id_token": "hours",
                "refresh_token": "days"
              }
            ],
            "user_pool_id": "us-east-1_a9ec9274ec774839a8e4bffb3668baac",
            "write_attributes": []
          },
          "sensitive_attributes": [],
          "dependencies": [
            "aws_cognito_user_pool.wallet-user-pool",
            "module.lambda-function-auth-create.aws_cloudwatch_log_group.lambda",
            "module.lambda-function-auth-create.aws_iam_policy.additional_inline",
            "module.lambda-function-auth-create.aws_iam_policy.additional_json",
            "module.lambda-function-auth-create.aws_iam_policy.additional_jsons",
            "module.lambda-function-auth-create.aws_iam_policy.async",
            "module.lambda-function-auth-create.aws_iam_policy.dead_letter",
            "module.lambda-function-auth-create.aws_iam_policy.logs",
            "module.lambda-function-auth-create.aws_iam_policy.tracing",
            "module.lambda-function-auth-create.aws_iam_policy.vpc",
            "module.lambda-function-auth-create.aws_iam_role.lambda",
            "module.lambda-function-auth-create.aws_iam_role_policy_attachment.additional_inline",
            "module.lambda-function-auth-create.aws_iam_role_policy_attachment.additional_json",
            "module.lambda-function-auth-create.aws_iam_role_policy_attachment.additional_jsons",
            "module.lambda-function-auth-create.aws_iam_role_policy_attachment.additional_many",
            "module.lambda-function-auth-create.aws_iam_role_policy_attachment.additional_one",
            "module.lambda-function-auth-create.aws_iam_role_policy_attachment.async",
            "module.lambda-function-auth-create.aws_iam_role_policy_attachment.dead_letter",
            "module.lambda-function-auth-create.aws_iam_role_policy_attachment.logs",
            "module.lambda-function-auth-create.aws_iam_role_policy_attachment.tracing",
            "module.lambda-function-auth-create.aws_iam_role_policy_attachment.vpc",
            "module.lambda-function-auth-create.aws_lambda_function.this",
            "module.lambda-function-auth-create.aws_s3_object.lambda_package",
            "module.lambda-function-auth-create.data.aws_arn.log_group_arn",
            "module.lambda-function-auth-create.data.aws_cloudwatch_log_group.lambda",
            "module.lambda-function-auth-create.data.aws_iam_policy.tracing",
            "module.lambda-function-auth-create.data.aws_iam_policy.vpc",
            "module.lambda-function-auth-create.data.aws_iam_policy_document.additional_inline",
            "module.lambda-function-auth-create.data.aws_iam_policy_document.assume_role",
            "module.lambda-function-auth-create.data.aws_iam_policy_document.async",
            "module.lambda-function-auth-create.data.aws_iam_policy_document.dead_letter",
            "module.lambda-function-auth-create.data.aws_iam_policy_document.logs",
            "module.lambda-function-auth-create.data.aws_partition.current",
            "module.lambda-function-auth-create.data.external.archive_prepare",
            "module.lambda-function-auth-create.local_file.archive_plan",
            "module.lambda-function-auth-create.null_resource.archive",
            "module.lambda-function-auth-define.aws_cloudwatch_log_group.lambda",
            "module.lambda-function-auth-define.aws_iam_policy.additional_inline",
            "module.lambda-function-auth-define.aws_iam_policy.additional_json",
            "module.lambda-function-auth-define.aws_iam_policy.additional_jsons",
            "module.lambda-function-auth-define.aws_iam_policy.async",
            "module.lambda-function-auth-define.aws_iam_policy.dead_letter",
            "module.lambda-function-auth-define.aws_iam_policy.logs",
            "module.lambda-function-auth-define.aws_iam_policy.tracing",
            "module.lambda-function-auth-define.aws_iam_policy.vpc",
            "module.lambda-function-auth-define.aws_iam_role.lambda",
            "module.lambda-function-auth-define.aws_iam_role_policy_attachment.additional_inline",
            "module.lambda-function-auth-define.aws_iam_role_policy_attachment.additional_json",
            "module.lambda-function-auth-define.aws_iam_role_policy_attachment.additional_jsons",
            "module.lambda-function-auth-define.aws_iam_role_policy_attachment.additional_many",
            "module.lambda-function-auth-define.aws_iam_role_policy_attachment.additional_one",
            "module.lambda-function-auth-define.aws_iam_role_policy_attachment.async",
            "module.lambda-function-auth-define.aws_iam_role_policy_attachment.dead_letter",
            "module.lambda-function-auth-define.aws_iam_role_policy_attachment.logs",
            "module.lambda-function-auth-define.aws_iam_role_policy_attachment.tracing",
            "module.lambda-function-auth-define.aws_iam_role_policy_attachment.vpc",
            "module.lambda-function-auth-define.aws_lambda_function.this",
            "module.lambda-function-auth-define.aws_s3_object.lambda_package",
            "module.lambda-function-auth-define.data.aws_arn.log_group_arn",
            "module.lambda-function-auth-define.data.aws_cloudwatch_log_group.lambda",
            "module.lambda-function-auth-define.data.aws_iam_policy.tracing",
            "module.lambda-function-auth-define.data.aws_iam_policy.vpc",
            "module.lambda-function-auth-define.data.aws_iam_policy_document.additional_inline",
            "module.lambda-function-auth-define.data.aws_iam_policy_document.assume_role",
            "module.lambda-function-auth-define.data.aws_iam_policy_document.async",
            "module.lambda-function-auth-define.data.aws_iam_policy_document.dead_letter",
            "module.lambda-function-auth-define.data.aws_iam_policy_document.logs",
            "module.lambda-function-auth-define.data.aws_partition.current",
            "module.lambda-function-auth-define.data.external.archive_prepare",
            "module.lambda-function-auth-define.local_file.archive_plan",
            "module.lambda-function-auth-define.null_resource.archive",
            "module.lambda-function-auth-post.aws_cloudwatch_log_group.lambda",
            "module.lambda-function-auth-post.aws_iam_policy.additional_inline",
            "module.lambda-function-auth-post.aws_iam_policy.additional_json",
            "module.lambda-function-auth-post.aws_iam_policy.additional_jsons",
            "module.lambda-function-auth-post.aws_iam_policy.async",
            "module.lambda-function-auth-post.aws_iam_policy.dead_letter",
            "module.lambda-function-auth-post.aws_iam_policy.logs",
            "module.lambda-function-auth-post.aws_iam_policy.tracing",
            "module.lambda-function-auth-post.aws_iam_policy.vpc",
            "module.lambda-function-auth-post.aws_iam_role.lambda",
            "module.lambda-function-auth-post.aws_iam_role_policy_attachment.additional_inline",
            "module.lambda-function-auth-post.aws_iam_role_policy_attachment.additional_json",
            "module.lambda-function-auth-post.aws_iam_role_policy_attachment.additional_jsons",
            "module.lambda-function-auth-post.aws_iam_role_policy_attachment.additional_many",
            "module.lambda-function-auth-post.aws_iam_role_policy_attachment.additional_one",
            "module.lambda-function-auth-post.aws_iam_role_policy_attachment.async",
            "module.lambda-function-auth-post.aws_iam_role_policy_attachment.dead_letter",
            "module.lambda-function-auth-post.aws_iam_role_policy_attachment.logs",
            "module.lambda-function-auth-post.aws_iam_role_policy_attachment.tracing",
            "module.lambda-function-auth-post.aws_iam_role_policy_attachment.vpc",
            "module.lambda-function-auth-post.aws_lambda_function.this",
            "module.lambda-function-auth-post.aws_s3_object.lambda_package",
            "module.lambda-function-auth-post.data.aws_arn.log_group_arn",
            "module.lambda-function-auth-post.data.aws_cloudwatch_log_group.lambda",
            "module.lambda-function-auth-post.data.aws_iam_policy.tracing",
            "module.lambda-function-auth-post.data.aws_iam_policy.vpc",
            "module.lambda-function-auth-post.data.aws_iam_policy_document.additional_inline",
            "module.lambda-function-auth-post.data.aws_iam_policy_document.assume_role",
            "module.lambda-function-auth-post.data.aws_iam_policy_document.async",
            "module.lambda-function-auth-post.data.aws_iam_policy_document.dead_letter",
            "module.lambda-function-auth-post.data.aws_iam_policy_document.logs",
            "module.lambda-function-auth-post.data.aws_partition.current",
            "module.lambda-function-auth-post.data.external.archive_prepare",
            "module.lambda-function-auth-post.local_file.archive_plan",
            "module.lambda-function-auth-post.null_resource.archive",
            "module.lambda-function-auth-presignup.aws_cloudwatch_log_group.lambda",
            "module.lambda-function-auth-presignup.aws_iam_policy.additional_inline",
            "module.lambda-function-auth-presignup.aws_iam_policy.additional_json",
            "module.lambda-function-auth-presignup.aws_iam_policy.additional_jsons",
            "module.lambda-function-auth-presignup.aws_iam_policy.async",
            "module.lambda-function-auth-presignup.aws_iam_policy.dead_letter",
            "module.lambda-function-auth-presignup.aws_iam_policy.logs",
            "module.lambda-function-auth-presignup.aws_iam_policy.tracing",
            "module.lambda-function-auth-presignup.aws_iam_policy.vpc",
            "module.lambda-function-auth-presignup.aws_iam_role.lambda",
            "module.lambda-function-auth-presignup.aws_iam_role_policy_attachment.additional_inline",
            "module.lambda-function-auth-presignup.aws_iam_role_policy_attachment.additional_json",
            "module.lambda-function-auth-presignup.aws_iam_role_policy_attachment.additional_jsons",
            "module.lambda-function-auth-presignup.aws_iam_role_policy_attachment.additional_many",
            "module.lambda-function-auth-presignup.aws_iam_role_policy_attachment.additional_one",
            "module.lambda-function-auth-presignup.aws_iam_role_policy_attachment.async",
            "module.lambda-function-auth-presignup.aws_iam_role_policy_attachment.dead_letter",
            "module.lambda-function-auth-presignup.aws_iam_role_policy_attachment.logs",
            "module.lambda-function-auth-presignup.aws_iam_role_policy_attachment.tracing",
            "module.lambda-function-auth-presignup.aws_iam_role_policy_attachment.vpc",
            "module.lambda-function-auth-presignup.aws_lambda_function.this",
            "module.lambda-function-auth-presignup.aws_s3_object.lambda_package",
            "module.lambda-function-auth-presignup.data.aws_arn.log_group_arn",
            "module.lambda-function-auth-presignup.data.aws_cloudwatch_log_group.lambda",
            "module.lambda-function-auth-presignup.data.aws_iam_policy.tracing",
            "module.lambda-function-auth-presignup.data.aws_iam_policy.vpc",
            "module.lambda-function-auth-presignup.data.aws_iam_policy_document.additional_inline",
            "module.lambda-function-auth-presignup.data.aws_iam_policy_document.assume_role",
            "module.lambda-function-auth-presignup.data.aws_iam_policy_document.async",
            "module.lambda-function-auth-presignup.data.aws_iam_policy_document.dead_letter",
            "module.lambda-function-auth-presignup.data.aws_iam_policy_document.logs",
            "module.lambda-function-auth-presignup.data.aws_partition.current",
            "module.lambda-function-auth-presignup.data.external.archive_prepare",
            "module.lambda-function-auth-presignup.local_file.archive_plan",
            "module.lambda-function-auth-presignup.null_resource.archive",
            "module.lambda-function-auth-verify.aws_cloudwatch_log_group.lambda",
            "module.lambda-function-auth-verify.aws_iam_policy.additional_inline",
            "module.lambda-function-auth-verify.aws_iam_policy.additional_json",
            "module.lambda-function-auth-verify.aws_iam_policy.additional_jsons",
            "module.lambda-function-auth-verify.aws_iam_policy.async",
            "module.lambda-function-auth-verify.aws_iam_policy.dead_letter",
            "module.lambda-function-auth-verify.aws_iam_policy.logs",
            "module.lambda-function-auth-verify.aws_iam_policy.tracing",
            "module.lambda-function-auth-verify.aws_iam_policy.vpc",
            "module.lambda-function-auth-verify.aws_iam_role.lambda",
            "module.lambda-function-auth-verify.aws_iam_role_policy_attachment.additional_inline",
            "module.lambda-function-auth-verify.aws_iam_role_policy_attachment.additional_json",
            "module.lambda-function-auth-verify.aws_iam_role_policy_attachment.additional_jsons",
            "module.lambda-function-auth-verify.aws_iam_role_policy_attachment.additional_many",
            "module.lambda-function-auth-verify.aws_iam_role_policy_attachment.additional_one",
            "module.lambda-function-auth-verify.aws_iam_role_policy_attachment.async",
            "module.lambda-function-auth-verify.aws_iam_role_policy_attachment.dead_letter",
            "module.lambda-function-auth-verify.aws_iam_role_policy_attachment.logs",
            "module.lambda-function-auth-verify.aws_iam_role_policy_attachment.tracing",
            "module.lambda-function-auth-verify.aws_iam_role_policy_attachment.vpc",
            "module.lambda-function-auth-verify.aws_lambda_function.this",
            "module.lambda-function-auth-verify.aws_s3_object.lambda_package",
            "module.lambda-function-auth-verify.data.aws_arn.log_group_arn",
            "module.lambda-function-auth-verify.data.aws_cloudwatch_log_group.lambda",
            "module.lambda-function-auth-verify.data.aws_iam_policy.tracing",
            "module.lambda-function-auth-verify.data.aws_iam_policy.vpc",
            "module.lambda-function-auth-verify.data.aws_iam_policy_document.additional_inline",
            "module.lambda-function-auth-verify.data.aws_iam_policy_document.assume_role",
            "module.lambda-function-auth-verify.data.aws_iam_policy_document.async",
            "module.lambda-function-auth-verify.data.aws_iam_policy_document.dead_letter",
            "module.lambda-function-auth-verify.data.aws_iam_policy_document.logs",
            "module.lambda-function-auth-verify.data.aws_partition.current",
            "module.lambda-function-auth-verify.data.external.archive_prepare",
            "module.lambda-function-auth-verify.local_file.archive_plan",
            "module.lambda-function-auth-verify.null_resource.archive"
          ]
        }
      ]
    },
    {
      "mode": "managed",
      "type": "aws_lambda_permission",
      "name": "apigw-lambda-get",
      "provider": "provider[\"registry.terraform.io/hashicorp/aws\"]",
      "instances": [
        {
          "schema_version": 0,
          "attributes": {
            "action": "lambda:InvokeFunction",
            "event_source_token": null,
            "function_name": "lambda-function-helloworld-default",
            "function_url_auth_type": null,
            "id": "AllowExecutionFromAPIGatewayHelloWorld",
            "principal": "apigateway.amazonaws.com",
            "principal_org_id": null,
            "qualifier": "",
            "source_account": null,
            "source_arn": "arn:aws:execute-api:us-east-1:000000000000:uxy0my5t5z/*/GET/*",
            "statement_id": "AllowExecutionFromAPIGatewayHelloWorld",
            "statement_id_prefix": ""
          },
          "sensitive_attributes": [],
          "private": "bnVsbA==",
          "dependencies": [
            "aws_api_gateway_authorizer.cog-authorizer",
            "aws_api_gateway_method.helloworld-id-get",
            "aws_api_gateway_resource.helloworld-id",
            "aws_api_gateway_rest_api.helloworld",
            "aws_cognito_user_pool.wallet-user-pool",
            "module.lambda-function-auth-create.aws_cloudwatch_log_group.lambda",
            "module.lambda-function-auth-create.aws_iam_policy.additional_inline",
            "module.lambda-function-auth-create.aws_iam_policy.additional_json",
            "module.lambda-function-auth-create.aws_iam_policy.additional_jsons",
            "module.lambda-function-auth-create.aws_iam_policy.async",
            "module.lambda-function-auth-create.aws_iam_policy.dead_letter",
            "module.lambda-function-auth-create.aws_iam_policy.logs",
            "module.lambda-function-auth-create.aws_iam_policy.tracing",
            "module.lambda-function-auth-create.aws_iam_policy.vpc",
            "module.lambda-function-auth-create.aws_iam_role.lambda",
            "module.lambda-function-auth-create.aws_iam_role_policy_attachment.additional_inline",
            "module.lambda-function-auth-create.aws_iam_role_policy_attachment.additional_json",
            "module.lambda-function-auth-create.aws_iam_role_policy_attachment.additional_jsons",
            "module.lambda-function-auth-create.aws_iam_role_policy_attachment.additional_many",
            "module.lambda-function-auth-create.aws_iam_role_policy_attachment.additional_one",
            "module.lambda-function-auth-create.aws_iam_role_policy_attachment.async",
            "module.lambda-function-auth-create.aws_iam_role_policy_attachment.dead_letter",
            "module.lambda-function-auth-create.aws_iam_role_policy_attachment.logs",
            "module.lambda-function-auth-create.aws_iam_role_policy_attachment.tracing",
            "module.lambda-function-auth-create.aws_iam_role_policy_attachment.vpc",
            "module.lambda-function-auth-create.aws_lambda_function.this",
            "module.lambda-function-auth-create.aws_s3_object.lambda_package",
            "module.lambda-function-auth-create.data.aws_arn.log_group_arn",
            "module.lambda-function-auth-create.data.aws_cloudwatch_log_group.lambda",
            "module.lambda-function-auth-create.data.aws_iam_policy.tracing",
            "module.lambda-function-auth-create.data.aws_iam_policy.vpc",
            "module.lambda-function-auth-create.data.aws_iam_policy_document.additional_inline",
            "module.lambda-function-auth-create.data.aws_iam_policy_document.assume_role",
            "module.lambda-function-auth-create.data.aws_iam_policy_document.async",
            "module.lambda-function-auth-create.data.aws_iam_policy_document.dead_letter",
            "module.lambda-function-auth-create.data.aws_iam_policy_document.logs",
            "module.lambda-function-auth-create.data.aws_partition.current",
            "module.lambda-function-auth-create.data.external.archive_prepare",
            "module.lambda-function-auth-create.local_file.archive_plan",
            "module.lambda-function-auth-create.null_resource.archive",
            "module.lambda-function-auth-define.aws_cloudwatch_log_group.lambda",
            "module.lambda-function-auth-define.aws_iam_policy.additional_inline",
            "module.lambda-function-auth-define.aws_iam_policy.additional_json",
            "module.lambda-function-auth-define.aws_iam_policy.additional_jsons",
            "module.lambda-function-auth-define.aws_iam_policy.async",
            "module.lambda-function-auth-define.aws_iam_policy.dead_letter",
            "module.lambda-function-auth-define.aws_iam_policy.logs",
            "module.lambda-function-auth-define.aws_iam_policy.tracing",
            "module.lambda-function-auth-define.aws_iam_policy.vpc",
            "module.lambda-function-auth-define.aws_iam_role.lambda",
            "module.lambda-function-auth-define.aws_iam_role_policy_attachment.additional_inline",
            "module.lambda-function-auth-define.aws_iam_role_policy_attachment.additional_json",
            "module.lambda-function-auth-define.aws_iam_role_policy_attachment.additional_jsons",
            "module.lambda-function-auth-define.aws_iam_role_policy_attachment.additional_many",
            "module.lambda-function-auth-define.aws_iam_role_policy_attachment.additional_one",
            "module.lambda-function-auth-define.aws_iam_role_policy_attachment.async",
            "module.lambda-function-auth-define.aws_iam_role_policy_attachment.dead_letter",
            "module.lambda-function-auth-define.aws_iam_role_policy_attachment.logs",
            "module.lambda-function-auth-define.aws_iam_role_policy_attachment.tracing",
            "module.lambda-function-auth-define.aws_iam_role_policy_attachment.vpc",
            "module.lambda-function-auth-define.aws_lambda_function.this",
            "module.lambda-function-auth-define.aws_s3_object.lambda_package",
            "module.lambda-function-auth-define.data.aws_arn.log_group_arn",
            "module.lambda-function-auth-define.data.aws_cloudwatch_log_group.lambda",
            "module.lambda-function-auth-define.data.aws_iam_policy.tracing",
            "module.lambda-function-auth-define.data.aws_iam_policy.vpc",
            "module.lambda-function-auth-define.data.aws_iam_policy_document.additional_inline",
            "module.lambda-function-auth-define.data.aws_iam_policy_document.assume_role",
            "module.lambda-function-auth-define.data.aws_iam_policy_document.async",
            "module.lambda-function-auth-define.data.aws_iam_policy_document.dead_letter",
            "module.lambda-function-auth-define.data.aws_iam_policy_document.logs",
            "module.lambda-function-auth-define.data.aws_partition.current",
            "module.lambda-function-auth-define.data.external.archive_prepare",
            "module.lambda-function-auth-define.local_file.archive_plan",
            "module.lambda-function-auth-define.null_resource.archive",
            "module.lambda-function-auth-post.aws_cloudwatch_log_group.lambda",
            "module.lambda-function-auth-post.aws_iam_policy.additional_inline",
            "module.lambda-function-auth-post.aws_iam_policy.additional_json",
            "module.lambda-function-auth-post.aws_iam_policy.additional_jsons",
            "module.lambda-function-auth-post.aws_iam_policy.async",
            "module.lambda-function-auth-post.aws_iam_policy.dead_letter",
            "module.lambda-function-auth-post.aws_iam_policy.logs",
            "module.lambda-function-auth-post.aws_iam_policy.tracing",
            "module.lambda-function-auth-post.aws_iam_policy.vpc",
            "module.lambda-function-auth-post.aws_iam_role.lambda",
            "module.lambda-function-auth-post.aws_iam_role_policy_attachment.additional_inline",
            "module.lambda-function-auth-post.aws_iam_role_policy_attachment.additional_json",
            "module.lambda-function-auth-post.aws_iam_role_policy_attachment.additional_jsons",
            "module.lambda-function-auth-post.aws_iam_role_policy_attachment.additional_many",
            "module.lambda-function-auth-post.aws_iam_role_policy_attachment.additional_one",
            "module.lambda-function-auth-post.aws_iam_role_policy_attachment.async",
            "module.lambda-function-auth-post.aws_iam_role_policy_attachment.dead_letter",
            "module.lambda-function-auth-post.aws_iam_role_policy_attachment.logs",
            "module.lambda-function-auth-post.aws_iam_role_policy_attachment.tracing",
            "module.lambda-function-auth-post.aws_iam_role_policy_attachment.vpc",
            "module.lambda-function-auth-post.aws_lambda_function.this",
            "module.lambda-function-auth-post.aws_s3_object.lambda_package",
            "module.lambda-function-auth-post.data.aws_arn.log_group_arn",
            "module.lambda-function-auth-post.data.aws_cloudwatch_log_group.lambda",
            "module.lambda-function-auth-post.data.aws_iam_policy.tracing",
            "module.lambda-function-auth-post.data.aws_iam_policy.vpc",
            "module.lambda-function-auth-post.data.aws_iam_policy_document.additional_inline",
            "module.lambda-function-auth-post.data.aws_iam_policy_document.assume_role",
            "module.lambda-function-auth-post.data.aws_iam_policy_document.async",
            "module.lambda-function-auth-post.data.aws_iam_policy_document.dead_letter",
            "module.lambda-function-auth-post.data.aws_iam_policy_document.logs",
            "module.lambda-function-auth-post.data.aws_partition.current",
            "module.lambda-function-auth-post.data.external.archive_prepare",
            "module.lambda-function-auth-post.local_file.archive_plan",
            "module.lambda-function-auth-post.null_resource.archive",
            "module.lambda-function-auth-presignup.aws_cloudwatch_log_group.lambda",
            "module.lambda-function-auth-presignup.aws_iam_policy.additional_inline",
            "module.lambda-function-auth-presignup.aws_iam_policy.additional_json",
            "module.lambda-function-auth-presignup.aws_iam_policy.additional_jsons",
            "module.lambda-function-auth-presignup.aws_iam_policy.async",
            "module.lambda-function-auth-presignup.aws_iam_policy.dead_letter",
            "module.lambda-function-auth-presignup.aws_iam_policy.logs",
            "module.lambda-function-auth-presignup.aws_iam_policy.tracing",
            "module.lambda-function-auth-presignup.aws_iam_policy.vpc",
            "module.lambda-function-auth-presignup.aws_iam_role.lambda",
            "module.lambda-function-auth-presignup.aws_iam_role_policy_attachment.additional_inline",
            "module.lambda-function-auth-presignup.aws_iam_role_policy_attachment.additional_json",
            "module.lambda-function-auth-presignup.aws_iam_role_policy_attachment.additional_jsons",
            "module.lambda-function-auth-presignup.aws_iam_role_policy_attachment.additional_many",
            "module.lambda-function-auth-presignup.aws_iam_role_policy_attachment.additional_one",
            "module.lambda-function-auth-presignup.aws_iam_role_policy_attachment.async",
            "module.lambda-function-auth-presignup.aws_iam_role_policy_attachment.dead_letter",
            "module.lambda-function-auth-presignup.aws_iam_role_policy_attachment.logs",
            "module.lambda-function-auth-presignup.aws_iam_role_policy_attachment.tracing",
            "module.lambda-function-auth-presignup.aws_iam_role_policy_attachment.vpc",
            "module.lambda-function-auth-presignup.aws_lambda_function.this",
            "module.lambda-function-auth-presignup.aws_s3_object.lambda_package",
            "module.lambda-function-auth-presignup.data.aws_arn.log_group_arn",
            "module.lambda-function-auth-presignup.data.aws_cloudwatch_log_group.lambda",
            "module.lambda-function-auth-presignup.data.aws_iam_policy.tracing",
            "module.lambda-function-auth-presignup.data.aws_iam_policy.vpc",
            "module.lambda-function-auth-presignup.data.aws_iam_policy_document.additional_inline",
            "module.lambda-function-auth-presignup.data.aws_iam_policy_document.assume_role",
            "module.lambda-function-auth-presignup.data.aws_iam_policy_document.async",
            "module.lambda-function-auth-presignup.data.aws_iam_policy_document.dead_letter",
            "module.lambda-function-auth-presignup.data.aws_iam_policy_document.logs",
            "module.lambda-function-auth-presignup.data.aws_partition.current",
            "module.lambda-function-auth-presignup.data.external.archive_prepare",
            "module.lambda-function-auth-presignup.local_file.archive_plan",
            "module.lambda-function-auth-presignup.null_resource.archive",
            "module.lambda-function-auth-verify.aws_cloudwatch_log_group.lambda",
            "module.lambda-function-auth-verify.aws_iam_policy.additional_inline",
            "module.lambda-function-auth-verify.aws_iam_policy.additional_json",
            "module.lambda-function-auth-verify.aws_iam_policy.additional_jsons",
            "module.lambda-function-auth-verify.aws_iam_policy.async",
            "module.lambda-function-auth-verify.aws_iam_policy.dead_letter",
            "module.lambda-function-auth-verify.aws_iam_policy.logs",
            "module.lambda-function-auth-verify.aws_iam_policy.tracing",
            "module.lambda-function-auth-verify.aws_iam_policy.vpc",
            "module.lambda-function-auth-verify.aws_iam_role.lambda",
            "module.lambda-function-auth-verify.aws_iam_role_policy_attachment.additional_inline",
            "module.lambda-function-auth-verify.aws_iam_role_policy_attachment.additional_json",
            "module.lambda-function-auth-verify.aws_iam_role_policy_attachment.additional_jsons",
            "module.lambda-function-auth-verify.aws_iam_role_policy_attachment.additional_many",
            "module.lambda-function-auth-verify.aws_iam_role_policy_attachment.additional_one",
            "module.lambda-function-auth-verify.aws_iam_role_policy_attachment.async",
            "module.lambda-function-auth-verify.aws_iam_role_policy_attachment.dead_letter",
            "module.lambda-function-auth-verify.aws_iam_role_policy_attachment.logs",
            "module.lambda-function-auth-verify.aws_iam_role_policy_attachment.tracing",
            "module.lambda-function-auth-verify.aws_iam_role_policy_attachment.vpc",
            "module.lambda-function-auth-verify.aws_lambda_function.this",
            "module.lambda-function-auth-verify.aws_s3_object.lambda_package",
            "module.lambda-function-auth-verify.data.aws_arn.log_group_arn",
            "module.lambda-function-auth-verify.data.aws_cloudwatch_log_group.lambda",
            "module.lambda-function-auth-verify.data.aws_iam_policy.tracing",
            "module.lambda-function-auth-verify.data.aws_iam_policy.vpc",
            "module.lambda-function-auth-verify.data.aws_iam_policy_document.additional_inline",
            "module.lambda-function-auth-verify.data.aws_iam_policy_document.assume_role",
            "module.lambda-function-auth-verify.data.aws_iam_policy_document.async",
            "module.lambda-function-auth-verify.data.aws_iam_policy_document.dead_letter",
            "module.lambda-function-auth-verify.data.aws_iam_policy_document.logs",
            "module.lambda-function-auth-verify.data.aws_partition.current",
            "module.lambda-function-auth-verify.data.external.archive_prepare",
            "module.lambda-function-auth-verify.local_file.archive_plan",
            "module.lambda-function-auth-verify.null_resource.archive",
            "module.lambda-function-helloworld.aws_cloudwatch_log_group.lambda",
            "module.lambda-function-helloworld.aws_iam_policy.additional_inline",
            "module.lambda-function-helloworld.aws_iam_policy.additional_json",
            "module.lambda-function-helloworld.aws_iam_policy.additional_jsons",
            "module.lambda-function-helloworld.aws_iam_policy.async",
            "module.lambda-function-helloworld.aws_iam_policy.dead_letter",
            "module.lambda-function-helloworld.aws_iam_policy.logs",
            "module.lambda-function-helloworld.aws_iam_policy.tracing",
            "module.lambda-function-helloworld.aws_iam_policy.vpc",
            "module.lambda-function-helloworld.aws_iam_role.lambda",
            "module.lambda-function-helloworld.aws_iam_role_policy_attachment.additional_inline",
            "module.lambda-function-helloworld.aws_iam_role_policy_attachment.additional_json",
            "module.lambda-function-helloworld.aws_iam_role_policy_attachment.additional_jsons",
            "module.lambda-function-helloworld.aws_iam_role_policy_attachment.additional_many",
            "module.lambda-function-helloworld.aws_iam_role_policy_attachment.additional_one",
            "module.lambda-function-helloworld.aws_iam_role_policy_attachment.async",
            "module.lambda-function-helloworld.aws_iam_role_policy_attachment.dead_letter",
            "module.lambda-function-helloworld.aws_iam_role_policy_attachment.logs",
            "module.lambda-function-helloworld.aws_iam_role_policy_attachment.tracing",
            "module.lambda-function-helloworld.aws_iam_role_policy_attachment.vpc",
            "module.lambda-function-helloworld.aws_lambda_function.this",
            "module.lambda-function-helloworld.aws_s3_object.lambda_package",
            "module.lambda-function-helloworld.data.aws_arn.log_group_arn",
            "module.lambda-function-helloworld.data.aws_cloudwatch_log_group.lambda",
            "module.lambda-function-helloworld.data.aws_iam_policy.tracing",
            "module.lambda-function-helloworld.data.aws_iam_policy.vpc",
            "module.lambda-function-helloworld.data.aws_iam_policy_document.additional_inline",
            "module.lambda-function-helloworld.data.aws_iam_policy_document.assume_role",
            "module.lambda-function-helloworld.data.aws_iam_policy_document.async",
            "module.lambda-function-helloworld.data.aws_iam_policy_document.dead_letter",
            "module.lambda-function-helloworld.data.aws_iam_policy_document.logs",
            "module.lambda-function-helloworld.data.aws_partition.current",
            "module.lambda-function-helloworld.data.external.archive_prepare",
            "module.lambda-function-helloworld.local_file.archive_plan",
            "module.lambda-function-helloworld.null_resource.archive"
          ],
          "create_before_destroy": true
        }
      ]
    },
    {
      "module": "module.lambda-function-auth-create",
      "mode": "data",
      "type": "aws_caller_identity",
      "name": "current",
      "provider": "provider[\"registry.terraform.io/hashicorp/aws\"]",
      "instances": [
        {
          "schema_version": 0,
          "attributes": {
            "account_id": "000000000000",
            "arn": "arn:aws:iam::000000000000:root",
            "id": "000000000000",
            "user_id": "AKIAIOSFODNN7EXAMPLE"
          },
          "sensitive_attributes": []
        }
      ]
    },
    {
      "module": "module.lambda-function-auth-create",
      "mode": "data",
      "type": "aws_iam_policy_document",
      "name": "assume_role",
      "provider": "provider[\"registry.terraform.io/hashicorp/aws\"]",
      "instances": [
        {
          "index_key": 0,
          "schema_version": 0,
          "attributes": {
            "id": "2690255455",
            "json": "{\n  \"Version\": \"2012-10-17\",\n  \"Statement\": [\n    {\n      \"Effect\": \"Allow\",\n      \"Action\": \"sts:AssumeRole\",\n      \"Principal\": {\n        \"Service\": \"lambda.amazonaws.com\"\n      }\n    }\n  ]\n}",
            "override_policy_documents": null,
            "policy_id": null,
            "source_policy_documents": null,
            "statement": [
              {
                "actions": [
                  "sts:AssumeRole"
                ],
                "condition": [],
                "effect": "Allow",
                "not_actions": [],
                "not_principals": [],
                "not_resources": [],
                "principals": [
                  {
                    "identifiers": [
                      "lambda.amazonaws.com"
                    ],
                    "type": "Service"
                  }
                ],
                "resources": [],
                "sid": ""
              }
            ],
            "version": "2012-10-17"
          },
          "sensitive_attributes": []
        }
      ]
    },
    {
      "module": "module.lambda-function-auth-create",
      "mode": "data",
      "type": "aws_iam_policy_document",
      "name": "logs",
      "provider": "provider[\"registry.terraform.io/hashicorp/aws\"]",
      "instances": [
        {
          "index_key": 0,
          "schema_version": 0,
          "attributes": {
            "id": "114726402",
            "json": "{\n  \"Version\": \"2012-10-17\",\n  \"Statement\": [\n    {\n      \"Effect\": \"Allow\",\n      \"Action\": [\n        \"logs:PutLogEvents\",\n        \"logs:CreateLogStream\",\n        \"logs:CreateLogGroup\"\n      ],\n      \"Resource\": [\n        \"arn:aws:logs:us-east-1:000000000000:log-group:/aws/lambda/lambda-function-auth-create-default:*:*\",\n        \"arn:aws:logs:us-east-1:000000000000:log-group:/aws/lambda/lambda-function-auth-create-default:*\"\n      ]\n    }\n  ]\n}",
            "override_policy_documents": null,
            "policy_id": null,
            "source_policy_documents": null,
            "statement": [
              {
                "actions": [
                  "logs:CreateLogGroup",
                  "logs:CreateLogStream",
                  "logs:PutLogEvents"
                ],
                "condition": [],
                "effect": "Allow",
                "not_actions": [],
                "not_principals": [],
                "not_resources": [],
                "principals": [],
                "resources": [
                  "arn:aws:logs:us-east-1:000000000000:log-group:/aws/lambda/lambda-function-auth-create-default:*",
                  "arn:aws:logs:us-east-1:000000000000:log-group:/aws/lambda/lambda-function-auth-create-default:*:*"
                ],
                "sid": ""
              }
            ],
            "version": "2012-10-17"
          },
          "sensitive_attributes": []
        }
      ]
    },
    {
      "module": "module.lambda-function-auth-create",
      "mode": "data",
      "type": "aws_partition",
      "name": "current",
      "provider": "provider[\"registry.terraform.io/hashicorp/aws\"]",
      "instances": [
        {
          "schema_version": 0,
          "attributes": {
            "dns_suffix": "amazonaws.com",
            "id": "aws",
            "partition": "aws",
            "reverse_dns_prefix": "com.amazonaws"
          },
          "sensitive_attributes": []
        }
      ]
    },
    {
      "module": "module.lambda-function-auth-create",
      "mode": "data",
      "type": "aws_region",
      "name": "current",
      "provider": "provider[\"registry.terraform.io/hashicorp/aws\"]",
      "instances": [
        {
          "schema_version": 0,
          "attributes": {
            "description": "US East (N. Virginia)",
            "endpoint": "ec2.us-east-1.amazonaws.com",
            "id": "us-east-1",
            "name": "us-east-1"
          },
          "sensitive_attributes": []
        }
      ]
    },
    {
      "module": "module.lambda-function-auth-create",
      "mode": "data",
      "type": "external",
      "name": "archive_prepare",
      "provider": "provider[\"registry.terraform.io/hashicorp/external\"]",
      "instances": [
        {
          "index_key": 0,
          "schema_version": 0,
          "attributes": {
            "id": "-",
            "program": [
              "python3",
              ".terraform/modules/lambda-function-auth-create/package.py",
              "prepare"
            ],
            "query": {
              "artifacts_dir": "builds",
              "docker": null,
              "hash_extra": "",
              "hash_extra_paths": "[]",
              "paths": "{\"cwd\":\"/Users/johnosullivan/Desktop/tflocal-starter/terraform\",\"module\":\".terraform/modules/lambda-function-auth-create\",\"root\":\".\"}",
              "recreate_missing_package": "true",
              "runtime": "nodejs18.x",
              "source_path": "\"../src/authentication/create\""
            },
            "result": {
              "build_plan": "{\"filename\": \"builds/5d8628728b8a7fd473789b49b4e3337e538772ee33eef2ffcaa43c436fe4ee48.zip\", \"runtime\": \"nodejs18.x\", \"artifacts_dir\": \"builds\", \"build_plan\": [[\"npm\", \"nodejs18.x\", \"../src/authentication/create/package.json\", null, null], [\"zip\", \"../src/authentication/create\", null]]}",
              "build_plan_filename": "builds/5d8628728b8a7fd473789b49b4e3337e538772ee33eef2ffcaa43c436fe4ee48.plan.json",
              "filename": "builds/5d8628728b8a7fd473789b49b4e3337e538772ee33eef2ffcaa43c436fe4ee48.zip",
              "timestamp": "1704611965293032884",
              "was_missing": "false"
            },
            "working_dir": null
          },
          "sensitive_attributes": []
        }
      ]
    },
    {
      "module": "module.lambda-function-auth-create",
      "mode": "managed",
      "type": "aws_cloudwatch_log_group",
      "name": "lambda",
      "provider": "provider[\"registry.terraform.io/hashicorp/aws\"]",
      "instances": [
        {
          "index_key": 0,
          "schema_version": 0,
          "attributes": {
            "arn": "arn:aws:logs:us-east-1:000000000000:log-group:/aws/lambda/lambda-function-auth-create-default",
            "id": "/aws/lambda/lambda-function-auth-create-default",
            "kms_key_id": "",
            "log_group_class": "",
            "name": "/aws/lambda/lambda-function-auth-create-default",
            "name_prefix": "",
            "retention_in_days": 0,
            "skip_destroy": false,
            "tags": {
              "Environment": "default",
              "Name": "lambda-function-auth-create-default"
            },
            "tags_all": {
              "Environment": "default",
              "Name": "lambda-function-auth-create-default"
            }
          },
          "sensitive_attributes": [],
          "private": "bnVsbA==",
          "create_before_destroy": true
        }
      ]
    },
    {
      "module": "module.lambda-function-auth-create",
      "mode": "managed",
      "type": "aws_iam_policy",
      "name": "logs",
      "provider": "provider[\"registry.terraform.io/hashicorp/aws\"]",
      "instances": [
        {
          "index_key": 0,
          "schema_version": 0,
          "attributes": {
            "arn": "arn:aws:iam::000000000000:policy/lambda-function-auth-create-default-logs",
            "description": "",
            "id": "arn:aws:iam::000000000000:policy/lambda-function-auth-create-default-logs",
            "name": "lambda-function-auth-create-default-logs",
            "name_prefix": "",
            "path": "/",
            "policy": "{\"Statement\":[{\"Action\":[\"logs:PutLogEvents\",\"logs:CreateLogStream\",\"logs:CreateLogGroup\"],\"Effect\":\"Allow\",\"Resource\":[\"arn:aws:logs:us-east-1:000000000000:log-group:/aws/lambda/lambda-function-auth-create-default:*:*\",\"arn:aws:logs:us-east-1:000000000000:log-group:/aws/lambda/lambda-function-auth-create-default:*\"]}],\"Version\":\"2012-10-17\"}",
            "policy_id": "AJ0CN6HXKP9L7QSW2MRX2",
            "tags": {
              "Environment": "default",
              "Name": "lambda-function-auth-create-default"
            },
            "tags_all": {
              "Environment": "default",
              "Name": "lambda-function-auth-create-default"
            }
          },
          "sensitive_attributes": [],
          "private": "bnVsbA==",
          "dependencies": [
            "module.lambda-function-auth-create.aws_cloudwatch_log_group.lambda",
            "module.lambda-function-auth-create.data.aws_arn.log_group_arn",
            "module.lambda-function-auth-create.data.aws_cloudwatch_log_group.lambda",
            "module.lambda-function-auth-create.data.aws_iam_policy_document.logs"
          ],
          "create_before_destroy": true
        }
      ]
    },
    {
      "module": "module.lambda-function-auth-create",
      "mode": "managed",
      "type": "aws_iam_role",
      "name": "lambda",
      "provider": "provider[\"registry.terraform.io/hashicorp/aws\"]",
      "instances": [
        {
          "index_key": 0,
          "schema_version": 0,
          "attributes": {
            "arn": "arn:aws:iam::000000000000:role/lambda-function-auth-create-default",
            "assume_role_policy": "{\"Statement\":[{\"Action\":\"sts:AssumeRole\",\"Effect\":\"Allow\",\"Principal\":{\"Service\":\"lambda.amazonaws.com\"}}],\"Version\":\"2012-10-17\"}",
            "create_date": "2024-02-03T23:28:53Z",
            "description": "",
            "force_detach_policies": true,
            "id": "lambda-function-auth-create-default",
            "inline_policy": [],
            "managed_policy_arns": [
              "arn:aws:iam::000000000000:policy/lambda-function-auth-create-default-logs"
            ],
            "max_session_duration": 3600,
            "name": "lambda-function-auth-create-default",
            "name_prefix": "",
            "path": "/",
            "permissions_boundary": "",
            "tags": {
              "Environment": "default",
              "Name": "lambda-function-auth-create-default"
            },
            "tags_all": {
              "Environment": "default",
              "Name": "lambda-function-auth-create-default"
            },
            "unique_id": "AROAQAAAAAAAOUTSG4FOE"
          },
          "sensitive_attributes": [],
          "private": "bnVsbA==",
          "dependencies": [
            "module.lambda-function-auth-create.data.aws_iam_policy_document.assume_role"
          ],
          "create_before_destroy": true
        }
      ]
    },
    {
      "module": "module.lambda-function-auth-create",
      "mode": "managed",
      "type": "aws_iam_role_policy_attachment",
      "name": "logs",
      "provider": "provider[\"registry.terraform.io/hashicorp/aws\"]",
      "instances": [
        {
          "index_key": 0,
          "schema_version": 0,
          "attributes": {
            "id": "lambda-function-auth-create-default-20240203232854432300000005",
            "policy_arn": "arn:aws:iam::000000000000:policy/lambda-function-auth-create-default-logs",
            "role": "lambda-function-auth-create-default"
          },
          "sensitive_attributes": [],
          "private": "bnVsbA==",
          "dependencies": [
            "module.lambda-function-auth-create.aws_cloudwatch_log_group.lambda",
            "module.lambda-function-auth-create.aws_iam_policy.logs",
            "module.lambda-function-auth-create.aws_iam_role.lambda",
            "module.lambda-function-auth-create.data.aws_arn.log_group_arn",
            "module.lambda-function-auth-create.data.aws_cloudwatch_log_group.lambda",
            "module.lambda-function-auth-create.data.aws_iam_policy_document.assume_role",
            "module.lambda-function-auth-create.data.aws_iam_policy_document.logs"
          ],
          "create_before_destroy": true
        }
      ]
    },
    {
      "module": "module.lambda-function-auth-create",
      "mode": "managed",
      "type": "aws_lambda_function",
      "name": "this",
      "provider": "provider[\"registry.terraform.io/hashicorp/aws\"]",
      "instances": [
        {
          "index_key": 0,
          "schema_version": 0,
          "attributes": {
            "architectures": [
              "x86_64"
            ],
            "arn": "arn:aws:lambda:us-east-1:000000000000:function:lambda-function-auth-create-default",
            "code_signing_config_arn": "",
            "dead_letter_config": [],
            "description": "auth create lambda function",
            "environment": [],
            "ephemeral_storage": [
              {
                "size": 512
              }
            ],
            "file_system_config": [],
            "filename": "builds/5d8628728b8a7fd473789b49b4e3337e538772ee33eef2ffcaa43c436fe4ee48.zip",
            "function_name": "lambda-function-auth-create-default",
            "handler": "index.handler",
            "id": "lambda-function-auth-create-default",
            "image_config": [],
            "image_uri": "",
            "invoke_arn": "arn:aws:apigateway:us-east-1:lambda:path/2015-03-31/functions/arn:aws:lambda:us-east-1:000000000000:function:lambda-function-auth-create-default/invocations",
            "kms_key_arn": "",
            "last_modified": "2024-02-05T05:03:58.900113+0000",
            "layers": [],
            "logging_config": [],
            "memory_size": 256,
            "package_type": "Zip",
            "publish": false,
            "qualified_arn": "arn:aws:lambda:us-east-1:000000000000:function:lambda-function-auth-create-default:$LATEST",
            "qualified_invoke_arn": "arn:aws:apigateway:us-east-1:lambda:path/2015-03-31/functions/arn:aws:lambda:us-east-1:000000000000:function:lambda-function-auth-create-default:$LATEST/invocations",
            "replace_security_groups_on_destroy": null,
            "replacement_security_group_ids": null,
            "reserved_concurrent_executions": -1,
            "role": "arn:aws:iam::000000000000:role/lambda-function-auth-create-default",
            "runtime": "nodejs18.x",
            "s3_bucket": null,
            "s3_key": null,
            "s3_object_version": null,
            "signing_job_arn": "",
            "signing_profile_version_arn": "",
            "skip_destroy": false,
            "snap_start": [],
            "source_code_hash": "E7xVVs1TZlC4WU4zwSA9vg2hKt+ObHryF5PHPr7IN8A=",
            "source_code_size": 947,
            "tags": {
              "Environment": "default",
              "Name": "lambda-function-auth-create-default"
            },
            "tags_all": {
              "Environment": "default",
              "Name": "lambda-function-auth-create-default"
            },
            "timeout": 60,
            "timeouts": null,
            "tracing_config": [
              {
                "mode": "PassThrough"
              }
            ],
            "version": "$LATEST",
            "vpc_config": []
          },
          "sensitive_attributes": [],
          "private": "eyJlMmJmYjczMC1lY2FhLTExZTYtOGY4OC0zNDM2M2JjN2M0YzAiOnsiY3JlYXRlIjo2MDAwMDAwMDAwMDAsImRlbGV0ZSI6NjAwMDAwMDAwMDAwLCJ1cGRhdGUiOjYwMDAwMDAwMDAwMH19",
          "dependencies": [
            "module.lambda-function-auth-create.aws_cloudwatch_log_group.lambda",
            "module.lambda-function-auth-create.aws_iam_role.lambda",
            "module.lambda-function-auth-create.aws_iam_role_policy_attachment.additional_inline",
            "module.lambda-function-auth-create.aws_iam_role_policy_attachment.additional_json",
            "module.lambda-function-auth-create.aws_iam_role_policy_attachment.additional_jsons",
            "module.lambda-function-auth-create.aws_iam_role_policy_attachment.additional_many",
            "module.lambda-function-auth-create.aws_iam_role_policy_attachment.additional_one",
            "module.lambda-function-auth-create.aws_iam_role_policy_attachment.async",
            "module.lambda-function-auth-create.aws_iam_role_policy_attachment.dead_letter",
            "module.lambda-function-auth-create.aws_iam_role_policy_attachment.logs",
            "module.lambda-function-auth-create.aws_iam_role_policy_attachment.tracing",
            "module.lambda-function-auth-create.aws_iam_role_policy_attachment.vpc",
            "module.lambda-function-auth-create.aws_s3_object.lambda_package",
            "module.lambda-function-auth-create.data.aws_partition.current",
            "module.lambda-function-auth-create.data.external.archive_prepare",
            "module.lambda-function-auth-create.null_resource.archive"
          ]
        }
      ]
    },
    {
      "module": "module.lambda-function-auth-create",
      "mode": "managed",
      "type": "local_file",
      "name": "archive_plan",
      "provider": "provider[\"registry.terraform.io/hashicorp/local\"]",
      "instances": [
        {
          "index_key": 0,
          "schema_version": 0,
          "attributes": {
            "content": "{\"filename\": \"builds/5d8628728b8a7fd473789b49b4e3337e538772ee33eef2ffcaa43c436fe4ee48.zip\", \"runtime\": \"nodejs18.x\", \"artifacts_dir\": \"builds\", \"build_plan\": [[\"npm\", \"nodejs18.x\", \"../src/authentication/create/package.json\", null, null], [\"zip\", \"../src/authentication/create\", null]]}",
            "content_base64": null,
            "content_base64sha256": "Bsuh54Hc4/gCGUf/8IP+tTELRJC4YXJmJtgn+DqcRV0=",
            "content_base64sha512": "XbmYHQ69l+XRlQj0kOok5obIk7GAAqNxEbhuxv2ft/98WGUf1hku4fRIcfpl2o2nMmP3GSxDz9NCoQAIDU6ZTw==",
            "content_md5": "639fd03a051236682a9f017659f04c2e",
            "content_sha1": "47dc623e4360b2a9ea16325001c6ea5d9e307272",
            "content_sha256": "06cba1e781dce3f8021947fff083feb5310b4490b861726626d827f83a9c455d",
            "content_sha512": "5db9981d0ebd97e5d19508f490ea24e686c893b18002a37111b86ec6fd9fb7ff7c58651fd6192ee1f44871fa65da8da73263f7192c43cfd342a100080d4e994f",
            "directory_permission": "0755",
            "file_permission": "0644",
            "filename": "builds/5d8628728b8a7fd473789b49b4e3337e538772ee33eef2ffcaa43c436fe4ee48.plan.json",
            "id": "47dc623e4360b2a9ea16325001c6ea5d9e307272",
            "sensitive_content": null,
            "source": null
          },
          "sensitive_attributes": [],
          "dependencies": [
            "module.lambda-function-auth-create.data.external.archive_prepare"
          ],
          "create_before_destroy": true
        }
      ]
    },
    {
      "module": "module.lambda-function-auth-create",
      "mode": "managed",
      "type": "null_resource",
      "name": "archive",
      "provider": "provider[\"registry.terraform.io/hashicorp/null\"]",
      "instances": [
        {
          "index_key": 0,
          "schema_version": 0,
          "attributes": {
            "id": "6022993551158114182",
            "triggers": {
              "filename": "builds/5d8628728b8a7fd473789b49b4e3337e538772ee33eef2ffcaa43c436fe4ee48.zip",
              "timestamp": "1704611965293032884"
            }
          },
          "sensitive_attributes": [],
          "dependencies": [
            "module.lambda-function-auth-create.data.external.archive_prepare",
            "module.lambda-function-auth-create.local_file.archive_plan"
          ],
          "create_before_destroy": true
        }
      ]
    },
    {
      "module": "module.lambda-function-auth-define",
      "mode": "data",
      "type": "aws_caller_identity",
      "name": "current",
      "provider": "provider[\"registry.terraform.io/hashicorp/aws\"]",
      "instances": [
        {
          "schema_version": 0,
          "attributes": {
            "account_id": "000000000000",
            "arn": "arn:aws:iam::000000000000:root",
            "id": "000000000000",
            "user_id": "AKIAIOSFODNN7EXAMPLE"
          },
          "sensitive_attributes": []
        }
      ]
    },
    {
      "module": "module.lambda-function-auth-define",
      "mode": "data",
      "type": "aws_iam_policy_document",
      "name": "assume_role",
      "provider": "provider[\"registry.terraform.io/hashicorp/aws\"]",
      "instances": [
        {
          "index_key": 0,
          "schema_version": 0,
          "attributes": {
            "id": "2690255455",
            "json": "{\n  \"Version\": \"2012-10-17\",\n  \"Statement\": [\n    {\n      \"Effect\": \"Allow\",\n      \"Action\": \"sts:AssumeRole\",\n      \"Principal\": {\n        \"Service\": \"lambda.amazonaws.com\"\n      }\n    }\n  ]\n}",
            "override_policy_documents": null,
            "policy_id": null,
            "source_policy_documents": null,
            "statement": [
              {
                "actions": [
                  "sts:AssumeRole"
                ],
                "condition": [],
                "effect": "Allow",
                "not_actions": [],
                "not_principals": [],
                "not_resources": [],
                "principals": [
                  {
                    "identifiers": [
                      "lambda.amazonaws.com"
                    ],
                    "type": "Service"
                  }
                ],
                "resources": [],
                "sid": ""
              }
            ],
            "version": "2012-10-17"
          },
          "sensitive_attributes": []
        }
      ]
    },
    {
      "module": "module.lambda-function-auth-define",
      "mode": "data",
      "type": "aws_iam_policy_document",
      "name": "logs",
      "provider": "provider[\"registry.terraform.io/hashicorp/aws\"]",
      "instances": [
        {
          "index_key": 0,
          "schema_version": 0,
          "attributes": {
            "id": "2907956096",
            "json": "{\n  \"Version\": \"2012-10-17\",\n  \"Statement\": [\n    {\n      \"Effect\": \"Allow\",\n      \"Action\": [\n        \"logs:PutLogEvents\",\n        \"logs:CreateLogStream\",\n        \"logs:CreateLogGroup\"\n      ],\n      \"Resource\": [\n        \"arn:aws:logs:us-east-1:000000000000:log-group:/aws/lambda/lambda-function-auth-define-default:*:*\",\n        \"arn:aws:logs:us-east-1:000000000000:log-group:/aws/lambda/lambda-function-auth-define-default:*\"\n      ]\n    }\n  ]\n}",
            "override_policy_documents": null,
            "policy_id": null,
            "source_policy_documents": null,
            "statement": [
              {
                "actions": [
                  "logs:CreateLogGroup",
                  "logs:CreateLogStream",
                  "logs:PutLogEvents"
                ],
                "condition": [],
                "effect": "Allow",
                "not_actions": [],
                "not_principals": [],
                "not_resources": [],
                "principals": [],
                "resources": [
                  "arn:aws:logs:us-east-1:000000000000:log-group:/aws/lambda/lambda-function-auth-define-default:*",
                  "arn:aws:logs:us-east-1:000000000000:log-group:/aws/lambda/lambda-function-auth-define-default:*:*"
                ],
                "sid": ""
              }
            ],
            "version": "2012-10-17"
          },
          "sensitive_attributes": []
        }
      ]
    },
    {
      "module": "module.lambda-function-auth-define",
      "mode": "data",
      "type": "aws_partition",
      "name": "current",
      "provider": "provider[\"registry.terraform.io/hashicorp/aws\"]",
      "instances": [
        {
          "schema_version": 0,
          "attributes": {
            "dns_suffix": "amazonaws.com",
            "id": "aws",
            "partition": "aws",
            "reverse_dns_prefix": "com.amazonaws"
          },
          "sensitive_attributes": []
        }
      ]
    },
    {
      "module": "module.lambda-function-auth-define",
      "mode": "data",
      "type": "aws_region",
      "name": "current",
      "provider": "provider[\"registry.terraform.io/hashicorp/aws\"]",
      "instances": [
        {
          "schema_version": 0,
          "attributes": {
            "description": "US East (N. Virginia)",
            "endpoint": "ec2.us-east-1.amazonaws.com",
            "id": "us-east-1",
            "name": "us-east-1"
          },
          "sensitive_attributes": []
        }
      ]
    },
    {
      "module": "module.lambda-function-auth-define",
      "mode": "data",
      "type": "external",
      "name": "archive_prepare",
      "provider": "provider[\"registry.terraform.io/hashicorp/external\"]",
      "instances": [
        {
          "index_key": 0,
          "schema_version": 0,
          "attributes": {
            "id": "-",
            "program": [
              "python3",
              ".terraform/modules/lambda-function-auth-define/package.py",
              "prepare"
            ],
            "query": {
              "artifacts_dir": "builds",
              "docker": null,
              "hash_extra": "",
              "hash_extra_paths": "[]",
              "paths": "{\"cwd\":\"/Users/johnosullivan/Desktop/tflocal-starter/terraform\",\"module\":\".terraform/modules/lambda-function-auth-define\",\"root\":\".\"}",
              "recreate_missing_package": "true",
              "runtime": "nodejs18.x",
              "source_path": "\"../src/authentication/define\""
            },
            "result": {
              "build_plan": "{\"filename\": \"builds/d1640154586ac4d1270cb2a6cedc283db9e3dccb612c0817294782ee10b5f60c.zip\", \"runtime\": \"nodejs18.x\", \"artifacts_dir\": \"builds\", \"build_plan\": [[\"npm\", \"nodejs18.x\", \"../src/authentication/define/package.json\", null, null], [\"zip\", \"../src/authentication/define\", null]]}",
              "build_plan_filename": "builds/d1640154586ac4d1270cb2a6cedc283db9e3dccb612c0817294782ee10b5f60c.plan.json",
              "filename": "builds/d1640154586ac4d1270cb2a6cedc283db9e3dccb612c0817294782ee10b5f60c.zip",
              "timestamp": "1704611965291476964",
              "was_missing": "false"
            },
            "working_dir": null
          },
          "sensitive_attributes": []
        }
      ]
    },
    {
      "module": "module.lambda-function-auth-define",
      "mode": "managed",
      "type": "aws_cloudwatch_log_group",
      "name": "lambda",
      "provider": "provider[\"registry.terraform.io/hashicorp/aws\"]",
      "instances": [
        {
          "index_key": 0,
          "schema_version": 0,
          "attributes": {
            "arn": "arn:aws:logs:us-east-1:000000000000:log-group:/aws/lambda/lambda-function-auth-define-default",
            "id": "/aws/lambda/lambda-function-auth-define-default",
            "kms_key_id": "",
            "log_group_class": "",
            "name": "/aws/lambda/lambda-function-auth-define-default",
            "name_prefix": "",
            "retention_in_days": 0,
            "skip_destroy": false,
            "tags": {
              "Environment": "default",
              "Name": "lambda-function-auth-define-default"
            },
            "tags_all": {
              "Environment": "default",
              "Name": "lambda-function-auth-define-default"
            }
          },
          "sensitive_attributes": [],
          "private": "bnVsbA==",
          "create_before_destroy": true
        }
      ]
    },
    {
      "module": "module.lambda-function-auth-define",
      "mode": "managed",
      "type": "aws_iam_policy",
      "name": "logs",
      "provider": "provider[\"registry.terraform.io/hashicorp/aws\"]",
      "instances": [
        {
          "index_key": 0,
          "schema_version": 0,
          "attributes": {
            "arn": "arn:aws:iam::000000000000:policy/lambda-function-auth-define-default-logs",
            "description": "",
            "id": "arn:aws:iam::000000000000:policy/lambda-function-auth-define-default-logs",
            "name": "lambda-function-auth-define-default-logs",
            "name_prefix": "",
            "path": "/",
            "policy": "{\"Statement\":[{\"Action\":[\"logs:PutLogEvents\",\"logs:CreateLogStream\",\"logs:CreateLogGroup\"],\"Effect\":\"Allow\",\"Resource\":[\"arn:aws:logs:us-east-1:000000000000:log-group:/aws/lambda/lambda-function-auth-define-default:*:*\",\"arn:aws:logs:us-east-1:000000000000:log-group:/aws/lambda/lambda-function-auth-define-default:*\"]}],\"Version\":\"2012-10-17\"}",
            "policy_id": "ABFWW4CKAPJHUL5HYK34Z",
            "tags": {
              "Environment": "default",
              "Name": "lambda-function-auth-define-default"
            },
            "tags_all": {
              "Environment": "default",
              "Name": "lambda-function-auth-define-default"
            }
          },
          "sensitive_attributes": [],
          "private": "bnVsbA==",
          "dependencies": [
            "module.lambda-function-auth-define.aws_cloudwatch_log_group.lambda",
            "module.lambda-function-auth-define.data.aws_arn.log_group_arn",
            "module.lambda-function-auth-define.data.aws_cloudwatch_log_group.lambda",
            "module.lambda-function-auth-define.data.aws_iam_policy_document.logs"
          ],
          "create_before_destroy": true
        }
      ]
    },
    {
      "module": "module.lambda-function-auth-define",
      "mode": "managed",
      "type": "aws_iam_role",
      "name": "lambda",
      "provider": "provider[\"registry.terraform.io/hashicorp/aws\"]",
      "instances": [
        {
          "index_key": 0,
          "schema_version": 0,
          "attributes": {
            "arn": "arn:aws:iam::000000000000:role/lambda-function-auth-define-default",
            "assume_role_policy": "{\"Statement\":[{\"Action\":\"sts:AssumeRole\",\"Effect\":\"Allow\",\"Principal\":{\"Service\":\"lambda.amazonaws.com\"}}],\"Version\":\"2012-10-17\"}",
            "create_date": "2024-02-03T23:28:53Z",
            "description": "",
            "force_detach_policies": true,
            "id": "lambda-function-auth-define-default",
            "inline_policy": [],
            "managed_policy_arns": [
              "arn:aws:iam::000000000000:policy/lambda-function-auth-define-default-logs"
            ],
            "max_session_duration": 3600,
            "name": "lambda-function-auth-define-default",
            "name_prefix": "",
            "path": "/",
            "permissions_boundary": "",
            "tags": {
              "Environment": "default",
              "Name": "lambda-function-auth-define-default"
            },
            "tags_all": {
              "Environment": "default",
              "Name": "lambda-function-auth-define-default"
            },
            "unique_id": "AROAQAAAAAAAC7MASWELH"
          },
          "sensitive_attributes": [],
          "private": "bnVsbA==",
          "dependencies": [
            "module.lambda-function-auth-define.data.aws_iam_policy_document.assume_role"
          ],
          "create_before_destroy": true
        }
      ]
    },
    {
      "module": "module.lambda-function-auth-define",
      "mode": "managed",
      "type": "aws_iam_role_policy_attachment",
      "name": "logs",
      "provider": "provider[\"registry.terraform.io/hashicorp/aws\"]",
      "instances": [
        {
          "index_key": 0,
          "schema_version": 0,
          "attributes": {
            "id": "lambda-function-auth-define-default-20240203232854432000000004",
            "policy_arn": "arn:aws:iam::000000000000:policy/lambda-function-auth-define-default-logs",
            "role": "lambda-function-auth-define-default"
          },
          "sensitive_attributes": [],
          "private": "bnVsbA==",
          "dependencies": [
            "module.lambda-function-auth-define.aws_cloudwatch_log_group.lambda",
            "module.lambda-function-auth-define.aws_iam_policy.logs",
            "module.lambda-function-auth-define.aws_iam_role.lambda",
            "module.lambda-function-auth-define.data.aws_arn.log_group_arn",
            "module.lambda-function-auth-define.data.aws_cloudwatch_log_group.lambda",
            "module.lambda-function-auth-define.data.aws_iam_policy_document.assume_role",
            "module.lambda-function-auth-define.data.aws_iam_policy_document.logs"
          ],
          "create_before_destroy": true
        }
      ]
    },
    {
      "module": "module.lambda-function-auth-define",
      "mode": "managed",
      "type": "aws_lambda_function",
      "name": "this",
      "provider": "provider[\"registry.terraform.io/hashicorp/aws\"]",
      "instances": [
        {
          "index_key": 0,
          "schema_version": 0,
          "attributes": {
            "architectures": [
              "x86_64"
            ],
            "arn": "arn:aws:lambda:us-east-1:000000000000:function:lambda-function-auth-define-default",
            "code_signing_config_arn": "",
            "dead_letter_config": [],
            "description": "auth define lambda function",
            "environment": [],
            "ephemeral_storage": [
              {
                "size": 512
              }
            ],
            "file_system_config": [],
            "filename": "builds/d1640154586ac4d1270cb2a6cedc283db9e3dccb612c0817294782ee10b5f60c.zip",
            "function_name": "lambda-function-auth-define-default",
            "handler": "index.handler",
            "id": "lambda-function-auth-define-default",
            "image_config": [],
            "image_uri": "",
            "invoke_arn": "arn:aws:apigateway:us-east-1:lambda:path/2015-03-31/functions/arn:aws:lambda:us-east-1:000000000000:function:lambda-function-auth-define-default/invocations",
            "kms_key_arn": "",
            "last_modified": "2024-02-05T05:03:58.896263+0000",
            "layers": [],
            "logging_config": [],
            "memory_size": 256,
            "package_type": "Zip",
            "publish": false,
            "qualified_arn": "arn:aws:lambda:us-east-1:000000000000:function:lambda-function-auth-define-default:$LATEST",
            "qualified_invoke_arn": "arn:aws:apigateway:us-east-1:lambda:path/2015-03-31/functions/arn:aws:lambda:us-east-1:000000000000:function:lambda-function-auth-define-default:$LATEST/invocations",
            "replace_security_groups_on_destroy": null,
            "replacement_security_group_ids": null,
            "reserved_concurrent_executions": -1,
            "role": "arn:aws:iam::000000000000:role/lambda-function-auth-define-default",
            "runtime": "nodejs18.x",
            "s3_bucket": null,
            "s3_key": null,
            "s3_object_version": null,
            "signing_job_arn": "",
            "signing_profile_version_arn": "",
            "skip_destroy": false,
            "snap_start": [],
            "source_code_hash": "HPtPVPeIKv94gXouejdDnGzmOI4n0ytGrwBp4l6sVXk=",
            "source_code_size": 1114,
            "tags": {
              "Environment": "default",
              "Name": "lambda-function-auth-define-default"
            },
            "tags_all": {
              "Environment": "default",
              "Name": "lambda-function-auth-define-default"
            },
            "timeout": 60,
            "timeouts": null,
            "tracing_config": [
              {
                "mode": "PassThrough"
              }
            ],
            "version": "$LATEST",
            "vpc_config": []
          },
          "sensitive_attributes": [],
          "private": "eyJlMmJmYjczMC1lY2FhLTExZTYtOGY4OC0zNDM2M2JjN2M0YzAiOnsiY3JlYXRlIjo2MDAwMDAwMDAwMDAsImRlbGV0ZSI6NjAwMDAwMDAwMDAwLCJ1cGRhdGUiOjYwMDAwMDAwMDAwMH19",
          "dependencies": [
            "module.lambda-function-auth-define.aws_cloudwatch_log_group.lambda",
            "module.lambda-function-auth-define.aws_iam_role.lambda",
            "module.lambda-function-auth-define.aws_iam_role_policy_attachment.additional_inline",
            "module.lambda-function-auth-define.aws_iam_role_policy_attachment.additional_json",
            "module.lambda-function-auth-define.aws_iam_role_policy_attachment.additional_jsons",
            "module.lambda-function-auth-define.aws_iam_role_policy_attachment.additional_many",
            "module.lambda-function-auth-define.aws_iam_role_policy_attachment.additional_one",
            "module.lambda-function-auth-define.aws_iam_role_policy_attachment.async",
            "module.lambda-function-auth-define.aws_iam_role_policy_attachment.dead_letter",
            "module.lambda-function-auth-define.aws_iam_role_policy_attachment.logs",
            "module.lambda-function-auth-define.aws_iam_role_policy_attachment.tracing",
            "module.lambda-function-auth-define.aws_iam_role_policy_attachment.vpc",
            "module.lambda-function-auth-define.aws_s3_object.lambda_package",
            "module.lambda-function-auth-define.data.aws_partition.current",
            "module.lambda-function-auth-define.data.external.archive_prepare",
            "module.lambda-function-auth-define.null_resource.archive"
          ]
        }
      ]
    },
    {
      "module": "module.lambda-function-auth-define",
      "mode": "managed",
      "type": "local_file",
      "name": "archive_plan",
      "provider": "provider[\"registry.terraform.io/hashicorp/local\"]",
      "instances": [
        {
          "index_key": 0,
          "schema_version": 0,
          "attributes": {
            "content": "{\"filename\": \"builds/d1640154586ac4d1270cb2a6cedc283db9e3dccb612c0817294782ee10b5f60c.zip\", \"runtime\": \"nodejs18.x\", \"artifacts_dir\": \"builds\", \"build_plan\": [[\"npm\", \"nodejs18.x\", \"../src/authentication/define/package.json\", null, null], [\"zip\", \"../src/authentication/define\", null]]}",
            "content_base64": null,
            "content_base64sha256": "FF0QqahMM1q3BwJxKQEgXOtYhf6o6q/dXrVNCht8yB4=",
            "content_base64sha512": "8U9IG4CQB8CkFhfJLTPULR4g6scLwqhYDV7L/l1c0TFIUmrktdpuPqSXcP0WuMVO11rIIk2/gRpHKDHub0kWIA==",
            "content_md5": "0d544e5b5432206236a43090afa66f51",
            "content_sha1": "801dec30d5d882da3acb60c28f565d3f79f13871",
            "content_sha256": "145d10a9a84c335ab70702712901205ceb5885fea8eaafdd5eb54d0a1b7cc81e",
            "content_sha512": "f14f481b809007c0a41617c92d33d42d1e20eac70bc2a8580d5ecbfe5d5cd13148526ae4b5da6e3ea49770fd16b8c54ed75ac8224dbf811a472831ee6f491620",
            "directory_permission": "0755",
            "file_permission": "0644",
            "filename": "builds/d1640154586ac4d1270cb2a6cedc283db9e3dccb612c0817294782ee10b5f60c.plan.json",
            "id": "801dec30d5d882da3acb60c28f565d3f79f13871",
            "sensitive_content": null,
            "source": null
          },
          "sensitive_attributes": [],
          "dependencies": [
            "module.lambda-function-auth-define.data.external.archive_prepare"
          ],
          "create_before_destroy": true
        }
      ]
    },
    {
      "module": "module.lambda-function-auth-define",
      "mode": "managed",
      "type": "null_resource",
      "name": "archive",
      "provider": "provider[\"registry.terraform.io/hashicorp/null\"]",
      "instances": [
        {
          "index_key": 0,
          "schema_version": 0,
          "attributes": {
            "id": "6930139224889631408",
            "triggers": {
              "filename": "builds/d1640154586ac4d1270cb2a6cedc283db9e3dccb612c0817294782ee10b5f60c.zip",
              "timestamp": "1704611965291476964"
            }
          },
          "sensitive_attributes": [],
          "dependencies": [
            "module.lambda-function-auth-define.data.external.archive_prepare",
            "module.lambda-function-auth-define.local_file.archive_plan"
          ],
          "create_before_destroy": true
        }
      ]
    },
    {
      "module": "module.lambda-function-auth-post",
      "mode": "data",
      "type": "aws_caller_identity",
      "name": "current",
      "provider": "provider[\"registry.terraform.io/hashicorp/aws\"]",
      "instances": [
        {
          "schema_version": 0,
          "attributes": {
            "account_id": "000000000000",
            "arn": "arn:aws:iam::000000000000:root",
            "id": "000000000000",
            "user_id": "AKIAIOSFODNN7EXAMPLE"
          },
          "sensitive_attributes": []
        }
      ]
    },
    {
      "module": "module.lambda-function-auth-post",
      "mode": "data",
      "type": "aws_iam_policy_document",
      "name": "assume_role",
      "provider": "provider[\"registry.terraform.io/hashicorp/aws\"]",
      "instances": [
        {
          "index_key": 0,
          "schema_version": 0,
          "attributes": {
            "id": "2690255455",
            "json": "{\n  \"Version\": \"2012-10-17\",\n  \"Statement\": [\n    {\n      \"Effect\": \"Allow\",\n      \"Action\": \"sts:AssumeRole\",\n      \"Principal\": {\n        \"Service\": \"lambda.amazonaws.com\"\n      }\n    }\n  ]\n}",
            "override_policy_documents": null,
            "policy_id": null,
            "source_policy_documents": null,
            "statement": [
              {
                "actions": [
                  "sts:AssumeRole"
                ],
                "condition": [],
                "effect": "Allow",
                "not_actions": [],
                "not_principals": [],
                "not_resources": [],
                "principals": [
                  {
                    "identifiers": [
                      "lambda.amazonaws.com"
                    ],
                    "type": "Service"
                  }
                ],
                "resources": [],
                "sid": ""
              }
            ],
            "version": "2012-10-17"
          },
          "sensitive_attributes": []
        }
      ]
    },
    {
      "module": "module.lambda-function-auth-post",
      "mode": "data",
      "type": "aws_iam_policy_document",
      "name": "logs",
      "provider": "provider[\"registry.terraform.io/hashicorp/aws\"]",
      "instances": [
        {
          "index_key": 0,
          "schema_version": 0,
          "attributes": {
            "id": "1296658456",
            "json": "{\n  \"Version\": \"2012-10-17\",\n  \"Statement\": [\n    {\n      \"Effect\": \"Allow\",\n      \"Action\": [\n        \"logs:PutLogEvents\",\n        \"logs:CreateLogStream\",\n        \"logs:CreateLogGroup\"\n      ],\n      \"Resource\": [\n        \"arn:aws:logs:us-east-1:000000000000:log-group:/aws/lambda/lambda-function-auth-post-default:*:*\",\n        \"arn:aws:logs:us-east-1:000000000000:log-group:/aws/lambda/lambda-function-auth-post-default:*\"\n      ]\n    }\n  ]\n}",
            "override_policy_documents": null,
            "policy_id": null,
            "source_policy_documents": null,
            "statement": [
              {
                "actions": [
                  "logs:CreateLogGroup",
                  "logs:CreateLogStream",
                  "logs:PutLogEvents"
                ],
                "condition": [],
                "effect": "Allow",
                "not_actions": [],
                "not_principals": [],
                "not_resources": [],
                "principals": [],
                "resources": [
                  "arn:aws:logs:us-east-1:000000000000:log-group:/aws/lambda/lambda-function-auth-post-default:*",
                  "arn:aws:logs:us-east-1:000000000000:log-group:/aws/lambda/lambda-function-auth-post-default:*:*"
                ],
                "sid": ""
              }
            ],
            "version": "2012-10-17"
          },
          "sensitive_attributes": []
        }
      ]
    },
    {
      "module": "module.lambda-function-auth-post",
      "mode": "data",
      "type": "aws_partition",
      "name": "current",
      "provider": "provider[\"registry.terraform.io/hashicorp/aws\"]",
      "instances": [
        {
          "schema_version": 0,
          "attributes": {
            "dns_suffix": "amazonaws.com",
            "id": "aws",
            "partition": "aws",
            "reverse_dns_prefix": "com.amazonaws"
          },
          "sensitive_attributes": []
        }
      ]
    },
    {
      "module": "module.lambda-function-auth-post",
      "mode": "data",
      "type": "aws_region",
      "name": "current",
      "provider": "provider[\"registry.terraform.io/hashicorp/aws\"]",
      "instances": [
        {
          "schema_version": 0,
          "attributes": {
            "description": "US East (N. Virginia)",
            "endpoint": "ec2.us-east-1.amazonaws.com",
            "id": "us-east-1",
            "name": "us-east-1"
          },
          "sensitive_attributes": []
        }
      ]
    },
    {
      "module": "module.lambda-function-auth-post",
      "mode": "data",
      "type": "external",
      "name": "archive_prepare",
      "provider": "provider[\"registry.terraform.io/hashicorp/external\"]",
      "instances": [
        {
          "index_key": 0,
          "schema_version": 0,
          "attributes": {
            "id": "-",
            "program": [
              "python3",
              ".terraform/modules/lambda-function-auth-post/package.py",
              "prepare"
            ],
            "query": {
              "artifacts_dir": "builds",
              "docker": null,
              "hash_extra": "",
              "hash_extra_paths": "[]",
              "paths": "{\"cwd\":\"/Users/johnosullivan/Desktop/tflocal-starter/terraform\",\"module\":\".terraform/modules/lambda-function-auth-post\",\"root\":\".\"}",
              "recreate_missing_package": "true",
              "runtime": "nodejs18.x",
              "source_path": "\"../src/authentication/postauth\""
            },
            "result": {
              "build_plan": "{\"filename\": \"builds/aa3b842bcd848f3989b950c7f6be3e153f83ebfeacd60930df4120296831c6c2.zip\", \"runtime\": \"nodejs18.x\", \"artifacts_dir\": \"builds\", \"build_plan\": [[\"npm\", \"nodejs18.x\", \"../src/authentication/postauth/package.json\", null, null], [\"zip\", \"../src/authentication/postauth\", null]]}",
              "build_plan_filename": "builds/aa3b842bcd848f3989b950c7f6be3e153f83ebfeacd60930df4120296831c6c2.plan.json",
              "filename": "builds/aa3b842bcd848f3989b950c7f6be3e153f83ebfeacd60930df4120296831c6c2.zip",
              "timestamp": "1704611965292705059",
              "was_missing": "false"
            },
            "working_dir": null
          },
          "sensitive_attributes": []
        }
      ]
    },
    {
      "module": "module.lambda-function-auth-post",
      "mode": "managed",
      "type": "aws_cloudwatch_log_group",
      "name": "lambda",
      "provider": "provider[\"registry.terraform.io/hashicorp/aws\"]",
      "instances": [
        {
          "index_key": 0,
          "schema_version": 0,
          "attributes": {
            "arn": "arn:aws:logs:us-east-1:000000000000:log-group:/aws/lambda/lambda-function-auth-post-default",
            "id": "/aws/lambda/lambda-function-auth-post-default",
            "kms_key_id": "",
            "log_group_class": "",
            "name": "/aws/lambda/lambda-function-auth-post-default",
            "name_prefix": "",
            "retention_in_days": 0,
            "skip_destroy": false,
            "tags": {
              "Environment": "default",
              "Name": "lambda-function-auth-post-default"
            },
            "tags_all": {
              "Environment": "default",
              "Name": "lambda-function-auth-post-default"
            }
          },
          "sensitive_attributes": [],
          "private": "bnVsbA==",
          "create_before_destroy": true
        }
      ]
    },
    {
      "module": "module.lambda-function-auth-post",
      "mode": "managed",
      "type": "aws_iam_policy",
      "name": "logs",
      "provider": "provider[\"registry.terraform.io/hashicorp/aws\"]",
      "instances": [
        {
          "index_key": 0,
          "schema_version": 0,
          "attributes": {
            "arn": "arn:aws:iam::000000000000:policy/lambda-function-auth-post-default-logs",
            "description": "",
            "id": "arn:aws:iam::000000000000:policy/lambda-function-auth-post-default-logs",
            "name": "lambda-function-auth-post-default-logs",
            "name_prefix": "",
            "path": "/",
            "policy": "{\"Statement\":[{\"Action\":[\"logs:PutLogEvents\",\"logs:CreateLogStream\",\"logs:CreateLogGroup\"],\"Effect\":\"Allow\",\"Resource\":[\"arn:aws:logs:us-east-1:000000000000:log-group:/aws/lambda/lambda-function-auth-post-default:*:*\",\"arn:aws:logs:us-east-1:000000000000:log-group:/aws/lambda/lambda-function-auth-post-default:*\"]}],\"Version\":\"2012-10-17\"}",
            "policy_id": "ADCP9KCIK5XVQ9GZHP2XL",
            "tags": {
              "Environment": "default",
              "Name": "lambda-function-auth-post-default"
            },
            "tags_all": {
              "Environment": "default",
              "Name": "lambda-function-auth-post-default"
            }
          },
          "sensitive_attributes": [],
          "private": "bnVsbA==",
          "dependencies": [
            "module.lambda-function-auth-post.aws_cloudwatch_log_group.lambda",
            "module.lambda-function-auth-post.data.aws_arn.log_group_arn",
            "module.lambda-function-auth-post.data.aws_cloudwatch_log_group.lambda",
            "module.lambda-function-auth-post.data.aws_iam_policy_document.logs"
          ],
          "create_before_destroy": true
        }
      ]
    },
    {
      "module": "module.lambda-function-auth-post",
      "mode": "managed",
      "type": "aws_iam_role",
      "name": "lambda",
      "provider": "provider[\"registry.terraform.io/hashicorp/aws\"]",
      "instances": [
        {
          "index_key": 0,
          "schema_version": 0,
          "attributes": {
            "arn": "arn:aws:iam::000000000000:role/lambda-function-auth-post-default",
            "assume_role_policy": "{\"Statement\":[{\"Action\":\"sts:AssumeRole\",\"Effect\":\"Allow\",\"Principal\":{\"Service\":\"lambda.amazonaws.com\"}}],\"Version\":\"2012-10-17\"}",
            "create_date": "2024-02-03T23:28:53Z",
            "description": "",
            "force_detach_policies": true,
            "id": "lambda-function-auth-post-default",
            "inline_policy": [],
            "managed_policy_arns": [
              "arn:aws:iam::000000000000:policy/lambda-function-auth-post-default-logs"
            ],
            "max_session_duration": 3600,
            "name": "lambda-function-auth-post-default",
            "name_prefix": "",
            "path": "/",
            "permissions_boundary": "",
            "tags": {
              "Environment": "default",
              "Name": "lambda-function-auth-post-default"
            },
            "tags_all": {
              "Environment": "default",
              "Name": "lambda-function-auth-post-default"
            },
            "unique_id": "AROAQAAAAAAABKBORPI6A"
          },
          "sensitive_attributes": [],
          "private": "bnVsbA==",
          "dependencies": [
            "module.lambda-function-auth-post.data.aws_iam_policy_document.assume_role"
          ],
          "create_before_destroy": true
        }
      ]
    },
    {
      "module": "module.lambda-function-auth-post",
      "mode": "managed",
      "type": "aws_iam_role_policy_attachment",
      "name": "logs",
      "provider": "provider[\"registry.terraform.io/hashicorp/aws\"]",
      "instances": [
        {
          "index_key": 0,
          "schema_version": 0,
          "attributes": {
            "id": "lambda-function-auth-post-default-20240203232854433100000006",
            "policy_arn": "arn:aws:iam::000000000000:policy/lambda-function-auth-post-default-logs",
            "role": "lambda-function-auth-post-default"
          },
          "sensitive_attributes": [],
          "private": "bnVsbA==",
          "dependencies": [
            "module.lambda-function-auth-post.aws_cloudwatch_log_group.lambda",
            "module.lambda-function-auth-post.aws_iam_policy.logs",
            "module.lambda-function-auth-post.aws_iam_role.lambda",
            "module.lambda-function-auth-post.data.aws_arn.log_group_arn",
            "module.lambda-function-auth-post.data.aws_cloudwatch_log_group.lambda",
            "module.lambda-function-auth-post.data.aws_iam_policy_document.assume_role",
            "module.lambda-function-auth-post.data.aws_iam_policy_document.logs"
          ],
          "create_before_destroy": true
        }
      ]
    },
    {
      "module": "module.lambda-function-auth-post",
      "mode": "managed",
      "type": "aws_lambda_function",
      "name": "this",
      "provider": "provider[\"registry.terraform.io/hashicorp/aws\"]",
      "instances": [
        {
          "index_key": 0,
          "schema_version": 0,
          "attributes": {
            "architectures": [
              "x86_64"
            ],
            "arn": "arn:aws:lambda:us-east-1:000000000000:function:lambda-function-auth-post-default",
            "code_signing_config_arn": "",
            "dead_letter_config": [],
            "description": "auth post lambda function",
            "environment": [],
            "ephemeral_storage": [
              {
                "size": 512
              }
            ],
            "file_system_config": [],
            "filename": "builds/aa3b842bcd848f3989b950c7f6be3e153f83ebfeacd60930df4120296831c6c2.zip",
            "function_name": "lambda-function-auth-post-default",
            "handler": "index.handler",
            "id": "lambda-function-auth-post-default",
            "image_config": [],
            "image_uri": "",
            "invoke_arn": "arn:aws:apigateway:us-east-1:lambda:path/2015-03-31/functions/arn:aws:lambda:us-east-1:000000000000:function:lambda-function-auth-post-default/invocations",
            "kms_key_arn": "",
            "last_modified": "2024-02-05T05:03:58.917238+0000",
            "layers": [],
            "logging_config": [],
            "memory_size": 256,
            "package_type": "Zip",
            "publish": false,
            "qualified_arn": "arn:aws:lambda:us-east-1:000000000000:function:lambda-function-auth-post-default:$LATEST",
            "qualified_invoke_arn": "arn:aws:apigateway:us-east-1:lambda:path/2015-03-31/functions/arn:aws:lambda:us-east-1:000000000000:function:lambda-function-auth-post-default:$LATEST/invocations",
            "replace_security_groups_on_destroy": null,
            "replacement_security_group_ids": null,
            "reserved_concurrent_executions": -1,
            "role": "arn:aws:iam::000000000000:role/lambda-function-auth-post-default",
            "runtime": "nodejs18.x",
            "s3_bucket": null,
            "s3_key": null,
            "s3_object_version": null,
            "signing_job_arn": "",
            "signing_profile_version_arn": "",
            "skip_destroy": false,
            "snap_start": [],
            "source_code_hash": "2xHA/qUeVhwGtUPS3C1wS7bZCaEwJNcfR0g58czPV28=",
            "source_code_size": 5630673,
            "tags": {
              "Environment": "default",
              "Name": "lambda-function-auth-post-default"
            },
            "tags_all": {
              "Environment": "default",
              "Name": "lambda-function-auth-post-default"
            },
            "timeout": 60,
            "timeouts": null,
            "tracing_config": [
              {
                "mode": "PassThrough"
              }
            ],
            "version": "$LATEST",
            "vpc_config": []
          },
          "sensitive_attributes": [],
          "private": "eyJlMmJmYjczMC1lY2FhLTExZTYtOGY4OC0zNDM2M2JjN2M0YzAiOnsiY3JlYXRlIjo2MDAwMDAwMDAwMDAsImRlbGV0ZSI6NjAwMDAwMDAwMDAwLCJ1cGRhdGUiOjYwMDAwMDAwMDAwMH19",
          "dependencies": [
            "module.lambda-function-auth-post.aws_cloudwatch_log_group.lambda",
            "module.lambda-function-auth-post.aws_iam_role.lambda",
            "module.lambda-function-auth-post.aws_iam_role_policy_attachment.additional_inline",
            "module.lambda-function-auth-post.aws_iam_role_policy_attachment.additional_json",
            "module.lambda-function-auth-post.aws_iam_role_policy_attachment.additional_jsons",
            "module.lambda-function-auth-post.aws_iam_role_policy_attachment.additional_many",
            "module.lambda-function-auth-post.aws_iam_role_policy_attachment.additional_one",
            "module.lambda-function-auth-post.aws_iam_role_policy_attachment.async",
            "module.lambda-function-auth-post.aws_iam_role_policy_attachment.dead_letter",
            "module.lambda-function-auth-post.aws_iam_role_policy_attachment.logs",
            "module.lambda-function-auth-post.aws_iam_role_policy_attachment.tracing",
            "module.lambda-function-auth-post.aws_iam_role_policy_attachment.vpc",
            "module.lambda-function-auth-post.aws_s3_object.lambda_package",
            "module.lambda-function-auth-post.data.aws_partition.current",
            "module.lambda-function-auth-post.data.external.archive_prepare",
            "module.lambda-function-auth-post.null_resource.archive"
          ]
        }
      ]
    },
    {
      "module": "module.lambda-function-auth-post",
      "mode": "managed",
      "type": "local_file",
      "name": "archive_plan",
      "provider": "provider[\"registry.terraform.io/hashicorp/local\"]",
      "instances": [
        {
          "index_key": 0,
          "schema_version": 0,
          "attributes": {
            "content": "{\"filename\": \"builds/aa3b842bcd848f3989b950c7f6be3e153f83ebfeacd60930df4120296831c6c2.zip\", \"runtime\": \"nodejs18.x\", \"artifacts_dir\": \"builds\", \"build_plan\": [[\"npm\", \"nodejs18.x\", \"../src/authentication/postauth/package.json\", null, null], [\"zip\", \"../src/authentication/postauth\", null]]}",
            "content_base64": null,
            "content_base64sha256": "RzapA2OybQecp9j9NFPDBmoTmn36ce8uYiythn1venE=",
            "content_base64sha512": "UMl3M38C3Zw723AseaQtl/baIIJhEUrGv5aQ3hwmjIcTSOUG/2hRFx6/JTVd9QtBY+C6QYg7Lek7bLDSPgIDgQ==",
            "content_md5": "0572331a8d52bfd0c8e6401aacd8bc95",
            "content_sha1": "c6c7b8d15ecb53eed00c07b99e8e992b247ea318",
            "content_sha256": "4736a90363b26d079ca7d8fd3453c3066a139a7dfa71ef2e622cad867d6f7a71",
            "content_sha512": "50c977337f02dd9c3bdb702c79a42d97f6da208261114ac6bf9690de1c268c871348e506ff6851171ebf25355df50b4163e0ba41883b2de93b6cb0d23e020381",
            "directory_permission": "0755",
            "file_permission": "0644",
            "filename": "builds/aa3b842bcd848f3989b950c7f6be3e153f83ebfeacd60930df4120296831c6c2.plan.json",
            "id": "c6c7b8d15ecb53eed00c07b99e8e992b247ea318",
            "sensitive_content": null,
            "source": null
          },
          "sensitive_attributes": [],
          "dependencies": [
            "module.lambda-function-auth-post.data.external.archive_prepare"
          ],
          "create_before_destroy": true
        }
      ]
    },
    {
      "module": "module.lambda-function-auth-post",
      "mode": "managed",
      "type": "null_resource",
      "name": "archive",
      "provider": "provider[\"registry.terraform.io/hashicorp/null\"]",
      "instances": [
        {
          "index_key": 0,
          "schema_version": 0,
          "attributes": {
            "id": "1993852858463312427",
            "triggers": {
              "filename": "builds/aa3b842bcd848f3989b950c7f6be3e153f83ebfeacd60930df4120296831c6c2.zip",
              "timestamp": "1704611965292705059"
            }
          },
          "sensitive_attributes": [],
          "dependencies": [
            "module.lambda-function-auth-post.data.external.archive_prepare",
            "module.lambda-function-auth-post.local_file.archive_plan"
          ],
          "create_before_destroy": true
        }
      ]
    },
    {
      "module": "module.lambda-function-auth-presignup",
      "mode": "data",
      "type": "aws_caller_identity",
      "name": "current",
      "provider": "provider[\"registry.terraform.io/hashicorp/aws\"]",
      "instances": [
        {
          "schema_version": 0,
          "attributes": {
            "account_id": "000000000000",
            "arn": "arn:aws:iam::000000000000:root",
            "id": "000000000000",
            "user_id": "AKIAIOSFODNN7EXAMPLE"
          },
          "sensitive_attributes": []
        }
      ]
    },
    {
      "module": "module.lambda-function-auth-presignup",
      "mode": "data",
      "type": "aws_iam_policy_document",
      "name": "assume_role",
      "provider": "provider[\"registry.terraform.io/hashicorp/aws\"]",
      "instances": [
        {
          "index_key": 0,
          "schema_version": 0,
          "attributes": {
            "id": "2690255455",
            "json": "{\n  \"Version\": \"2012-10-17\",\n  \"Statement\": [\n    {\n      \"Effect\": \"Allow\",\n      \"Action\": \"sts:AssumeRole\",\n      \"Principal\": {\n        \"Service\": \"lambda.amazonaws.com\"\n      }\n    }\n  ]\n}",
            "override_policy_documents": null,
            "policy_id": null,
            "source_policy_documents": null,
            "statement": [
              {
                "actions": [
                  "sts:AssumeRole"
                ],
                "condition": [],
                "effect": "Allow",
                "not_actions": [],
                "not_principals": [],
                "not_resources": [],
                "principals": [
                  {
                    "identifiers": [
                      "lambda.amazonaws.com"
                    ],
                    "type": "Service"
                  }
                ],
                "resources": [],
                "sid": ""
              }
            ],
            "version": "2012-10-17"
          },
          "sensitive_attributes": []
        }
      ]
    },
    {
      "module": "module.lambda-function-auth-presignup",
      "mode": "data",
      "type": "aws_iam_policy_document",
      "name": "logs",
      "provider": "provider[\"registry.terraform.io/hashicorp/aws\"]",
      "instances": [
        {
          "index_key": 0,
          "schema_version": 0,
          "attributes": {
            "id": "947267701",
            "json": "{\n  \"Version\": \"2012-10-17\",\n  \"Statement\": [\n    {\n      \"Effect\": \"Allow\",\n      \"Action\": [\n        \"logs:PutLogEvents\",\n        \"logs:CreateLogStream\",\n        \"logs:CreateLogGroup\"\n      ],\n      \"Resource\": [\n        \"arn:aws:logs:us-east-1:000000000000:log-group:/aws/lambda/lambda-function-auth-presignup-default:*:*\",\n        \"arn:aws:logs:us-east-1:000000000000:log-group:/aws/lambda/lambda-function-auth-presignup-default:*\"\n      ]\n    }\n  ]\n}",
            "override_policy_documents": null,
            "policy_id": null,
            "source_policy_documents": null,
            "statement": [
              {
                "actions": [
                  "logs:CreateLogGroup",
                  "logs:CreateLogStream",
                  "logs:PutLogEvents"
                ],
                "condition": [],
                "effect": "Allow",
                "not_actions": [],
                "not_principals": [],
                "not_resources": [],
                "principals": [],
                "resources": [
                  "arn:aws:logs:us-east-1:000000000000:log-group:/aws/lambda/lambda-function-auth-presignup-default:*",
                  "arn:aws:logs:us-east-1:000000000000:log-group:/aws/lambda/lambda-function-auth-presignup-default:*:*"
                ],
                "sid": ""
              }
            ],
            "version": "2012-10-17"
          },
          "sensitive_attributes": []
        }
      ]
    },
    {
      "module": "module.lambda-function-auth-presignup",
      "mode": "data",
      "type": "aws_partition",
      "name": "current",
      "provider": "provider[\"registry.terraform.io/hashicorp/aws\"]",
      "instances": [
        {
          "schema_version": 0,
          "attributes": {
            "dns_suffix": "amazonaws.com",
            "id": "aws",
            "partition": "aws",
            "reverse_dns_prefix": "com.amazonaws"
          },
          "sensitive_attributes": []
        }
      ]
    },
    {
      "module": "module.lambda-function-auth-presignup",
      "mode": "data",
      "type": "aws_region",
      "name": "current",
      "provider": "provider[\"registry.terraform.io/hashicorp/aws\"]",
      "instances": [
        {
          "schema_version": 0,
          "attributes": {
            "description": "US East (N. Virginia)",
            "endpoint": "ec2.us-east-1.amazonaws.com",
            "id": "us-east-1",
            "name": "us-east-1"
          },
          "sensitive_attributes": []
        }
      ]
    },
    {
      "module": "module.lambda-function-auth-presignup",
      "mode": "data",
      "type": "external",
      "name": "archive_prepare",
      "provider": "provider[\"registry.terraform.io/hashicorp/external\"]",
      "instances": [
        {
          "index_key": 0,
          "schema_version": 0,
          "attributes": {
            "id": "-",
            "program": [
              "python3",
              ".terraform/modules/lambda-function-auth-presignup/package.py",
              "prepare"
            ],
            "query": {
              "artifacts_dir": "builds",
              "docker": null,
              "hash_extra": "",
              "hash_extra_paths": "[]",
              "paths": "{\"cwd\":\"/Users/johnosullivan/Desktop/tflocal-starter/terraform\",\"module\":\".terraform/modules/lambda-function-auth-presignup\",\"root\":\".\"}",
              "recreate_missing_package": "true",
              "runtime": "nodejs18.x",
              "source_path": "\"../src/authentication/presignup\""
            },
            "result": {
              "build_plan": "{\"filename\": \"builds/a5f99f55d933462850c4d6e38e12ab9387fcf8f3008d636b1f0e8e5efbf11ebc.zip\", \"runtime\": \"nodejs18.x\", \"artifacts_dir\": \"builds\", \"build_plan\": [[\"npm\", \"nodejs18.x\", \"../src/authentication/presignup/package.json\", null, null], [\"zip\", \"../src/authentication/presignup\", null]]}",
              "build_plan_filename": "builds/a5f99f55d933462850c4d6e38e12ab9387fcf8f3008d636b1f0e8e5efbf11ebc.plan.json",
              "filename": "builds/a5f99f55d933462850c4d6e38e12ab9387fcf8f3008d636b1f0e8e5efbf11ebc.zip",
              "timestamp": "1704611965292342000",
              "was_missing": "false"
            },
            "working_dir": null
          },
          "sensitive_attributes": []
        }
      ]
    },
    {
      "module": "module.lambda-function-auth-presignup",
      "mode": "managed",
      "type": "aws_cloudwatch_log_group",
      "name": "lambda",
      "provider": "provider[\"registry.terraform.io/hashicorp/aws\"]",
      "instances": [
        {
          "index_key": 0,
          "schema_version": 0,
          "attributes": {
            "arn": "arn:aws:logs:us-east-1:000000000000:log-group:/aws/lambda/lambda-function-auth-presignup-default",
            "id": "/aws/lambda/lambda-function-auth-presignup-default",
            "kms_key_id": "",
            "log_group_class": "",
            "name": "/aws/lambda/lambda-function-auth-presignup-default",
            "name_prefix": "",
            "retention_in_days": 0,
            "skip_destroy": false,
            "tags": {
              "Environment": "default",
              "Name": "lambda-function-auth-presignup-default"
            },
            "tags_all": {
              "Environment": "default",
              "Name": "lambda-function-auth-presignup-default"
            }
          },
          "sensitive_attributes": [],
          "private": "bnVsbA==",
          "create_before_destroy": true
        }
      ]
    },
    {
      "module": "module.lambda-function-auth-presignup",
      "mode": "managed",
      "type": "aws_iam_policy",
      "name": "logs",
      "provider": "provider[\"registry.terraform.io/hashicorp/aws\"]",
      "instances": [
        {
          "index_key": 0,
          "schema_version": 0,
          "attributes": {
            "arn": "arn:aws:iam::000000000000:policy/lambda-function-auth-presignup-default-logs",
            "description": "",
            "id": "arn:aws:iam::000000000000:policy/lambda-function-auth-presignup-default-logs",
            "name": "lambda-function-auth-presignup-default-logs",
            "name_prefix": "",
            "path": "/",
            "policy": "{\"Statement\":[{\"Action\":[\"logs:PutLogEvents\",\"logs:CreateLogStream\",\"logs:CreateLogGroup\"],\"Effect\":\"Allow\",\"Resource\":[\"arn:aws:logs:us-east-1:000000000000:log-group:/aws/lambda/lambda-function-auth-presignup-default:*:*\",\"arn:aws:logs:us-east-1:000000000000:log-group:/aws/lambda/lambda-function-auth-presignup-default:*\"]}],\"Version\":\"2012-10-17\"}",
            "policy_id": "A5WLRSIR0L5D51DFZK6EM",
            "tags": {
              "Environment": "default",
              "Name": "lambda-function-auth-presignup-default"
            },
            "tags_all": {
              "Environment": "default",
              "Name": "lambda-function-auth-presignup-default"
            }
          },
          "sensitive_attributes": [],
          "private": "bnVsbA==",
          "dependencies": [
            "module.lambda-function-auth-presignup.aws_cloudwatch_log_group.lambda",
            "module.lambda-function-auth-presignup.data.aws_arn.log_group_arn",
            "module.lambda-function-auth-presignup.data.aws_cloudwatch_log_group.lambda",
            "module.lambda-function-auth-presignup.data.aws_iam_policy_document.logs"
          ],
          "create_before_destroy": true
        }
      ]
    },
    {
      "module": "module.lambda-function-auth-presignup",
      "mode": "managed",
      "type": "aws_iam_role",
      "name": "lambda",
      "provider": "provider[\"registry.terraform.io/hashicorp/aws\"]",
      "instances": [
        {
          "index_key": 0,
          "schema_version": 0,
          "attributes": {
            "arn": "arn:aws:iam::000000000000:role/lambda-function-auth-presignup-default",
            "assume_role_policy": "{\"Statement\":[{\"Action\":\"sts:AssumeRole\",\"Effect\":\"Allow\",\"Principal\":{\"Service\":\"lambda.amazonaws.com\"}}],\"Version\":\"2012-10-17\"}",
            "create_date": "2024-02-03T23:28:53Z",
            "description": "",
            "force_detach_policies": true,
            "id": "lambda-function-auth-presignup-default",
            "inline_policy": [],
            "managed_policy_arns": [
              "arn:aws:iam::000000000000:policy/lambda-function-auth-presignup-default-logs"
            ],
            "max_session_duration": 3600,
            "name": "lambda-function-auth-presignup-default",
            "name_prefix": "",
            "path": "/",
            "permissions_boundary": "",
            "tags": {
              "Environment": "default",
              "Name": "lambda-function-auth-presignup-default"
            },
            "tags_all": {
              "Environment": "default",
              "Name": "lambda-function-auth-presignup-default"
            },
            "unique_id": "AROAQAAAAAAADEMQCM55W"
          },
          "sensitive_attributes": [],
          "private": "bnVsbA==",
          "dependencies": [
            "module.lambda-function-auth-presignup.data.aws_iam_policy_document.assume_role"
          ],
          "create_before_destroy": true
        }
      ]
    },
    {
      "module": "module.lambda-function-auth-presignup",
      "mode": "managed",
      "type": "aws_iam_role_policy_attachment",
      "name": "logs",
      "provider": "provider[\"registry.terraform.io/hashicorp/aws\"]",
      "instances": [
        {
          "index_key": 0,
          "schema_version": 0,
          "attributes": {
            "id": "lambda-function-auth-presignup-default-20240203232854430200000003",
            "policy_arn": "arn:aws:iam::000000000000:policy/lambda-function-auth-presignup-default-logs",
            "role": "lambda-function-auth-presignup-default"
          },
          "sensitive_attributes": [],
          "private": "bnVsbA==",
          "dependencies": [
            "module.lambda-function-auth-presignup.aws_cloudwatch_log_group.lambda",
            "module.lambda-function-auth-presignup.aws_iam_policy.logs",
            "module.lambda-function-auth-presignup.aws_iam_role.lambda",
            "module.lambda-function-auth-presignup.data.aws_arn.log_group_arn",
            "module.lambda-function-auth-presignup.data.aws_cloudwatch_log_group.lambda",
            "module.lambda-function-auth-presignup.data.aws_iam_policy_document.assume_role",
            "module.lambda-function-auth-presignup.data.aws_iam_policy_document.logs"
          ],
          "create_before_destroy": true
        }
      ]
    },
    {
      "module": "module.lambda-function-auth-presignup",
      "mode": "managed",
      "type": "aws_lambda_function",
      "name": "this",
      "provider": "provider[\"registry.terraform.io/hashicorp/aws\"]",
      "instances": [
        {
          "index_key": 0,
          "schema_version": 0,
          "attributes": {
            "architectures": [
              "x86_64"
            ],
            "arn": "arn:aws:lambda:us-east-1:000000000000:function:lambda-function-auth-presignup-default",
            "code_signing_config_arn": "",
            "dead_letter_config": [],
            "description": "auth pre-signup lambda function",
            "environment": [],
            "ephemeral_storage": [
              {
                "size": 512
              }
            ],
            "file_system_config": [],
            "filename": "builds/a5f99f55d933462850c4d6e38e12ab9387fcf8f3008d636b1f0e8e5efbf11ebc.zip",
            "function_name": "lambda-function-auth-presignup-default",
            "handler": "index.handler",
            "id": "lambda-function-auth-presignup-default",
            "image_config": [],
            "image_uri": "",
            "invoke_arn": "arn:aws:apigateway:us-east-1:lambda:path/2015-03-31/functions/arn:aws:lambda:us-east-1:000000000000:function:lambda-function-auth-presignup-default/invocations",
            "kms_key_arn": "",
            "last_modified": "2024-02-05T05:03:58.902796+0000",
            "layers": [],
            "logging_config": [],
            "memory_size": 256,
            "package_type": "Zip",
            "publish": false,
            "qualified_arn": "arn:aws:lambda:us-east-1:000000000000:function:lambda-function-auth-presignup-default:$LATEST",
            "qualified_invoke_arn": "arn:aws:apigateway:us-east-1:lambda:path/2015-03-31/functions/arn:aws:lambda:us-east-1:000000000000:function:lambda-function-auth-presignup-default:$LATEST/invocations",
            "replace_security_groups_on_destroy": null,
            "replacement_security_group_ids": null,
            "reserved_concurrent_executions": -1,
            "role": "arn:aws:iam::000000000000:role/lambda-function-auth-presignup-default",
            "runtime": "nodejs18.x",
            "s3_bucket": null,
            "s3_key": null,
            "s3_object_version": null,
            "signing_job_arn": "",
            "signing_profile_version_arn": "",
            "skip_destroy": false,
            "snap_start": [],
            "source_code_hash": "8+l2TOlsK/Czsty3JPBU7jU/XW4RJ1ZzB3fB4ihBUm4=",
            "source_code_size": 3104170,
            "tags": {
              "Environment": "default",
              "Name": "lambda-function-auth-presignup-default"
            },
            "tags_all": {
              "Environment": "default",
              "Name": "lambda-function-auth-presignup-default"
            },
            "timeout": 60,
            "timeouts": null,
            "tracing_config": [
              {
                "mode": "PassThrough"
              }
            ],
            "version": "$LATEST",
            "vpc_config": []
          },
          "sensitive_attributes": [],
          "private": "eyJlMmJmYjczMC1lY2FhLTExZTYtOGY4OC0zNDM2M2JjN2M0YzAiOnsiY3JlYXRlIjo2MDAwMDAwMDAwMDAsImRlbGV0ZSI6NjAwMDAwMDAwMDAwLCJ1cGRhdGUiOjYwMDAwMDAwMDAwMH19",
          "dependencies": [
            "module.lambda-function-auth-presignup.aws_cloudwatch_log_group.lambda",
            "module.lambda-function-auth-presignup.aws_iam_role.lambda",
            "module.lambda-function-auth-presignup.aws_iam_role_policy_attachment.additional_inline",
            "module.lambda-function-auth-presignup.aws_iam_role_policy_attachment.additional_json",
            "module.lambda-function-auth-presignup.aws_iam_role_policy_attachment.additional_jsons",
            "module.lambda-function-auth-presignup.aws_iam_role_policy_attachment.additional_many",
            "module.lambda-function-auth-presignup.aws_iam_role_policy_attachment.additional_one",
            "module.lambda-function-auth-presignup.aws_iam_role_policy_attachment.async",
            "module.lambda-function-auth-presignup.aws_iam_role_policy_attachment.dead_letter",
            "module.lambda-function-auth-presignup.aws_iam_role_policy_attachment.logs",
            "module.lambda-function-auth-presignup.aws_iam_role_policy_attachment.tracing",
            "module.lambda-function-auth-presignup.aws_iam_role_policy_attachment.vpc",
            "module.lambda-function-auth-presignup.aws_s3_object.lambda_package",
            "module.lambda-function-auth-presignup.data.aws_partition.current",
            "module.lambda-function-auth-presignup.data.external.archive_prepare",
            "module.lambda-function-auth-presignup.null_resource.archive"
          ]
        }
      ]
    },
    {
      "module": "module.lambda-function-auth-presignup",
      "mode": "managed",
      "type": "local_file",
      "name": "archive_plan",
      "provider": "provider[\"registry.terraform.io/hashicorp/local\"]",
      "instances": [
        {
          "index_key": 0,
          "schema_version": 0,
          "attributes": {
            "content": "{\"filename\": \"builds/a5f99f55d933462850c4d6e38e12ab9387fcf8f3008d636b1f0e8e5efbf11ebc.zip\", \"runtime\": \"nodejs18.x\", \"artifacts_dir\": \"builds\", \"build_plan\": [[\"npm\", \"nodejs18.x\", \"../src/authentication/presignup/package.json\", null, null], [\"zip\", \"../src/authentication/presignup\", null]]}",
            "content_base64": null,
            "content_base64sha256": "ck785+0CxOqibSExxWjN4HNIzBQUrUSnAYz9jzVeDLo=",
            "content_base64sha512": "WYxZUG5nBoefD40d74JB39kMfIuFzahpdLskRPFnNuooMSlhmR1zA/UZKJ4iyHfjYRoZf6PypCw8SqNxzvbo2A==",
            "content_md5": "e5794459ba65e768261ed1f81330b198",
            "content_sha1": "03a7e2ca7a6456708016ac43e1eefd08a00277d1",
            "content_sha256": "724efce7ed02c4eaa26d2131c568cde07348cc1414ad44a7018cfd8f355e0cba",
            "content_sha512": "598c59506e6706879f0f8d1def8241dfd90c7c8b85cda86974bb2444f16736ea28312961991d7303f519289e22c877e3611a197fa3f2a42c3c4aa371cef6e8d8",
            "directory_permission": "0755",
            "file_permission": "0644",
            "filename": "builds/a5f99f55d933462850c4d6e38e12ab9387fcf8f3008d636b1f0e8e5efbf11ebc.plan.json",
            "id": "03a7e2ca7a6456708016ac43e1eefd08a00277d1",
            "sensitive_content": null,
            "source": null
          },
          "sensitive_attributes": [],
          "dependencies": [
            "module.lambda-function-auth-presignup.data.external.archive_prepare"
          ],
          "create_before_destroy": true
        }
      ]
    },
    {
      "module": "module.lambda-function-auth-presignup",
      "mode": "managed",
      "type": "null_resource",
      "name": "archive",
      "provider": "provider[\"registry.terraform.io/hashicorp/null\"]",
      "instances": [
        {
          "index_key": 0,
          "schema_version": 0,
          "attributes": {
            "id": "8708727454724875543",
            "triggers": {
              "filename": "builds/a5f99f55d933462850c4d6e38e12ab9387fcf8f3008d636b1f0e8e5efbf11ebc.zip",
              "timestamp": "1704611965292342000"
            }
          },
          "sensitive_attributes": [],
          "dependencies": [
            "module.lambda-function-auth-presignup.data.external.archive_prepare",
            "module.lambda-function-auth-presignup.local_file.archive_plan"
          ],
          "create_before_destroy": true
        }
      ]
    },
    {
      "module": "module.lambda-function-auth-verify",
      "mode": "data",
      "type": "aws_caller_identity",
      "name": "current",
      "provider": "provider[\"registry.terraform.io/hashicorp/aws\"]",
      "instances": [
        {
          "schema_version": 0,
          "attributes": {
            "account_id": "000000000000",
            "arn": "arn:aws:iam::000000000000:root",
            "id": "000000000000",
            "user_id": "AKIAIOSFODNN7EXAMPLE"
          },
          "sensitive_attributes": []
        }
      ]
    },
    {
      "module": "module.lambda-function-auth-verify",
      "mode": "data",
      "type": "aws_iam_policy_document",
      "name": "assume_role",
      "provider": "provider[\"registry.terraform.io/hashicorp/aws\"]",
      "instances": [
        {
          "index_key": 0,
          "schema_version": 0,
          "attributes": {
            "id": "2690255455",
            "json": "{\n  \"Version\": \"2012-10-17\",\n  \"Statement\": [\n    {\n      \"Effect\": \"Allow\",\n      \"Action\": \"sts:AssumeRole\",\n      \"Principal\": {\n        \"Service\": \"lambda.amazonaws.com\"\n      }\n    }\n  ]\n}",
            "override_policy_documents": null,
            "policy_id": null,
            "source_policy_documents": null,
            "statement": [
              {
                "actions": [
                  "sts:AssumeRole"
                ],
                "condition": [],
                "effect": "Allow",
                "not_actions": [],
                "not_principals": [],
                "not_resources": [],
                "principals": [
                  {
                    "identifiers": [
                      "lambda.amazonaws.com"
                    ],
                    "type": "Service"
                  }
                ],
                "resources": [],
                "sid": ""
              }
            ],
            "version": "2012-10-17"
          },
          "sensitive_attributes": []
        }
      ]
    },
    {
      "module": "module.lambda-function-auth-verify",
      "mode": "data",
      "type": "aws_iam_policy_document",
      "name": "logs",
      "provider": "provider[\"registry.terraform.io/hashicorp/aws\"]",
      "instances": [
        {
          "index_key": 0,
          "schema_version": 0,
          "attributes": {
            "id": "305015719",
            "json": "{\n  \"Version\": \"2012-10-17\",\n  \"Statement\": [\n    {\n      \"Effect\": \"Allow\",\n      \"Action\": [\n        \"logs:PutLogEvents\",\n        \"logs:CreateLogStream\",\n        \"logs:CreateLogGroup\"\n      ],\n      \"Resource\": [\n        \"arn:aws:logs:us-east-1:000000000000:log-group:/aws/lambda/lambda-function-auth-verify-default:*:*\",\n        \"arn:aws:logs:us-east-1:000000000000:log-group:/aws/lambda/lambda-function-auth-verify-default:*\"\n      ]\n    }\n  ]\n}",
            "override_policy_documents": null,
            "policy_id": null,
            "source_policy_documents": null,
            "statement": [
              {
                "actions": [
                  "logs:CreateLogGroup",
                  "logs:CreateLogStream",
                  "logs:PutLogEvents"
                ],
                "condition": [],
                "effect": "Allow",
                "not_actions": [],
                "not_principals": [],
                "not_resources": [],
                "principals": [],
                "resources": [
                  "arn:aws:logs:us-east-1:000000000000:log-group:/aws/lambda/lambda-function-auth-verify-default:*",
                  "arn:aws:logs:us-east-1:000000000000:log-group:/aws/lambda/lambda-function-auth-verify-default:*:*"
                ],
                "sid": ""
              }
            ],
            "version": "2012-10-17"
          },
          "sensitive_attributes": []
        }
      ]
    },
    {
      "module": "module.lambda-function-auth-verify",
      "mode": "data",
      "type": "aws_partition",
      "name": "current",
      "provider": "provider[\"registry.terraform.io/hashicorp/aws\"]",
      "instances": [
        {
          "schema_version": 0,
          "attributes": {
            "dns_suffix": "amazonaws.com",
            "id": "aws",
            "partition": "aws",
            "reverse_dns_prefix": "com.amazonaws"
          },
          "sensitive_attributes": []
        }
      ]
    },
    {
      "module": "module.lambda-function-auth-verify",
      "mode": "data",
      "type": "aws_region",
      "name": "current",
      "provider": "provider[\"registry.terraform.io/hashicorp/aws\"]",
      "instances": [
        {
          "schema_version": 0,
          "attributes": {
            "description": "US East (N. Virginia)",
            "endpoint": "ec2.us-east-1.amazonaws.com",
            "id": "us-east-1",
            "name": "us-east-1"
          },
          "sensitive_attributes": []
        }
      ]
    },
    {
      "module": "module.lambda-function-auth-verify",
      "mode": "data",
      "type": "external",
      "name": "archive_prepare",
      "provider": "provider[\"registry.terraform.io/hashicorp/external\"]",
      "instances": [
        {
          "index_key": 0,
          "schema_version": 0,
          "attributes": {
            "id": "-",
            "program": [
              "python3",
              ".terraform/modules/lambda-function-auth-verify/package.py",
              "prepare"
            ],
            "query": {
              "artifacts_dir": "builds",
              "docker": null,
              "hash_extra": "",
              "hash_extra_paths": "[]",
              "paths": "{\"cwd\":\"/Users/johnosullivan/Desktop/tflocal-starter/terraform\",\"module\":\".terraform/modules/lambda-function-auth-verify\",\"root\":\".\"}",
              "recreate_missing_package": "true",
              "runtime": "nodejs18.x",
              "source_path": "\"../src/authentication/verify\""
            },
            "result": {
              "build_plan": "{\"filename\": \"builds/35e71f2f835ab17861720a176098aa554283930d90b231302063f5906b905b1f.zip\", \"runtime\": \"nodejs18.x\", \"artifacts_dir\": \"builds\", \"build_plan\": [[\"npm\", \"nodejs18.x\", \"../src/authentication/verify/package.json\", null, null], [\"zip\", \"../src/authentication/verify\", null]]}",
              "build_plan_filename": "builds/35e71f2f835ab17861720a176098aa554283930d90b231302063f5906b905b1f.plan.json",
              "filename": "builds/35e71f2f835ab17861720a176098aa554283930d90b231302063f5906b905b1f.zip",
              "timestamp": "1704611965292928000",
              "was_missing": "false"
            },
            "working_dir": null
          },
          "sensitive_attributes": []
        }
      ]
    },
    {
      "module": "module.lambda-function-auth-verify",
      "mode": "managed",
      "type": "aws_cloudwatch_log_group",
      "name": "lambda",
      "provider": "provider[\"registry.terraform.io/hashicorp/aws\"]",
      "instances": [
        {
          "index_key": 0,
          "schema_version": 0,
          "attributes": {
            "arn": "arn:aws:logs:us-east-1:000000000000:log-group:/aws/lambda/lambda-function-auth-verify-default",
            "id": "/aws/lambda/lambda-function-auth-verify-default",
            "kms_key_id": "",
            "log_group_class": "",
            "name": "/aws/lambda/lambda-function-auth-verify-default",
            "name_prefix": "",
            "retention_in_days": 0,
            "skip_destroy": false,
            "tags": {
              "Environment": "default",
              "Name": "lambda-function-auth-verify-default"
            },
            "tags_all": {
              "Environment": "default",
              "Name": "lambda-function-auth-verify-default"
            }
          },
          "sensitive_attributes": [],
          "private": "bnVsbA==",
          "create_before_destroy": true
        }
      ]
    },
    {
      "module": "module.lambda-function-auth-verify",
      "mode": "managed",
      "type": "aws_iam_policy",
      "name": "logs",
      "provider": "provider[\"registry.terraform.io/hashicorp/aws\"]",
      "instances": [
        {
          "index_key": 0,
          "schema_version": 0,
          "attributes": {
            "arn": "arn:aws:iam::000000000000:policy/lambda-function-auth-verify-default-logs",
            "description": "",
            "id": "arn:aws:iam::000000000000:policy/lambda-function-auth-verify-default-logs",
            "name": "lambda-function-auth-verify-default-logs",
            "name_prefix": "",
            "path": "/",
            "policy": "{\"Statement\":[{\"Action\":[\"logs:PutLogEvents\",\"logs:CreateLogStream\",\"logs:CreateLogGroup\"],\"Effect\":\"Allow\",\"Resource\":[\"arn:aws:logs:us-east-1:000000000000:log-group:/aws/lambda/lambda-function-auth-verify-default:*:*\",\"arn:aws:logs:us-east-1:000000000000:log-group:/aws/lambda/lambda-function-auth-verify-default:*\"]}],\"Version\":\"2012-10-17\"}",
            "policy_id": "AC82UCS7YTSA8MDQI60YL",
            "tags": {
              "Environment": "default",
              "Name": "lambda-function-auth-verify-default"
            },
            "tags_all": {
              "Environment": "default",
              "Name": "lambda-function-auth-verify-default"
            }
          },
          "sensitive_attributes": [],
          "private": "bnVsbA==",
          "dependencies": [
            "module.lambda-function-auth-verify.aws_cloudwatch_log_group.lambda",
            "module.lambda-function-auth-verify.data.aws_arn.log_group_arn",
            "module.lambda-function-auth-verify.data.aws_cloudwatch_log_group.lambda",
            "module.lambda-function-auth-verify.data.aws_iam_policy_document.logs"
          ],
          "create_before_destroy": true
        }
      ]
    },
    {
      "module": "module.lambda-function-auth-verify",
      "mode": "managed",
      "type": "aws_iam_role",
      "name": "lambda",
      "provider": "provider[\"registry.terraform.io/hashicorp/aws\"]",
      "instances": [
        {
          "index_key": 0,
          "schema_version": 0,
          "attributes": {
            "arn": "arn:aws:iam::000000000000:role/lambda-function-auth-verify-default",
            "assume_role_policy": "{\"Statement\":[{\"Action\":\"sts:AssumeRole\",\"Effect\":\"Allow\",\"Principal\":{\"Service\":\"lambda.amazonaws.com\"}}],\"Version\":\"2012-10-17\"}",
            "create_date": "2024-02-03T23:28:53Z",
            "description": "",
            "force_detach_policies": true,
            "id": "lambda-function-auth-verify-default",
            "inline_policy": [],
            "managed_policy_arns": [
              "arn:aws:iam::000000000000:policy/lambda-function-auth-verify-default-logs"
            ],
            "max_session_duration": 3600,
            "name": "lambda-function-auth-verify-default",
            "name_prefix": "",
            "path": "/",
            "permissions_boundary": "",
            "tags": {
              "Environment": "default",
              "Name": "lambda-function-auth-verify-default"
            },
            "tags_all": {
              "Environment": "default",
              "Name": "lambda-function-auth-verify-default"
            },
            "unique_id": "AROAQAAAAAAAK2UM6OHHS"
          },
          "sensitive_attributes": [],
          "private": "bnVsbA==",
          "dependencies": [
            "module.lambda-function-auth-verify.data.aws_iam_policy_document.assume_role"
          ],
          "create_before_destroy": true
        }
      ]
    },
    {
      "module": "module.lambda-function-auth-verify",
      "mode": "managed",
      "type": "aws_iam_role_policy_attachment",
      "name": "logs",
      "provider": "provider[\"registry.terraform.io/hashicorp/aws\"]",
      "instances": [
        {
          "index_key": 0,
          "schema_version": 0,
          "attributes": {
            "id": "lambda-function-auth-verify-default-20240203232854421100000002",
            "policy_arn": "arn:aws:iam::000000000000:policy/lambda-function-auth-verify-default-logs",
            "role": "lambda-function-auth-verify-default"
          },
          "sensitive_attributes": [],
          "private": "bnVsbA==",
          "dependencies": [
            "module.lambda-function-auth-verify.aws_cloudwatch_log_group.lambda",
            "module.lambda-function-auth-verify.aws_iam_policy.logs",
            "module.lambda-function-auth-verify.aws_iam_role.lambda",
            "module.lambda-function-auth-verify.data.aws_arn.log_group_arn",
            "module.lambda-function-auth-verify.data.aws_cloudwatch_log_group.lambda",
            "module.lambda-function-auth-verify.data.aws_iam_policy_document.assume_role",
            "module.lambda-function-auth-verify.data.aws_iam_policy_document.logs"
          ],
          "create_before_destroy": true
        }
      ]
    },
    {
      "module": "module.lambda-function-auth-verify",
      "mode": "managed",
      "type": "aws_lambda_function",
      "name": "this",
      "provider": "provider[\"registry.terraform.io/hashicorp/aws\"]",
      "instances": [
        {
          "index_key": 0,
          "schema_version": 0,
          "attributes": {
            "architectures": [
              "x86_64"
            ],
            "arn": "arn:aws:lambda:us-east-1:000000000000:function:lambda-function-auth-verify-default",
            "code_signing_config_arn": "",
            "dead_letter_config": [],
            "description": "auth verify lambda function",
            "environment": [],
            "ephemeral_storage": [
              {
                "size": 512
              }
            ],
            "file_system_config": [],
            "filename": "builds/35e71f2f835ab17861720a176098aa554283930d90b231302063f5906b905b1f.zip",
            "function_name": "lambda-function-auth-verify-default",
            "handler": "index.handler",
            "id": "lambda-function-auth-verify-default",
            "image_config": [],
            "image_uri": "",
            "invoke_arn": "arn:aws:apigateway:us-east-1:lambda:path/2015-03-31/functions/arn:aws:lambda:us-east-1:000000000000:function:lambda-function-auth-verify-default/invocations",
            "kms_key_arn": "",
            "last_modified": "2024-02-05T05:03:58.913608+0000",
            "layers": [],
            "logging_config": [],
            "memory_size": 256,
            "package_type": "Zip",
            "publish": false,
            "qualified_arn": "arn:aws:lambda:us-east-1:000000000000:function:lambda-function-auth-verify-default:$LATEST",
            "qualified_invoke_arn": "arn:aws:apigateway:us-east-1:lambda:path/2015-03-31/functions/arn:aws:lambda:us-east-1:000000000000:function:lambda-function-auth-verify-default:$LATEST/invocations",
            "replace_security_groups_on_destroy": null,
            "replacement_security_group_ids": null,
            "reserved_concurrent_executions": -1,
            "role": "arn:aws:iam::000000000000:role/lambda-function-auth-verify-default",
            "runtime": "nodejs18.x",
            "s3_bucket": null,
            "s3_key": null,
            "s3_object_version": null,
            "signing_job_arn": "",
            "signing_profile_version_arn": "",
            "skip_destroy": false,
            "snap_start": [],
            "source_code_hash": "SF5DTJcFlFE2Wfnli6yIOENxgrsKNjO7lmDa+cJEM00=",
            "source_code_size": 8017514,
            "tags": {
              "Environment": "default",
              "Name": "lambda-function-auth-verify-default"
            },
            "tags_all": {
              "Environment": "default",
              "Name": "lambda-function-auth-verify-default"
            },
            "timeout": 60,
            "timeouts": null,
            "tracing_config": [
              {
                "mode": "PassThrough"
              }
            ],
            "version": "$LATEST",
            "vpc_config": []
          },
          "sensitive_attributes": [],
          "private": "eyJlMmJmYjczMC1lY2FhLTExZTYtOGY4OC0zNDM2M2JjN2M0YzAiOnsiY3JlYXRlIjo2MDAwMDAwMDAwMDAsImRlbGV0ZSI6NjAwMDAwMDAwMDAwLCJ1cGRhdGUiOjYwMDAwMDAwMDAwMH19",
          "dependencies": [
            "module.lambda-function-auth-verify.aws_cloudwatch_log_group.lambda",
            "module.lambda-function-auth-verify.aws_iam_role.lambda",
            "module.lambda-function-auth-verify.aws_iam_role_policy_attachment.additional_inline",
            "module.lambda-function-auth-verify.aws_iam_role_policy_attachment.additional_json",
            "module.lambda-function-auth-verify.aws_iam_role_policy_attachment.additional_jsons",
            "module.lambda-function-auth-verify.aws_iam_role_policy_attachment.additional_many",
            "module.lambda-function-auth-verify.aws_iam_role_policy_attachment.additional_one",
            "module.lambda-function-auth-verify.aws_iam_role_policy_attachment.async",
            "module.lambda-function-auth-verify.aws_iam_role_policy_attachment.dead_letter",
            "module.lambda-function-auth-verify.aws_iam_role_policy_attachment.logs",
            "module.lambda-function-auth-verify.aws_iam_role_policy_attachment.tracing",
            "module.lambda-function-auth-verify.aws_iam_role_policy_attachment.vpc",
            "module.lambda-function-auth-verify.aws_s3_object.lambda_package",
            "module.lambda-function-auth-verify.data.aws_partition.current",
            "module.lambda-function-auth-verify.data.external.archive_prepare",
            "module.lambda-function-auth-verify.null_resource.archive"
          ]
        }
      ]
    },
    {
      "module": "module.lambda-function-auth-verify",
      "mode": "managed",
      "type": "local_file",
      "name": "archive_plan",
      "provider": "provider[\"registry.terraform.io/hashicorp/local\"]",
      "instances": [
        {
          "index_key": 0,
          "schema_version": 0,
          "attributes": {
            "content": "{\"filename\": \"builds/35e71f2f835ab17861720a176098aa554283930d90b231302063f5906b905b1f.zip\", \"runtime\": \"nodejs18.x\", \"artifacts_dir\": \"builds\", \"build_plan\": [[\"npm\", \"nodejs18.x\", \"../src/authentication/verify/package.json\", null, null], [\"zip\", \"../src/authentication/verify\", null]]}",
            "content_base64": null,
            "content_base64sha256": "YfxlIr+6XitR8VHKI8i7p/ERLCjESTFv0USzamxd7Yw=",
            "content_base64sha512": "TY7pfUabCtJtGLeBZvEkAgscrUR3NB1jx2N5RNr2cbBHpYGyIvGSq0ZGQalPAqRAKjFiHIhsJ60zZ41CAfcAKA==",
            "content_md5": "7461807e80ebb6cd723e3cedd30460ee",
            "content_sha1": "e18225a18425fa4b199bbda162ec6830619f660b",
            "content_sha256": "61fc6522bfba5e2b51f151ca23c8bba7f1112c28c449316fd144b36a6c5ded8c",
            "content_sha512": "4d8ee97d469b0ad26d18b78166f124020b1cad4477341d63c7637944daf671b047a581b222f192ab464641a94f02a4402a31621c886c27ad33678d4201f70028",
            "directory_permission": "0755",
            "file_permission": "0644",
            "filename": "builds/35e71f2f835ab17861720a176098aa554283930d90b231302063f5906b905b1f.plan.json",
            "id": "e18225a18425fa4b199bbda162ec6830619f660b",
            "sensitive_content": null,
            "source": null
          },
          "sensitive_attributes": [],
          "dependencies": [
            "module.lambda-function-auth-verify.data.external.archive_prepare"
          ],
          "create_before_destroy": true
        }
      ]
    },
    {
      "module": "module.lambda-function-auth-verify",
      "mode": "managed",
      "type": "null_resource",
      "name": "archive",
      "provider": "provider[\"registry.terraform.io/hashicorp/null\"]",
      "instances": [
        {
          "index_key": 0,
          "schema_version": 0,
          "attributes": {
            "id": "6496603471243997979",
            "triggers": {
              "filename": "builds/35e71f2f835ab17861720a176098aa554283930d90b231302063f5906b905b1f.zip",
              "timestamp": "1704611965292928000"
            }
          },
          "sensitive_attributes": [],
          "dependencies": [
            "module.lambda-function-auth-verify.data.external.archive_prepare",
            "module.lambda-function-auth-verify.local_file.archive_plan"
          ],
          "create_before_destroy": true
        }
      ]
    },
    {
      "module": "module.lambda-function-helloworld",
      "mode": "data",
      "type": "aws_caller_identity",
      "name": "current",
      "provider": "provider[\"registry.terraform.io/hashicorp/aws\"]",
      "instances": [
        {
          "schema_version": 0,
          "attributes": {
            "account_id": "000000000000",
            "arn": "arn:aws:iam::000000000000:root",
            "id": "000000000000",
            "user_id": "AKIAIOSFODNN7EXAMPLE"
          },
          "sensitive_attributes": []
        }
      ]
    },
    {
      "module": "module.lambda-function-helloworld",
      "mode": "data",
      "type": "aws_iam_policy_document",
      "name": "assume_role",
      "provider": "provider[\"registry.terraform.io/hashicorp/aws\"]",
      "instances": [
        {
          "index_key": 0,
          "schema_version": 0,
          "attributes": {
            "id": "2690255455",
            "json": "{\n  \"Version\": \"2012-10-17\",\n  \"Statement\": [\n    {\n      \"Effect\": \"Allow\",\n      \"Action\": \"sts:AssumeRole\",\n      \"Principal\": {\n        \"Service\": \"lambda.amazonaws.com\"\n      }\n    }\n  ]\n}",
            "override_policy_documents": null,
            "policy_id": null,
            "source_policy_documents": null,
            "statement": [
              {
                "actions": [
                  "sts:AssumeRole"
                ],
                "condition": [],
                "effect": "Allow",
                "not_actions": [],
                "not_principals": [],
                "not_resources": [],
                "principals": [
                  {
                    "identifiers": [
                      "lambda.amazonaws.com"
                    ],
                    "type": "Service"
                  }
                ],
                "resources": [],
                "sid": ""
              }
            ],
            "version": "2012-10-17"
          },
          "sensitive_attributes": []
        }
      ]
    },
    {
      "module": "module.lambda-function-helloworld",
      "mode": "data",
      "type": "aws_iam_policy_document",
      "name": "logs",
      "provider": "provider[\"registry.terraform.io/hashicorp/aws\"]",
      "instances": [
        {
          "index_key": 0,
          "schema_version": 0,
          "attributes": {
            "id": "2522433158",
            "json": "{\n  \"Version\": \"2012-10-17\",\n  \"Statement\": [\n    {\n      \"Effect\": \"Allow\",\n      \"Action\": [\n        \"logs:PutLogEvents\",\n        \"logs:CreateLogStream\",\n        \"logs:CreateLogGroup\"\n      ],\n      \"Resource\": [\n        \"arn:aws:logs:us-east-1:000000000000:log-group:/aws/lambda/lambda-function-helloworld-default:*:*\",\n        \"arn:aws:logs:us-east-1:000000000000:log-group:/aws/lambda/lambda-function-helloworld-default:*\"\n      ]\n    }\n  ]\n}",
            "override_policy_documents": null,
            "policy_id": null,
            "source_policy_documents": null,
            "statement": [
              {
                "actions": [
                  "logs:CreateLogGroup",
                  "logs:CreateLogStream",
                  "logs:PutLogEvents"
                ],
                "condition": [],
                "effect": "Allow",
                "not_actions": [],
                "not_principals": [],
                "not_resources": [],
                "principals": [],
                "resources": [
                  "arn:aws:logs:us-east-1:000000000000:log-group:/aws/lambda/lambda-function-helloworld-default:*",
                  "arn:aws:logs:us-east-1:000000000000:log-group:/aws/lambda/lambda-function-helloworld-default:*:*"
                ],
                "sid": ""
              }
            ],
            "version": "2012-10-17"
          },
          "sensitive_attributes": []
        }
      ]
    },
    {
      "module": "module.lambda-function-helloworld",
      "mode": "data",
      "type": "aws_partition",
      "name": "current",
      "provider": "provider[\"registry.terraform.io/hashicorp/aws\"]",
      "instances": [
        {
          "schema_version": 0,
          "attributes": {
            "dns_suffix": "amazonaws.com",
            "id": "aws",
            "partition": "aws",
            "reverse_dns_prefix": "com.amazonaws"
          },
          "sensitive_attributes": []
        }
      ]
    },
    {
      "module": "module.lambda-function-helloworld",
      "mode": "data",
      "type": "aws_region",
      "name": "current",
      "provider": "provider[\"registry.terraform.io/hashicorp/aws\"]",
      "instances": [
        {
          "schema_version": 0,
          "attributes": {
            "description": "US East (N. Virginia)",
            "endpoint": "ec2.us-east-1.amazonaws.com",
            "id": "us-east-1",
            "name": "us-east-1"
          },
          "sensitive_attributes": []
        }
      ]
    },
    {
      "module": "module.lambda-function-helloworld",
      "mode": "data",
      "type": "external",
      "name": "archive_prepare",
      "provider": "provider[\"registry.terraform.io/hashicorp/external\"]",
      "instances": [
        {
          "index_key": 0,
          "schema_version": 0,
          "attributes": {
            "id": "-",
            "program": [
              "python3",
              ".terraform/modules/lambda-function-helloworld/package.py",
              "prepare"
            ],
            "query": {
              "artifacts_dir": "builds",
              "docker": null,
              "hash_extra": "",
              "hash_extra_paths": "[]",
              "paths": "{\"cwd\":\"/Users/johnosullivan/Desktop/tflocal-starter/terraform\",\"module\":\".terraform/modules/lambda-function-helloworld\",\"root\":\".\"}",
              "recreate_missing_package": "true",
              "runtime": "go1.x",
              "source_path": "\"../src/bin/helloworld/helloworld\""
            },
            "result": {
              "build_plan": "{\"filename\": \"builds/996b8f4ad8bb441a815ad995560b21d0a6a689a5f3db67f545aaaf8ea2d3cff9.zip\", \"runtime\": \"go1.x\", \"artifacts_dir\": \"builds\", \"build_plan\": [[\"zip\", \"../src/bin/helloworld/helloworld\", null]]}",
              "build_plan_filename": "builds/996b8f4ad8bb441a815ad995560b21d0a6a689a5f3db67f545aaaf8ea2d3cff9.plan.json",
              "filename": "builds/996b8f4ad8bb441a815ad995560b21d0a6a689a5f3db67f545aaaf8ea2d3cff9.zip",
              "timestamp": "1707109431769526000",
              "was_missing": "true"
            },
            "working_dir": null
          },
          "sensitive_attributes": []
        }
      ]
    },
    {
      "module": "module.lambda-function-helloworld",
      "mode": "managed",
      "type": "aws_cloudwatch_log_group",
      "name": "lambda",
      "provider": "provider[\"registry.terraform.io/hashicorp/aws\"]",
      "instances": [
        {
          "index_key": 0,
          "schema_version": 0,
          "attributes": {
            "arn": "arn:aws:logs:us-east-1:000000000000:log-group:/aws/lambda/lambda-function-helloworld-default",
            "id": "/aws/lambda/lambda-function-helloworld-default",
            "kms_key_id": "",
            "log_group_class": "",
            "name": "/aws/lambda/lambda-function-helloworld-default",
            "name_prefix": "",
            "retention_in_days": 0,
            "skip_destroy": false,
            "tags": {
              "Environment": "default",
              "Name": "lambda-function-helloworld-default"
            },
            "tags_all": {
              "Environment": "default",
              "Name": "lambda-function-helloworld-default"
            }
          },
          "sensitive_attributes": [],
          "private": "bnVsbA==",
          "create_before_destroy": true
        }
      ]
    },
    {
      "module": "module.lambda-function-helloworld",
      "mode": "managed",
      "type": "aws_iam_policy",
      "name": "logs",
      "provider": "provider[\"registry.terraform.io/hashicorp/aws\"]",
      "instances": [
        {
          "index_key": 0,
          "schema_version": 0,
          "attributes": {
            "arn": "arn:aws:iam::000000000000:policy/lambda-function-helloworld-default-logs",
            "description": "",
            "id": "arn:aws:iam::000000000000:policy/lambda-function-helloworld-default-logs",
            "name": "lambda-function-helloworld-default-logs",
            "name_prefix": "",
            "path": "/",
            "policy": "{\"Statement\":[{\"Action\":[\"logs:PutLogEvents\",\"logs:CreateLogStream\",\"logs:CreateLogGroup\"],\"Effect\":\"Allow\",\"Resource\":[\"arn:aws:logs:us-east-1:000000000000:log-group:/aws/lambda/lambda-function-helloworld-default:*:*\",\"arn:aws:logs:us-east-1:000000000000:log-group:/aws/lambda/lambda-function-helloworld-default:*\"]}],\"Version\":\"2012-10-17\"}",
            "policy_id": "AA5K8YEHP3WK7NBOIBY4P",
            "tags": {
              "Environment": "default",
              "Name": "lambda-function-helloworld-default"
            },
            "tags_all": {
              "Environment": "default",
              "Name": "lambda-function-helloworld-default"
            }
          },
          "sensitive_attributes": [],
          "private": "bnVsbA==",
          "dependencies": [
            "module.lambda-function-helloworld.aws_cloudwatch_log_group.lambda",
            "module.lambda-function-helloworld.data.aws_arn.log_group_arn",
            "module.lambda-function-helloworld.data.aws_cloudwatch_log_group.lambda",
            "module.lambda-function-helloworld.data.aws_iam_policy_document.logs"
          ],
          "create_before_destroy": true
        }
      ]
    },
    {
      "module": "module.lambda-function-helloworld",
      "mode": "managed",
      "type": "aws_iam_role",
      "name": "lambda",
      "provider": "provider[\"registry.terraform.io/hashicorp/aws\"]",
      "instances": [
        {
          "index_key": 0,
          "schema_version": 0,
          "attributes": {
            "arn": "arn:aws:iam::000000000000:role/lambda-function-helloworld-default",
            "assume_role_policy": "{\"Statement\":[{\"Action\":\"sts:AssumeRole\",\"Effect\":\"Allow\",\"Principal\":{\"Service\":\"lambda.amazonaws.com\"}}],\"Version\":\"2012-10-17\"}",
            "create_date": "2024-02-03T23:28:53Z",
            "description": "",
            "force_detach_policies": true,
            "id": "lambda-function-helloworld-default",
            "inline_policy": [],
            "managed_policy_arns": [
              "arn:aws:iam::000000000000:policy/lambda-function-helloworld-default-logs"
            ],
            "max_session_duration": 3600,
            "name": "lambda-function-helloworld-default",
            "name_prefix": "",
            "path": "/",
            "permissions_boundary": "",
            "tags": {
              "Environment": "default",
              "Name": "lambda-function-helloworld-default"
            },
            "tags_all": {
              "Environment": "default",
              "Name": "lambda-function-helloworld-default"
            },
            "unique_id": "AROAQAAAAAAAKIYEQNQKE"
          },
          "sensitive_attributes": [],
          "private": "bnVsbA==",
          "dependencies": [
            "module.lambda-function-helloworld.data.aws_iam_policy_document.assume_role"
          ],
          "create_before_destroy": true
        }
      ]
    },
    {
      "module": "module.lambda-function-helloworld",
      "mode": "managed",
      "type": "aws_iam_role_policy_attachment",
      "name": "logs",
      "provider": "provider[\"registry.terraform.io/hashicorp/aws\"]",
      "instances": [
        {
          "index_key": 0,
          "schema_version": 0,
          "attributes": {
            "id": "lambda-function-helloworld-default-20240203232854386500000001",
            "policy_arn": "arn:aws:iam::000000000000:policy/lambda-function-helloworld-default-logs",
            "role": "lambda-function-helloworld-default"
          },
          "sensitive_attributes": [],
          "private": "bnVsbA==",
          "dependencies": [
            "module.lambda-function-helloworld.aws_cloudwatch_log_group.lambda",
            "module.lambda-function-helloworld.aws_iam_policy.logs",
            "module.lambda-function-helloworld.aws_iam_role.lambda",
            "module.lambda-function-helloworld.data.aws_arn.log_group_arn",
            "module.lambda-function-helloworld.data.aws_cloudwatch_log_group.lambda",
            "module.lambda-function-helloworld.data.aws_iam_policy_document.assume_role",
            "module.lambda-function-helloworld.data.aws_iam_policy_document.logs"
          ],
          "create_before_destroy": true
        }
      ]
    },
    {
      "module": "module.lambda-function-helloworld",
      "mode": "managed",
      "type": "aws_lambda_function",
      "name": "this",
      "provider": "provider[\"registry.terraform.io/hashicorp/aws\"]",
      "instances": [
        {
          "index_key": 0,
          "schema_version": 0,
          "attributes": {
            "architectures": [
              "x86_64"
            ],
            "arn": "arn:aws:lambda:us-east-1:000000000000:function:lambda-function-helloworld-default",
            "code_signing_config_arn": "",
            "dead_letter_config": [],
            "description": "helloworld example lambda function",
            "environment": [],
            "ephemeral_storage": [
              {
                "size": 512
              }
            ],
            "file_system_config": [],
            "filename": "builds/996b8f4ad8bb441a815ad995560b21d0a6a689a5f3db67f545aaaf8ea2d3cff9.zip",
            "function_name": "lambda-function-helloworld-default",
            "handler": "helloworld",
            "id": "lambda-function-helloworld-default",
            "image_config": [],
            "image_uri": "",
            "invoke_arn": "arn:aws:apigateway:us-east-1:lambda:path/2015-03-31/functions/arn:aws:lambda:us-east-1:000000000000:function:lambda-function-helloworld-default/invocations",
            "kms_key_arn": "",
            "last_modified": "2024-02-05T05:04:04.305744+0000",
            "layers": [],
            "logging_config": [],
            "memory_size": 256,
            "package_type": "Zip",
            "publish": false,
            "qualified_arn": "arn:aws:lambda:us-east-1:000000000000:function:lambda-function-helloworld-default:$LATEST",
            "qualified_invoke_arn": "arn:aws:apigateway:us-east-1:lambda:path/2015-03-31/functions/arn:aws:lambda:us-east-1:000000000000:function:lambda-function-helloworld-default:$LATEST/invocations",
            "replace_security_groups_on_destroy": null,
            "replacement_security_group_ids": null,
            "reserved_concurrent_executions": -1,
            "role": "arn:aws:iam::000000000000:role/lambda-function-helloworld-default",
            "runtime": "go1.x",
            "s3_bucket": null,
            "s3_key": null,
            "s3_object_version": null,
            "signing_job_arn": "",
            "signing_profile_version_arn": "",
            "skip_destroy": false,
            "snap_start": [],
            "source_code_hash": "gd8rJhxfjHFLKylaD1CeOERyS/ATjROvHd9dn7HjZR4=",
            "source_code_size": 7206045,
            "tags": {
              "Environment": "default",
              "Name": "lambda-function-helloworld-default"
            },
            "tags_all": {
              "Environment": "default",
              "Name": "lambda-function-helloworld-default"
            },
            "timeout": 60,
            "timeouts": null,
            "tracing_config": [
              {
                "mode": "PassThrough"
              }
            ],
            "version": "$LATEST",
            "vpc_config": []
          },
          "sensitive_attributes": [],
          "private": "eyJlMmJmYjczMC1lY2FhLTExZTYtOGY4OC0zNDM2M2JjN2M0YzAiOnsiY3JlYXRlIjo2MDAwMDAwMDAwMDAsImRlbGV0ZSI6NjAwMDAwMDAwMDAwLCJ1cGRhdGUiOjYwMDAwMDAwMDAwMH19",
          "dependencies": [
            "module.lambda-function-helloworld.aws_cloudwatch_log_group.lambda",
            "module.lambda-function-helloworld.aws_iam_role.lambda",
            "module.lambda-function-helloworld.aws_iam_role_policy_attachment.additional_inline",
            "module.lambda-function-helloworld.aws_iam_role_policy_attachment.additional_json",
            "module.lambda-function-helloworld.aws_iam_role_policy_attachment.additional_jsons",
            "module.lambda-function-helloworld.aws_iam_role_policy_attachment.additional_many",
            "module.lambda-function-helloworld.aws_iam_role_policy_attachment.additional_one",
            "module.lambda-function-helloworld.aws_iam_role_policy_attachment.async",
            "module.lambda-function-helloworld.aws_iam_role_policy_attachment.dead_letter",
            "module.lambda-function-helloworld.aws_iam_role_policy_attachment.logs",
            "module.lambda-function-helloworld.aws_iam_role_policy_attachment.tracing",
            "module.lambda-function-helloworld.aws_iam_role_policy_attachment.vpc",
            "module.lambda-function-helloworld.aws_s3_object.lambda_package",
            "module.lambda-function-helloworld.data.aws_partition.current",
            "module.lambda-function-helloworld.data.external.archive_prepare",
            "module.lambda-function-helloworld.local_file.archive_plan",
            "module.lambda-function-helloworld.null_resource.archive"
          ]
        }
      ]
    },
    {
      "module": "module.lambda-function-helloworld",
      "mode": "managed",
      "type": "local_file",
      "name": "archive_plan",
      "provider": "provider[\"registry.terraform.io/hashicorp/local\"]",
      "instances": [
        {
          "index_key": 0,
          "schema_version": 0,
          "attributes": {
            "content": "{\"filename\": \"builds/996b8f4ad8bb441a815ad995560b21d0a6a689a5f3db67f545aaaf8ea2d3cff9.zip\", \"runtime\": \"go1.x\", \"artifacts_dir\": \"builds\", \"build_plan\": [[\"zip\", \"../src/bin/helloworld/helloworld\", null]]}",
            "content_base64": null,
            "content_base64sha256": "stBND3kmDnuGHlphLixq46DssWHqD/SAxPXXc5UdTME=",
            "content_base64sha512": "htbXXnrdQLgnMJ1CfX5XFEH5+sWkhsUD1qd+Mu5ZThk+LZf4evV63Jh1zH+eURoAaxVl/196RdUKcdr0VVR7Rw==",
            "content_md5": "f7e174bb97df5c823a00f5801bdac6d1",
            "content_sha1": "cd97f7ec4d4b2f7a6bc6444987bf8671cb786dab",
            "content_sha256": "b2d04d0f79260e7b861e5a612e2c6ae3a0ecb161ea0ff480c4f5d773951d4cc1",
            "content_sha512": "86d6d75e7add40b827309d427d7e571441f9fac5a486c503d6a77e32ee594e193e2d97f87af57adc9875cc7f9e511a006b1565ff5f7a45d50a71daf455547b47",
            "directory_permission": "0755",
            "file_permission": "0644",
            "filename": "builds/996b8f4ad8bb441a815ad995560b21d0a6a689a5f3db67f545aaaf8ea2d3cff9.plan.json",
            "id": "cd97f7ec4d4b2f7a6bc6444987bf8671cb786dab",
            "sensitive_content": null,
            "source": null
          },
          "sensitive_attributes": [],
          "dependencies": [
            "module.lambda-function-helloworld.data.external.archive_prepare"
          ]
        }
      ]
    },
    {
      "module": "module.lambda-function-helloworld",
      "mode": "managed",
      "type": "null_resource",
      "name": "archive",
      "provider": "provider[\"registry.terraform.io/hashicorp/null\"]",
      "instances": [
        {
          "index_key": 0,
          "schema_version": 0,
          "attributes": {
            "id": "9106231316560949899",
            "triggers": {
              "filename": "builds/996b8f4ad8bb441a815ad995560b21d0a6a689a5f3db67f545aaaf8ea2d3cff9.zip",
              "timestamp": "1707109431769526000"
            }
          },
          "sensitive_attributes": [],
          "dependencies": [
            "module.lambda-function-helloworld.data.external.archive_prepare",
            "module.lambda-function-helloworld.local_file.archive_plan"
          ]
        }
      ]
    },
    {
      "module": "module.lambda-function-helloworld-2",
      "mode": "data",
      "type": "aws_caller_identity",
      "name": "current",
      "provider": "provider[\"registry.terraform.io/hashicorp/aws\"]",
      "instances": [
        {
          "schema_version": 0,
          "attributes": {
            "account_id": "000000000000",
            "arn": "arn:aws:iam::000000000000:root",
            "id": "000000000000",
            "user_id": "AKIAIOSFODNN7EXAMPLE"
          },
          "sensitive_attributes": []
        }
      ]
    },
    {
      "module": "module.lambda-function-helloworld-2",
      "mode": "data",
      "type": "aws_iam_policy_document",
      "name": "assume_role",
      "provider": "provider[\"registry.terraform.io/hashicorp/aws\"]",
      "instances": [
        {
          "index_key": 0,
          "schema_version": 0,
          "attributes": {
            "id": "2690255455",
            "json": "{\n  \"Version\": \"2012-10-17\",\n  \"Statement\": [\n    {\n      \"Effect\": \"Allow\",\n      \"Action\": \"sts:AssumeRole\",\n      \"Principal\": {\n        \"Service\": \"lambda.amazonaws.com\"\n      }\n    }\n  ]\n}",
            "override_policy_documents": null,
            "policy_id": null,
            "source_policy_documents": null,
            "statement": [
              {
                "actions": [
                  "sts:AssumeRole"
                ],
                "condition": [],
                "effect": "Allow",
                "not_actions": [],
                "not_principals": [],
                "not_resources": [],
                "principals": [
                  {
                    "identifiers": [
                      "lambda.amazonaws.com"
                    ],
                    "type": "Service"
                  }
                ],
                "resources": [],
                "sid": ""
              }
            ],
            "version": "2012-10-17"
          },
          "sensitive_attributes": []
        }
      ]
    },
    {
      "module": "module.lambda-function-helloworld-2",
      "mode": "data",
      "type": "aws_iam_policy_document",
      "name": "logs",
      "provider": "provider[\"registry.terraform.io/hashicorp/aws\"]",
      "instances": [
        {
          "index_key": 0,
          "schema_version": 0,
          "attributes": {
            "id": "3799828792",
            "json": "{\n  \"Version\": \"2012-10-17\",\n  \"Statement\": [\n    {\n      \"Effect\": \"Allow\",\n      \"Action\": [\n        \"logs:PutLogEvents\",\n        \"logs:CreateLogStream\",\n        \"logs:CreateLogGroup\"\n      ],\n      \"Resource\": [\n        \"arn:aws:logs:us-east-1:000000000000:log-group:/aws/lambda/lambda-function-helloworld-2-default:*:*\",\n        \"arn:aws:logs:us-east-1:000000000000:log-group:/aws/lambda/lambda-function-helloworld-2-default:*\"\n      ]\n    }\n  ]\n}",
            "override_policy_documents": null,
            "policy_id": null,
            "source_policy_documents": null,
            "statement": [
              {
                "actions": [
                  "logs:CreateLogGroup",
                  "logs:CreateLogStream",
                  "logs:PutLogEvents"
                ],
                "condition": [],
                "effect": "Allow",
                "not_actions": [],
                "not_principals": [],
                "not_resources": [],
                "principals": [],
                "resources": [
                  "arn:aws:logs:us-east-1:000000000000:log-group:/aws/lambda/lambda-function-helloworld-2-default:*",
                  "arn:aws:logs:us-east-1:000000000000:log-group:/aws/lambda/lambda-function-helloworld-2-default:*:*"
                ],
                "sid": ""
              }
            ],
            "version": "2012-10-17"
          },
          "sensitive_attributes": []
        }
      ]
    },
    {
      "module": "module.lambda-function-helloworld-2",
      "mode": "data",
      "type": "aws_partition",
      "name": "current",
      "provider": "provider[\"registry.terraform.io/hashicorp/aws\"]",
      "instances": [
        {
          "schema_version": 0,
          "attributes": {
            "dns_suffix": "amazonaws.com",
            "id": "aws",
            "partition": "aws",
            "reverse_dns_prefix": "com.amazonaws"
          },
          "sensitive_attributes": []
        }
      ]
    },
    {
      "module": "module.lambda-function-helloworld-2",
      "mode": "data",
      "type": "aws_region",
      "name": "current",
      "provider": "provider[\"registry.terraform.io/hashicorp/aws\"]",
      "instances": [
        {
          "schema_version": 0,
          "attributes": {
            "description": "US East (N. Virginia)",
            "endpoint": "ec2.us-east-1.amazonaws.com",
            "id": "us-east-1",
            "name": "us-east-1"
          },
          "sensitive_attributes": []
        }
      ]
    },
    {
      "module": "module.lambda-function-helloworld-2",
      "mode": "data",
      "type": "external",
      "name": "archive_prepare",
      "provider": "provider[\"registry.terraform.io/hashicorp/external\"]",
      "instances": [
        {
          "index_key": 0,
          "schema_version": 0,
          "attributes": {
            "id": "-",
            "program": [
              "python3",
              ".terraform/modules/lambda-function-helloworld-2/package.py",
              "prepare"
            ],
            "query": {
              "artifacts_dir": "builds",
              "docker": null,
              "hash_extra": "",
              "hash_extra_paths": "[]",
              "paths": "{\"cwd\":\"/Users/johnosullivan/Desktop/tflocal-starter/terraform\",\"module\":\".terraform/modules/lambda-function-helloworld-2\",\"root\":\".\"}",
              "recreate_missing_package": "true",
              "runtime": "go1.x",
              "source_path": "\"../src/bin/helloworld2/helloworld2\""
            },
            "result": {
              "build_plan": "{\"filename\": \"builds/27f8ebb8887741e1e34d1d4dbf9eacd026d716d3aab877a5b4f93fd651c10c42.zip\", \"runtime\": \"go1.x\", \"artifacts_dir\": \"builds\", \"build_plan\": [[\"zip\", \"../src/bin/helloworld2/helloworld2\", null]]}",
              "build_plan_filename": "builds/27f8ebb8887741e1e34d1d4dbf9eacd026d716d3aab877a5b4f93fd651c10c42.plan.json",
              "filename": "builds/27f8ebb8887741e1e34d1d4dbf9eacd026d716d3aab877a5b4f93fd651c10c42.zip",
              "timestamp": "1707109286087755000",
              "was_missing": "false"
            },
            "working_dir": null
          },
          "sensitive_attributes": []
        }
      ]
    },
    {
      "module": "module.lambda-function-helloworld-2",
      "mode": "managed",
      "type": "aws_cloudwatch_log_group",
      "name": "lambda",
      "provider": "provider[\"registry.terraform.io/hashicorp/aws\"]",
      "instances": [
        {
          "index_key": 0,
          "schema_version": 0,
          "attributes": {
            "arn": "arn:aws:logs:us-east-1:000000000000:log-group:/aws/lambda/lambda-function-helloworld-2-default",
            "id": "/aws/lambda/lambda-function-helloworld-2-default",
            "kms_key_id": "",
            "log_group_class": "",
            "name": "/aws/lambda/lambda-function-helloworld-2-default",
            "name_prefix": "",
            "retention_in_days": 0,
            "skip_destroy": false,
            "tags": {
              "Environment": "default",
              "Name": "lambda-function-helloworld-2-default"
            },
            "tags_all": {
              "Environment": "default",
              "Name": "lambda-function-helloworld-2-default"
            }
          },
          "sensitive_attributes": [],
          "private": "bnVsbA=="
        }
      ]
    },
    {
      "module": "module.lambda-function-helloworld-2",
      "mode": "managed",
      "type": "aws_iam_policy",
      "name": "logs",
      "provider": "provider[\"registry.terraform.io/hashicorp/aws\"]",
      "instances": [
        {
          "index_key": 0,
          "schema_version": 0,
          "attributes": {
            "arn": "arn:aws:iam::000000000000:policy/lambda-function-helloworld-2-default-logs",
            "description": "",
            "id": "arn:aws:iam::000000000000:policy/lambda-function-helloworld-2-default-logs",
            "name": "lambda-function-helloworld-2-default-logs",
            "name_prefix": "",
            "path": "/",
            "policy": "{\"Statement\":[{\"Action\":[\"logs:PutLogEvents\",\"logs:CreateLogStream\",\"logs:CreateLogGroup\"],\"Effect\":\"Allow\",\"Resource\":[\"arn:aws:logs:us-east-1:000000000000:log-group:/aws/lambda/lambda-function-helloworld-2-default:*:*\",\"arn:aws:logs:us-east-1:000000000000:log-group:/aws/lambda/lambda-function-helloworld-2-default:*\"]}],\"Version\":\"2012-10-17\"}",
            "policy_id": "A5BRNO10VLLN3WR8FG5TV",
            "tags": {
              "Environment": "default",
              "Name": "lambda-function-helloworld-2-default"
            },
            "tags_all": {
              "Environment": "default",
              "Name": "lambda-function-helloworld-2-default"
            }
          },
          "sensitive_attributes": [],
          "private": "bnVsbA==",
          "dependencies": [
            "module.lambda-function-helloworld-2.aws_cloudwatch_log_group.lambda",
            "module.lambda-function-helloworld-2.data.aws_arn.log_group_arn",
            "module.lambda-function-helloworld-2.data.aws_cloudwatch_log_group.lambda",
            "module.lambda-function-helloworld-2.data.aws_iam_policy_document.logs"
          ]
        }
      ]
    },
    {
      "module": "module.lambda-function-helloworld-2",
      "mode": "managed",
      "type": "aws_iam_role",
      "name": "lambda",
      "provider": "provider[\"registry.terraform.io/hashicorp/aws\"]",
      "instances": [
        {
          "index_key": 0,
          "schema_version": 0,
          "attributes": {
            "arn": "arn:aws:iam::000000000000:role/lambda-function-helloworld-2-default",
            "assume_role_policy": "{\"Statement\":[{\"Action\":\"sts:AssumeRole\",\"Effect\":\"Allow\",\"Principal\":{\"Service\":\"lambda.amazonaws.com\"}}],\"Version\":\"2012-10-17\"}",
            "create_date": "2024-02-05T05:01:42Z",
            "description": "",
            "force_detach_policies": true,
            "id": "lambda-function-helloworld-2-default",
            "inline_policy": [],
            "managed_policy_arns": [
              "arn:aws:iam::000000000000:policy/lambda-function-helloworld-2-default-logs"
            ],
            "max_session_duration": 3600,
            "name": "lambda-function-helloworld-2-default",
            "name_prefix": "",
            "path": "/",
            "permissions_boundary": "",
            "tags": {
              "Environment": "default",
              "Name": "lambda-function-helloworld-2-default"
            },
            "tags_all": {
              "Environment": "default",
              "Name": "lambda-function-helloworld-2-default"
            },
            "unique_id": "AROAQAAAAAAADGAJBCKTJ"
          },
          "sensitive_attributes": [],
          "private": "bnVsbA==",
          "dependencies": [
            "module.lambda-function-helloworld-2.data.aws_iam_policy_document.assume_role"
          ]
        }
      ]
    },
    {
      "module": "module.lambda-function-helloworld-2",
      "mode": "managed",
      "type": "aws_iam_role_policy_attachment",
      "name": "logs",
      "provider": "provider[\"registry.terraform.io/hashicorp/aws\"]",
      "instances": [
        {
          "index_key": 0,
          "schema_version": 0,
          "attributes": {
            "id": "lambda-function-helloworld-2-default-20240205050142888600000001",
            "policy_arn": "arn:aws:iam::000000000000:policy/lambda-function-helloworld-2-default-logs",
            "role": "lambda-function-helloworld-2-default"
          },
          "sensitive_attributes": [],
          "private": "bnVsbA==",
          "dependencies": [
            "module.lambda-function-helloworld-2.aws_cloudwatch_log_group.lambda",
            "module.lambda-function-helloworld-2.aws_iam_policy.logs",
            "module.lambda-function-helloworld-2.aws_iam_role.lambda",
            "module.lambda-function-helloworld-2.data.aws_arn.log_group_arn",
            "module.lambda-function-helloworld-2.data.aws_cloudwatch_log_group.lambda",
            "module.lambda-function-helloworld-2.data.aws_iam_policy_document.assume_role",
            "module.lambda-function-helloworld-2.data.aws_iam_policy_document.logs"
          ]
        }
      ]
    },
    {
      "module": "module.lambda-function-helloworld-2",
      "mode": "managed",
      "type": "aws_lambda_function",
      "name": "this",
      "provider": "provider[\"registry.terraform.io/hashicorp/aws\"]",
      "instances": [
        {
          "index_key": 0,
          "schema_version": 0,
          "attributes": {
            "architectures": [
              "x86_64"
            ],
            "arn": "arn:aws:lambda:us-east-1:000000000000:function:lambda-function-helloworld-2-default",
            "code_signing_config_arn": "",
            "dead_letter_config": [],
            "description": "helloworld2 example lambda function",
            "environment": [],
            "ephemeral_storage": [
              {
                "size": 512
              }
            ],
            "file_system_config": [],
            "filename": "builds/27f8ebb8887741e1e34d1d4dbf9eacd026d716d3aab877a5b4f93fd651c10c42.zip",
            "function_name": "lambda-function-helloworld-2-default",
            "handler": "helloworld2",
            "id": "lambda-function-helloworld-2-default",
            "image_config": [],
            "image_uri": "",
            "invoke_arn": "arn:aws:apigateway:us-east-1:lambda:path/2015-03-31/functions/arn:aws:lambda:us-east-1:000000000000:function:lambda-function-helloworld-2-default/invocations",
            "kms_key_arn": "",
            "last_modified": "2024-02-05T05:03:58.912567+0000",
            "layers": [],
            "logging_config": [],
            "memory_size": 256,
            "package_type": "Zip",
            "publish": false,
            "qualified_arn": "arn:aws:lambda:us-east-1:000000000000:function:lambda-function-helloworld-2-default:$LATEST",
            "qualified_invoke_arn": "arn:aws:apigateway:us-east-1:lambda:path/2015-03-31/functions/arn:aws:lambda:us-east-1:000000000000:function:lambda-function-helloworld-2-default:$LATEST/invocations",
            "replace_security_groups_on_destroy": null,
            "replacement_security_group_ids": null,
            "reserved_concurrent_executions": -1,
            "role": "arn:aws:iam::000000000000:role/lambda-function-helloworld-2-default",
            "runtime": "go1.x",
            "s3_bucket": null,
            "s3_key": null,
            "s3_object_version": null,
            "signing_job_arn": "",
            "signing_profile_version_arn": "",
            "skip_destroy": false,
            "snap_start": [],
            "source_code_hash": "Z6hOkw4hY3XnNcI1HG8qFXXaOZy6DG1WmXydh6EGdrs=",
            "source_code_size": 5398207,
            "tags": {
              "Environment": "default",
              "Name": "lambda-function-helloworld-2-default"
            },
            "tags_all": {
              "Environment": "default",
              "Name": "lambda-function-helloworld-2-default"
            },
            "timeout": 60,
            "timeouts": null,
            "tracing_config": [
              {
                "mode": "PassThrough"
              }
            ],
            "version": "$LATEST",
            "vpc_config": []
          },
          "sensitive_attributes": [],
          "private": "eyJlMmJmYjczMC1lY2FhLTExZTYtOGY4OC0zNDM2M2JjN2M0YzAiOnsiY3JlYXRlIjo2MDAwMDAwMDAwMDAsImRlbGV0ZSI6NjAwMDAwMDAwMDAwLCJ1cGRhdGUiOjYwMDAwMDAwMDAwMH19",
          "dependencies": [
            "module.lambda-function-helloworld-2.aws_cloudwatch_log_group.lambda",
            "module.lambda-function-helloworld-2.aws_iam_role.lambda",
            "module.lambda-function-helloworld-2.aws_iam_role_policy_attachment.additional_inline",
            "module.lambda-function-helloworld-2.aws_iam_role_policy_attachment.additional_json",
            "module.lambda-function-helloworld-2.aws_iam_role_policy_attachment.additional_jsons",
            "module.lambda-function-helloworld-2.aws_iam_role_policy_attachment.additional_many",
            "module.lambda-function-helloworld-2.aws_iam_role_policy_attachment.additional_one",
            "module.lambda-function-helloworld-2.aws_iam_role_policy_attachment.async",
            "module.lambda-function-helloworld-2.aws_iam_role_policy_attachment.dead_letter",
            "module.lambda-function-helloworld-2.aws_iam_role_policy_attachment.logs",
            "module.lambda-function-helloworld-2.aws_iam_role_policy_attachment.tracing",
            "module.lambda-function-helloworld-2.aws_iam_role_policy_attachment.vpc",
            "module.lambda-function-helloworld-2.aws_s3_object.lambda_package",
            "module.lambda-function-helloworld-2.data.aws_partition.current",
            "module.lambda-function-helloworld-2.data.external.archive_prepare",
            "module.lambda-function-helloworld-2.null_resource.archive"
          ]
        }
      ]
    },
    {
      "module": "module.lambda-function-helloworld-2",
      "mode": "managed",
      "type": "local_file",
      "name": "archive_plan",
      "provider": "provider[\"registry.terraform.io/hashicorp/local\"]",
      "instances": [
        {
          "index_key": 0,
          "schema_version": 0,
          "attributes": {
            "content": "{\"filename\": \"builds/27f8ebb8887741e1e34d1d4dbf9eacd026d716d3aab877a5b4f93fd651c10c42.zip\", \"runtime\": \"go1.x\", \"artifacts_dir\": \"builds\", \"build_plan\": [[\"zip\", \"../src/bin/helloworld2/helloworld2\", null]]}",
            "content_base64": null,
            "content_base64sha256": "6RCZKMMQXqrfLG3Od543UAW62o05YEUUqKqTtYY7uik=",
            "content_base64sha512": "Tx/GmDyx787WcZtkPPn6Gaw5D/G5FtOfIa4/3ZshNGT4UgBopkAjmoehKlf/26ldkeEHPHW0INGg/U5F/P6+uA==",
            "content_md5": "93fd0801d32639230180ffcfa7588e76",
            "content_sha1": "b0c8ca73e4c32380f42e2d02d4c1d4a94280d5a3",
            "content_sha256": "e9109928c3105eaadf2c6dce779e375005bada8d39604514a8aa93b5863bba29",
            "content_sha512": "4f1fc6983cb1efced6719b643cf9fa19ac390ff1b916d39f21ae3fdd9b213464f8520068a640239a87a12a57ffdba95d91e1073c75b420d1a0fd4e45fcfebeb8",
            "directory_permission": "0755",
            "file_permission": "0644",
            "filename": "builds/27f8ebb8887741e1e34d1d4dbf9eacd026d716d3aab877a5b4f93fd651c10c42.plan.json",
            "id": "b0c8ca73e4c32380f42e2d02d4c1d4a94280d5a3",
            "sensitive_content": null,
            "source": null
          },
          "sensitive_attributes": [],
          "dependencies": [
            "module.lambda-function-helloworld-2.data.external.archive_prepare"
          ]
        }
      ]
    },
    {
      "module": "module.lambda-function-helloworld-2",
      "mode": "managed",
      "type": "null_resource",
      "name": "archive",
      "provider": "provider[\"registry.terraform.io/hashicorp/null\"]",
      "instances": [
        {
          "index_key": 0,
          "schema_version": 0,
          "attributes": {
            "id": "937628969956005650",
            "triggers": {
              "filename": "builds/27f8ebb8887741e1e34d1d4dbf9eacd026d716d3aab877a5b4f93fd651c10c42.zip",
              "timestamp": "1707109286087755000"
            }
          },
          "sensitive_attributes": [],
          "dependencies": [
            "module.lambda-function-helloworld-2.data.external.archive_prepare",
            "module.lambda-function-helloworld-2.local_file.archive_plan"
          ]
        }
      ]
    }
  ],
  "check_results": null
}
