{
    "name": "@auth/presignup",
    "version": "0.0.1",
    "lockfileVersion": 2,
    "requires": true,
    "packages": {
        "": {
            "name": "@auth/presignup",
            "version": "0.0.1",
            "dependencies": {
                "@sentry/serverless": "^7.91.0"
            }
        },
        "node_modules/@sentry-internal/tracing": {
            "version": "7.91.0",
            "resolved": "https://registry.npmjs.org/@sentry-internal/tracing/-/tracing-7.91.0.tgz",
            "integrity": "sha512-JH5y6gs6BS0its7WF2DhySu7nkhPDfZcdpAXldxzIlJpqFkuwQKLU5nkYJpiIyZz1NHYYtW5aum2bV2oCOdDRA==",
            "dependencies": {
                "@sentry/core": "7.91.0",
                "@sentry/types": "7.91.0",
                "@sentry/utils": "7.91.0"
            },
            "engines": {
                "node": ">=8"
            }
        },
        "node_modules/@sentry/core": {
            "version": "7.91.0",
            "resolved": "https://registry.npmjs.org/@sentry/core/-/core-7.91.0.tgz",
            "integrity": "sha512-tu+gYq4JrTdrR+YSh5IVHF0fJi/Pi9y0HZ5H9HnYy+UMcXIotxf6hIEaC6ZKGeLWkGXffz2gKpQLe/g6vy/lPA==",
            "dependencies": {
                "@sentry/types": "7.91.0",
                "@sentry/utils": "7.91.0"
            },
            "engines": {
                "node": ">=8"
            }
        },
        "node_modules/@sentry/node": {
            "version": "7.91.0",
            "resolved": "https://registry.npmjs.org/@sentry/node/-/node-7.91.0.tgz",
            "integrity": "sha512-hTIfSQxD7L+AKIqyjoq8CWBRkEQrrMZmA3GSZgPI5JFWBHgO0HBo5TH/8TU81oEJh6kqqHAl2ObMhmcnaFqlzg==",
            "dependencies": {
                "@sentry-internal/tracing": "7.91.0",
                "@sentry/core": "7.91.0",
                "@sentry/types": "7.91.0",
                "@sentry/utils": "7.91.0",
                "https-proxy-agent": "^5.0.0"
            },
            "engines": {
                "node": ">=8"
            }
        },
        "node_modules/@sentry/serverless": {
            "version": "7.91.0",
            "resolved": "https://registry.npmjs.org/@sentry/serverless/-/serverless-7.91.0.tgz",
            "integrity": "sha512-h2SM2qxOqHb1IQR6WSa6SQUWPxZ86cxYRk17abFadh7xI3H1Lh0oajYr6Tgw321xLspNH6hG3SHgz8MqmGm1Tg==",
            "dependencies": {
                "@sentry/core": "7.91.0",
                "@sentry/node": "7.91.0",
                "@sentry/types": "7.91.0",
                "@sentry/utils": "7.91.0",
                "@types/aws-lambda": "^8.10.62",
                "@types/express": "^4.17.14"
            },
            "engines": {
                "node": ">=10"
            }
        },
        "node_modules/@sentry/types": {
            "version": "7.91.0",
            "resolved": "https://registry.npmjs.org/@sentry/types/-/types-7.91.0.tgz",
            "integrity": "sha512-bcQnb7J3P3equbCUc+sPuHog2Y47yGD2sCkzmnZBjvBT0Z1B4f36fI/5WjyZhTjLSiOdg3F2otwvikbMjmBDew==",
            "engines": {
                "node": ">=8"
            }
        },
        "node_modules/@sentry/utils": {
            "version": "7.91.0",
            "resolved": "https://registry.npmjs.org/@sentry/utils/-/utils-7.91.0.tgz",
            "integrity": "sha512-fvxjrEbk6T6Otu++Ax9ntlQ0sGRiwSC179w68aC3u26Wr30FAIRKqHTCCdc2jyWk7Gd9uWRT/cq+g8NG/8BfSg==",
            "dependencies": {
                "@sentry/types": "7.91.0"
            },
            "engines": {
                "node": ">=8"
            }
        },
        "node_modules/@types/aws-lambda": {
            "version": "8.10.130",
            "resolved": "https://registry.npmjs.org/@types/aws-lambda/-/aws-lambda-8.10.130.tgz",
            "integrity": "sha512-HxTfLeGvD1wTJqIGwcBCpNmHKenja+We1e0cuzeIDFfbEj3ixnlTInyPR/81zAe0Ss/Ip12rFK6XNeMLVucOSg=="
        },
        "node_modules/@types/body-parser": {
            "version": "1.19.5",
            "resolved": "https://registry.npmjs.org/@types/body-parser/-/body-parser-1.19.5.tgz",
            "integrity": "sha512-fB3Zu92ucau0iQ0JMCFQE7b/dv8Ot07NI3KaZIkIUNXq82k4eBAqUaneXfleGY9JWskeS9y+u0nXMyspcuQrCg==",
            "dependencies": {
                "@types/connect": "*",
                "@types/node": "*"
            }
        },
        "node_modules/@types/connect": {
            "version": "3.4.38",
            "resolved": "https://registry.npmjs.org/@types/connect/-/connect-3.4.38.tgz",
            "integrity": "sha512-K6uROf1LD88uDQqJCktA4yzL1YYAK6NgfsI0v/mTgyPKWsX1CnJ0XPSDhViejru1GcRkLWb8RlzFYJRqGUbaug==",
            "dependencies": {
                "@types/node": "*"
            }
        },
        "node_modules/@types/express": {
            "version": "4.17.21",
            "resolved": "https://registry.npmjs.org/@types/express/-/express-4.17.21.tgz",
            "integrity": "sha512-ejlPM315qwLpaQlQDTjPdsUFSc6ZsP4AN6AlWnogPjQ7CVi7PYF3YVz+CY3jE2pwYf7E/7HlDAN0rV2GxTG0HQ==",
            "dependencies": {
                "@types/body-parser": "*",
                "@types/express-serve-static-core": "^4.17.33",
                "@types/qs": "*",
                "@types/serve-static": "*"
            }
        },
        "node_modules/@types/express-serve-static-core": {
            "version": "4.17.41",
            "resolved": "https://registry.npmjs.org/@types/express-serve-static-core/-/express-serve-static-core-4.17.41.tgz",
            "integrity": "sha512-OaJ7XLaelTgrvlZD8/aa0vvvxZdUmlCn6MtWeB7TkiKW70BQLc9XEPpDLPdbo52ZhXUCrznlWdCHWxJWtdyajA==",
            "dependencies": {
                "@types/node": "*",
                "@types/qs": "*",
                "@types/range-parser": "*",
                "@types/send": "*"
            }
        },
        "node_modules/@types/http-errors": {
            "version": "2.0.4",
            "resolved": "https://registry.npmjs.org/@types/http-errors/-/http-errors-2.0.4.tgz",
            "integrity": "sha512-D0CFMMtydbJAegzOyHjtiKPLlvnm3iTZyZRSZoLq2mRhDdmLfIWOCYPfQJ4cu2erKghU++QvjcUjp/5h7hESpA=="
        },
        "node_modules/@types/mime": {
            "version": "1.3.5",
            "resolved": "https://registry.npmjs.org/@types/mime/-/mime-1.3.5.tgz",
            "integrity": "sha512-/pyBZWSLD2n0dcHE3hq8s8ZvcETHtEuF+3E7XVt0Ig2nvsVQXdghHVcEkIWjy9A0wKfTn97a/PSDYohKIlnP/w=="
        },
        "node_modules/@types/node": {
            "version": "20.10.5",
            "resolved": "https://registry.npmjs.org/@types/node/-/node-20.10.5.tgz",
            "integrity": "sha512-nNPsNE65wjMxEKI93yOP+NPGGBJz/PoN3kZsVLee0XMiJolxSekEVD8wRwBUBqkwc7UWop0edW50yrCQW4CyRw==",
            "dependencies": {
                "undici-types": "~5.26.4"
            }
        },
        "node_modules/@types/qs": {
            "version": "6.9.11",
            "resolved": "https://registry.npmjs.org/@types/qs/-/qs-6.9.11.tgz",
            "integrity": "sha512-oGk0gmhnEJK4Yyk+oI7EfXsLayXatCWPHary1MtcmbAifkobT9cM9yutG/hZKIseOU0MqbIwQ/u2nn/Gb+ltuQ=="
        },
        "node_modules/@types/range-parser": {
            "version": "1.2.7",
            "resolved": "https://registry.npmjs.org/@types/range-parser/-/range-parser-1.2.7.tgz",
            "integrity": "sha512-hKormJbkJqzQGhziax5PItDUTMAM9uE2XXQmM37dyd4hVM+5aVl7oVxMVUiVQn2oCQFN/LKCZdvSM0pFRqbSmQ=="
        },
        "node_modules/@types/send": {
            "version": "0.17.4",
            "resolved": "https://registry.npmjs.org/@types/send/-/send-0.17.4.tgz",
            "integrity": "sha512-x2EM6TJOybec7c52BX0ZspPodMsQUd5L6PRwOunVyVUhXiBSKf3AezDL8Dgvgt5o0UfKNfuA0eMLr2wLT4AiBA==",
            "dependencies": {
                "@types/mime": "^1",
                "@types/node": "*"
            }
        },
        "node_modules/@types/serve-static": {
            "version": "1.15.5",
            "resolved": "https://registry.npmjs.org/@types/serve-static/-/serve-static-1.15.5.tgz",
            "integrity": "sha512-PDRk21MnK70hja/YF8AHfC7yIsiQHn1rcXx7ijCFBX/k+XQJhQT/gw3xekXKJvx+5SXaMMS8oqQy09Mzvz2TuQ==",
            "dependencies": {
                "@types/http-errors": "*",
                "@types/mime": "*",
                "@types/node": "*"
            }
        },
        "node_modules/agent-base": {
            "version": "6.0.2",
            "resolved": "https://registry.npmjs.org/agent-base/-/agent-base-6.0.2.tgz",
            "integrity": "sha512-RZNwNclF7+MS/8bDg70amg32dyeZGZxiDuQmZxKLAlQjr3jGyLx+4Kkk58UO7D2QdgFIQCovuSuZESne6RG6XQ==",
            "dependencies": {
                "debug": "4"
            },
            "engines": {
                "node": ">= 6.0.0"
            }
        },
        "node_modules/debug": {
            "version": "4.3.4",
            "resolved": "https://registry.npmjs.org/debug/-/debug-4.3.4.tgz",
            "integrity": "sha512-PRWFHuSU3eDtQJPvnNY7Jcket1j0t5OuOsFzPPzsekD52Zl8qUfFIPEiswXqIvHWGVHOgX+7G/vCNNhehwxfkQ==",
            "dependencies": {
                "ms": "2.1.2"
            },
            "engines": {
                "node": ">=6.0"
            },
            "peerDependenciesMeta": {
                "supports-color": {
                    "optional": true
                }
            }
        },
        "node_modules/https-proxy-agent": {
            "version": "5.0.1",
            "resolved": "https://registry.npmjs.org/https-proxy-agent/-/https-proxy-agent-5.0.1.tgz",
            "integrity": "sha512-dFcAjpTQFgoLMzC2VwU+C/CbS7uRL0lWmxDITmqm7C+7F0Odmj6s9l6alZc6AELXhrnggM2CeWSXHGOdX2YtwA==",
            "dependencies": {
                "agent-base": "6",
                "debug": "4"
            },
            "engines": {
                "node": ">= 6"
            }
        },
        "node_modules/ms": {
            "version": "2.1.2",
            "resolved": "https://registry.npmjs.org/ms/-/ms-2.1.2.tgz",
            "integrity": "sha512-sGkPx+VjMtmA6MX27oA4FBFELFCZZ4S4XqeGOXCv68tT+jb3vk/RyaKWP0PTKyWtmLSM0b+adUTEvbs1PEaH2w=="
        },
        "node_modules/undici-types": {
            "version": "5.26.5",
            "resolved": "https://registry.npmjs.org/undici-types/-/undici-types-5.26.5.tgz",
            "integrity": "sha512-JlCMO+ehdEIKqlFxk6IfVoAUVmgz7cU7zD/h9XZ0qzeosSHmUJVOzSQvvYSYWXkFXC+IfLKSIffhv0sVZup6pA=="
        }
    },
    "dependencies": {
        "@sentry-internal/tracing": {
            "version": "7.91.0",
            "resolved": "https://registry.npmjs.org/@sentry-internal/tracing/-/tracing-7.91.0.tgz",
            "integrity": "sha512-JH5y6gs6BS0its7WF2DhySu7nkhPDfZcdpAXldxzIlJpqFkuwQKLU5nkYJpiIyZz1NHYYtW5aum2bV2oCOdDRA==",
            "requires": {
                "@sentry/core": "7.91.0",
                "@sentry/types": "7.91.0",
                "@sentry/utils": "7.91.0"
            }
        },
        "@sentry/core": {
            "version": "7.91.0",
            "resolved": "https://registry.npmjs.org/@sentry/core/-/core-7.91.0.tgz",
            "integrity": "sha512-tu+gYq4JrTdrR+YSh5IVHF0fJi/Pi9y0HZ5H9HnYy+UMcXIotxf6hIEaC6ZKGeLWkGXffz2gKpQLe/g6vy/lPA==",
            "requires": {
                "@sentry/types": "7.91.0",
                "@sentry/utils": "7.91.0"
            }
        },
        "@sentry/node": {
            "version": "7.91.0",
            "resolved": "https://registry.npmjs.org/@sentry/node/-/node-7.91.0.tgz",
            "integrity": "sha512-hTIfSQxD7L+AKIqyjoq8CWBRkEQrrMZmA3GSZgPI5JFWBHgO0HBo5TH/8TU81oEJh6kqqHAl2ObMhmcnaFqlzg==",
            "requires": {
                "@sentry-internal/tracing": "7.91.0",
                "@sentry/core": "7.91.0",
                "@sentry/types": "7.91.0",
                "@sentry/utils": "7.91.0",
                "https-proxy-agent": "^5.0.0"
            }
        },
        "@sentry/serverless": {
            "version": "7.91.0",
            "resolved": "https://registry.npmjs.org/@sentry/serverless/-/serverless-7.91.0.tgz",
            "integrity": "sha512-h2SM2qxOqHb1IQR6WSa6SQUWPxZ86cxYRk17abFadh7xI3H1Lh0oajYr6Tgw321xLspNH6hG3SHgz8MqmGm1Tg==",
            "requires": {
                "@sentry/core": "7.91.0",
                "@sentry/node": "7.91.0",
                "@sentry/types": "7.91.0",
                "@sentry/utils": "7.91.0",
                "@types/aws-lambda": "^8.10.62",
                "@types/express": "^4.17.14"
            }
        },
        "@sentry/types": {
            "version": "7.91.0",
            "resolved": "https://registry.npmjs.org/@sentry/types/-/types-7.91.0.tgz",
            "integrity": "sha512-bcQnb7J3P3equbCUc+sPuHog2Y47yGD2sCkzmnZBjvBT0Z1B4f36fI/5WjyZhTjLSiOdg3F2otwvikbMjmBDew=="
        },
        "@sentry/utils": {
            "version": "7.91.0",
            "resolved": "https://registry.npmjs.org/@sentry/utils/-/utils-7.91.0.tgz",
            "integrity": "sha512-fvxjrEbk6T6Otu++Ax9ntlQ0sGRiwSC179w68aC3u26Wr30FAIRKqHTCCdc2jyWk7Gd9uWRT/cq+g8NG/8BfSg==",
            "requires": {
                "@sentry/types": "7.91.0"
            }
        },
        "@types/aws-lambda": {
            "version": "8.10.130",
            "resolved": "https://registry.npmjs.org/@types/aws-lambda/-/aws-lambda-8.10.130.tgz",
            "integrity": "sha512-HxTfLeGvD1wTJqIGwcBCpNmHKenja+We1e0cuzeIDFfbEj3ixnlTInyPR/81zAe0Ss/Ip12rFK6XNeMLVucOSg=="
        },
        "@types/body-parser": {
            "version": "1.19.5",
            "resolved": "https://registry.npmjs.org/@types/body-parser/-/body-parser-1.19.5.tgz",
            "integrity": "sha512-fB3Zu92ucau0iQ0JMCFQE7b/dv8Ot07NI3KaZIkIUNXq82k4eBAqUaneXfleGY9JWskeS9y+u0nXMyspcuQrCg==",
            "requires": {
                "@types/connect": "*",
                "@types/node": "*"
            }
        },
        "@types/connect": {
            "version": "3.4.38",
            "resolved": "https://registry.npmjs.org/@types/connect/-/connect-3.4.38.tgz",
            "integrity": "sha512-K6uROf1LD88uDQqJCktA4yzL1YYAK6NgfsI0v/mTgyPKWsX1CnJ0XPSDhViejru1GcRkLWb8RlzFYJRqGUbaug==",
            "requires": {
                "@types/node": "*"
            }
        },
        "@types/express": {
            "version": "4.17.21",
            "resolved": "https://registry.npmjs.org/@types/express/-/express-4.17.21.tgz",
            "integrity": "sha512-ejlPM315qwLpaQlQDTjPdsUFSc6ZsP4AN6AlWnogPjQ7CVi7PYF3YVz+CY3jE2pwYf7E/7HlDAN0rV2GxTG0HQ==",
            "requires": {
                "@types/body-parser": "*",
                "@types/express-serve-static-core": "^4.17.33",
                "@types/qs": "*",
                "@types/serve-static": "*"
            }
        },
        "@types/express-serve-static-core": {
            "version": "4.17.41",
            "resolved": "https://registry.npmjs.org/@types/express-serve-static-core/-/express-serve-static-core-4.17.41.tgz",
            "integrity": "sha512-OaJ7XLaelTgrvlZD8/aa0vvvxZdUmlCn6MtWeB7TkiKW70BQLc9XEPpDLPdbo52ZhXUCrznlWdCHWxJWtdyajA==",
            "requires": {
                "@types/node": "*",
                "@types/qs": "*",
                "@types/range-parser": "*",
                "@types/send": "*"
            }
        },
        "@types/http-errors": {
            "version": "2.0.4",
            "resolved": "https://registry.npmjs.org/@types/http-errors/-/http-errors-2.0.4.tgz",
            "integrity": "sha512-D0CFMMtydbJAegzOyHjtiKPLlvnm3iTZyZRSZoLq2mRhDdmLfIWOCYPfQJ4cu2erKghU++QvjcUjp/5h7hESpA=="
        },
        "@types/mime": {
            "version": "1.3.5",
            "resolved": "https://registry.npmjs.org/@types/mime/-/mime-1.3.5.tgz",
            "integrity": "sha512-/pyBZWSLD2n0dcHE3hq8s8ZvcETHtEuF+3E7XVt0Ig2nvsVQXdghHVcEkIWjy9A0wKfTn97a/PSDYohKIlnP/w=="
        },
        "@types/node": {
            "version": "20.10.5",
            "resolved": "https://registry.npmjs.org/@types/node/-/node-20.10.5.tgz",
            "integrity": "sha512-nNPsNE65wjMxEKI93yOP+NPGGBJz/PoN3kZsVLee0XMiJolxSekEVD8wRwBUBqkwc7UWop0edW50yrCQW4CyRw==",
            "requires": {
                "undici-types": "~5.26.4"
            }
        },
        "@types/qs": {
            "version": "6.9.11",
            "resolved": "https://registry.npmjs.org/@types/qs/-/qs-6.9.11.tgz",
            "integrity": "sha512-oGk0gmhnEJK4Yyk+oI7EfXsLayXatCWPHary1MtcmbAifkobT9cM9yutG/hZKIseOU0MqbIwQ/u2nn/Gb+ltuQ=="
        },
        "@types/range-parser": {
            "version": "1.2.7",
            "resolved": "https://registry.npmjs.org/@types/range-parser/-/range-parser-1.2.7.tgz",
            "integrity": "sha512-hKormJbkJqzQGhziax5PItDUTMAM9uE2XXQmM37dyd4hVM+5aVl7oVxMVUiVQn2oCQFN/LKCZdvSM0pFRqbSmQ=="
        },
        "@types/send": {
            "version": "0.17.4",
            "resolved": "https://registry.npmjs.org/@types/send/-/send-0.17.4.tgz",
            "integrity": "sha512-x2EM6TJOybec7c52BX0ZspPodMsQUd5L6PRwOunVyVUhXiBSKf3AezDL8Dgvgt5o0UfKNfuA0eMLr2wLT4AiBA==",
            "requires": {
                "@types/mime": "^1",
                "@types/node": "*"
            }
        },
        "@types/serve-static": {
            "version": "1.15.5",
            "resolved": "https://registry.npmjs.org/@types/serve-static/-/serve-static-1.15.5.tgz",
            "integrity": "sha512-PDRk21MnK70hja/YF8AHfC7yIsiQHn1rcXx7ijCFBX/k+XQJhQT/gw3xekXKJvx+5SXaMMS8oqQy09Mzvz2TuQ==",
            "requires": {
                "@types/http-errors": "*",
                "@types/mime": "*",
                "@types/node": "*"
            }
        },
        "agent-base": {
            "version": "6.0.2",
            "resolved": "https://registry.npmjs.org/agent-base/-/agent-base-6.0.2.tgz",
            "integrity": "sha512-RZNwNclF7+MS/8bDg70amg32dyeZGZxiDuQmZxKLAlQjr3jGyLx+4Kkk58UO7D2QdgFIQCovuSuZESne6RG6XQ==",
            "requires": {
                "debug": "4"
            }
        },
        "debug": {
            "version": "4.3.4",
            "resolved": "https://registry.npmjs.org/debug/-/debug-4.3.4.tgz",
            "integrity": "sha512-PRWFHuSU3eDtQJPvnNY7Jcket1j0t5OuOsFzPPzsekD52Zl8qUfFIPEiswXqIvHWGVHOgX+7G/vCNNhehwxfkQ==",
            "requires": {
                "ms": "2.1.2"
            }
        },
        "https-proxy-agent": {
            "version": "5.0.1",
            "resolved": "https://registry.npmjs.org/https-proxy-agent/-/https-proxy-agent-5.0.1.tgz",
            "integrity": "sha512-dFcAjpTQFgoLMzC2VwU+C/CbS7uRL0lWmxDITmqm7C+7F0Odmj6s9l6alZc6AELXhrnggM2CeWSXHGOdX2YtwA==",
            "requires": {
                "agent-base": "6",
                "debug": "4"
            }
        },
        "ms": {
            "version": "2.1.2",
            "resolved": "https://registry.npmjs.org/ms/-/ms-2.1.2.tgz",
            "integrity": "sha512-sGkPx+VjMtmA6MX27oA4FBFELFCZZ4S4XqeGOXCv68tT+jb3vk/RyaKWP0PTKyWtmLSM0b+adUTEvbs1PEaH2w=="
        },
        "undici-types": {
            "version": "5.26.5",
            "resolved": "https://registry.npmjs.org/undici-types/-/undici-types-5.26.5.tgz",
            "integrity": "sha512-JlCMO+ehdEIKqlFxk6IfVoAUVmgz7cU7zD/h9XZ0qzeosSHmUJVOzSQvvYSYWXkFXC+IfLKSIffhv0sVZup6pA=="
        }
    }
}
